<?xml version="1.0" encoding="utf-8"?>
<Project ToolsVersion="14.0" xmlns="http://schemas.microsoft.com/developer/msbuild/2003">
  <ItemGroup>
    <ClCompile Include="..\..\actor-framework\libcaf_openssl\src\manager.cpp">
      <Filter>Source Files</Filter>
    </ClCompile>
    <ClCompile Include="..\..\actor-framework\libcaf_openssl\src\middleman_actor.cpp">
      <Filter>Source Files</Filter>
    </ClCompile>
    <ClCompile Include="..\..\actor-framework\libcaf_openssl\src\publish.cpp">
      <Filter>Source Files</Filter>
    </ClCompile>
    <ClCompile Include="..\..\actor-framework\libcaf_openssl\src\remote_actor.cpp">
      <Filter>Source Files</Filter>
    </ClCompile>
    <ClCompile Include="..\..\actor-framework\libcaf_openssl\src\session.cpp">
      <Filter>Source Files</Filter>
    </ClCompile>
  </ItemGroup>
  <ItemGroup>
    <ClInclude Include="..\..\actor-framework\libcaf_openssl\caf\openssl\all.hpp">
      <Filter>Header Files</Filter>
    </ClInclude>
    <ClInclude Include="..\..\actor-framework\libcaf_openssl\caf\openssl\manager.hpp">
      <Filter>Header Files</Filter>
    </ClInclude>
    <ClInclude Include="..\..\actor-framework\libcaf_openssl\caf\openssl\middleman_actor.hpp">
      <Filter>Header Files</Filter>
    </ClInclude>
    <ClInclude Include="..\..\actor-framework\libcaf_openssl\caf\openssl\publish.hpp">
      <Filter>Header Files</Filter>
    </ClInclude>
    <ClInclude Include="..\..\actor-framework\libcaf_openssl\caf\openssl\remote_actor.hpp">
      <Filter>Header Files</Filter>
    </ClInclude>
    <ClInclude Include="..\..\actor-framework\libcaf_openssl\caf\openssl\session.hpp">
      <Filter>Header Files</Filter>
    </ClInclude>
    <ClInclude Include="..\..\actor-framework\libcaf_openssl\caf\openssl\unpublish.hpp">
      <Filter>Header Files</Filter>
    </ClInclude>
  </ItemGroup>
  <ItemGroup>
    <Filter Include="Header Files">
      <UniqueIdentifier>{205FB83D-5DDC-3B90-A4C5-290DFB4364C3}</UniqueIdentifier>
    </Filter>
    <Filter Include="Source Files">
      <UniqueIdentifier>{A4970476-3497-344E-92E4-4A76C03930E7}</UniqueIdentifier>
    </Filter>
  </ItemGroup>
</Project>