Microsoft Visual Studio Solution File, Format Version 12.00
# Visual Studio 14
Project("{8BC9CEB8-8B4A-11D0-8D11-00A0C91BC942}") = "ALL_BUILD", "ALL_BUILD.vcxproj", "{FC8DD866-A964-348C-9CED-326A52822979}"
	ProjectSection(ProjectDependencies) = postProject
		{A7046867-95EE-364B-93C6-DE1DA206535A} = {A7046867-95EE-364B-93C6-DE1DA206535A}
		{B54A022D-6D08-311A-8D60-28F33D66937C} = {B54A022D-6D08-311A-8D60-28F33D66937C}
		{E8B277BA-3F9D-3321-B3AF-688B415C36F7} = {E8B277BA-3F9D-3321-B3AF-688B415C36F7}
		{78B91762-706B-36BE-96BD-0342F573CF10} = {78B91762-706B-36BE-96BD-0342F573CF10}
		{985344C4-92A4-38DA-970A-7AEDABB8FB46} = {985344C4-92A4-38DA-970A-7AEDABB8FB46}
		{17C9B12E-B3F2-3A65-BD2C-11143228C071} = {17C9B12E-B3F2-3A65-BD2C-11143228C071}
		{93A2F0C4-C964-32F7-B725-C19A58B853AC} = {93A2F0C4-C964-32F7-B725-C19A58B853AC}
		{8078B071-0623-3B41-B8F8-2227B62AFA16} = {8078B071-0623-3B41-B8F8-2227B62AFA16}
		{A8D5FAB5-1DF3-3CDC-8D3B-367E3022A4B7} = {A8D5FAB5-1DF3-3CDC-8D3B-367E3022A4B7}
		{E7EFA775-F013-372A-8520-D223E32DF335} = {E7EFA775-F013-372A-8520-D223E32DF335}
		{DCD18225-F1F7-33AF-B640-558CDC6F155F} = {DCD18225-F1F7-33AF-B640-558CDC6F155F}
		{C22EFC01-F834-37C1-AA87-7541C3DE9C8A} = {C22EFC01-F834-37C1-AA87-7541C3DE9C8A}
		{FCD400BB-184D-35BE-8B47-1BEE72E38BFE} = {FCD400BB-184D-35BE-8B47-1BEE72E38BFE}
		{3EB8D8A1-2ED9-3655-8208-F1DDDFBDF8CA} = {3EB8D8A1-2ED9-3655-8208-F1DDDFBDF8CA}
		{94F36B84-C576-35F2-BE7C-1D675EBC8430} = {94F36B84-C576-35F2-BE7C-1D675EBC8430}
		{B7A9EF12-518E-3143-BE3B-9894E9547764} = {B7A9EF12-518E-3143-BE3B-9894E9547764}
		{F454D86F-B114-3695-95BC-E0269EF78238} = {F454D86F-B114-3695-95BC-E0269EF78238}
		{AC50E253-45B8-333A-8948-9E7B6C45E430} = {AC50E253-45B8-333A-8948-9E7B6C45E430}
		{BE670540-4F2D-3081-8D08-8F47C9D90A59} = {BE670540-4F2D-3081-8D08-8F47C9D90A59}
		{2422802D-9B94-39FB-A17A-AADB7657DC24} = {2422802D-9B94-39FB-A17A-AADB7657DC24}
		{3C7E2362-C1B2-3599-BD54-8B9ACBF6EC49} = {3C7E2362-C1B2-3599-BD54-8B9ACBF6EC49}
		{F21F51AC-5FA9-3E43-AF31-EE0DFCF7A412} = {F21F51AC-5FA9-3E43-AF31-EE0DFCF7A412}
		{3EF17813-82C7-3C39-A971-B1674890C720} = {3EF17813-82C7-3C39-A971-B1674890C720}
		{B9EB57D1-AD4C-3FFF-BA16-52D83C8E6960} = {B9EB57D1-AD4C-3FFF-BA16-52D83C8E6960}
		{8671357D-2301-3920-B2F2-564AF01B6E94} = {8671357D-2301-3920-B2F2-564AF01B6E94}
		{3EBFBC64-8957-3196-A6D6-0D0818CAE416} = {3EBFBC64-8957-3196-A6D6-0D0818CAE416}
	EndProjectSection
EndProject
Project("{8BC9CEB8-8B4A-11D0-8D11-00A0C91BC942}") = "INSTALL", "INSTALL.vcxproj", "{46C20ACD-0758-3159-9994-D77B0638FBD5}"
	ProjectSection(ProjectDependencies) = postProject
		{FC8DD866-A964-348C-9CED-326A52822979} = {FC8DD866-A964-348C-9CED-326A52822979}
		{A7046867-95EE-364B-93C6-DE1DA206535A} = {A7046867-95EE-364B-93C6-DE1DA206535A}
	EndProjectSection
EndProject
Project("{8BC9CEB8-8B4A-11D0-8D11-00A0C91BC942}") = "RUN_TESTS", "RUN_TESTS.vcxproj", "{A8E89607-BE54-340D-BA02-80409242D08E}"
	ProjectSection(ProjectDependencies) = postProject
		{A7046867-95EE-364B-93C6-DE1DA206535A} = {A7046867-95EE-364B-93C6-DE1DA206535A}
	EndProjectSection
EndProject
Project("{8BC9CEB8-8B4A-11D0-8D11-00A0C91BC942}") = "ZERO_CHECK", "..\\ZERO_CHECK.vcxproj", "{A7046867-95EE-364B-93C6-DE1DA206535A}"
	ProjectSection(ProjectDependencies) = postProject
	EndProjectSection
EndProject
Project("{8BC9CEB8-8B4A-11D0-8D11-00A0C91BC942}") = "all_examples", "all_examples.vcxproj", "{E4C9460C-CC3F-333B-8BF6-0EF1D17E6BA5}"
	ProjectSection(ProjectDependencies) = postProject
		{A7046867-95EE-364B-93C6-DE1DA206535A} = {A7046867-95EE-364B-93C6-DE1DA206535A}
	EndProjectSection
EndProject
Project("{8BC9CEB8-8B4A-11D0-8D11-00A0C91BC942}") = "aout", "aout.vcxproj", "{B54A022D-6D08-311A-8D60-28F33D66937C}"
	ProjectSection(ProjectDependencies) = postProject
		{A7046867-95EE-364B-93C6-DE1DA206535A} = {A7046867-95EE-364B-93C6-DE1DA206535A}
		{E4C9460C-CC3F-333B-8BF6-0EF1D17E6BA5} = {E4C9460C-CC3F-333B-8BF6-0EF1D17E6BA5}
		{4C583A1B-B5F8-3073-AA73-AC548C214975} = {4C583A1B-B5F8-3073-AA73-AC548C214975}
		{FC76BF7F-AD3E-37EE-8ED2-2186AE2FF302} = {FC76BF7F-AD3E-37EE-8ED2-2186AE2FF302}
		{8A78026C-B48B-3364-9EE1-C68C6D0168BD} = {8A78026C-B48B-3364-9EE1-C68C6D0168BD}
	EndProjectSection
EndProject
Project("{8BC9CEB8-8B4A-11D0-8D11-00A0C91BC942}") = "calculator", "calculator.vcxproj", "{E8B277BA-3F9D-3321-B3AF-688B415C36F7}"
	ProjectSection(ProjectDependencies) = postProject
		{A7046867-95EE-364B-93C6-DE1DA206535A} = {A7046867-95EE-364B-93C6-DE1DA206535A}
		{E4C9460C-CC3F-333B-8BF6-0EF1D17E6BA5} = {E4C9460C-CC3F-333B-8BF6-0EF1D17E6BA5}
		{4C583A1B-B5F8-3073-AA73-AC548C214975} = {4C583A1B-B5F8-3073-AA73-AC548C214975}
		{FC76BF7F-AD3E-37EE-8ED2-2186AE2FF302} = {FC76BF7F-AD3E-37EE-8ED2-2186AE2FF302}
		{8A78026C-B48B-3364-9EE1-C68C6D0168BD} = {8A78026C-B48B-3364-9EE1-C68C6D0168BD}
	EndProjectSection
EndProject
Project("{8BC9CEB8-8B4A-11D0-8D11-00A0C91BC942}") = "calculator_behavior", "calculator_behavior.vcxproj", "{78B91762-706B-36BE-96BD-0342F573CF10}"
	ProjectSection(ProjectDependencies) = postProject
		{A7046867-95EE-364B-93C6-DE1DA206535A} = {A7046867-95EE-364B-93C6-DE1DA206535A}
		{E4C9460C-CC3F-333B-8BF6-0EF1D17E6BA5} = {E4C9460C-CC3F-333B-8BF6-0EF1D17E6BA5}
		{4C583A1B-B5F8-3073-AA73-AC548C214975} = {4C583A1B-B5F8-3073-AA73-AC548C214975}
		{FC76BF7F-AD3E-37EE-8ED2-2186AE2FF302} = {FC76BF7F-AD3E-37EE-8ED2-2186AE2FF302}
		{8A78026C-B48B-3364-9EE1-C68C6D0168BD} = {8A78026C-B48B-3364-9EE1-C68C6D0168BD}
	EndProjectSection
EndProject
Project("{8BC9CEB8-8B4A-11D0-8D11-00A0C91BC942}") = "cell", "cell.vcxproj", "{985344C4-92A4-38DA-970A-7AEDABB8FB46}"
	ProjectSection(ProjectDependencies) = postProject
		{A7046867-95EE-364B-93C6-DE1DA206535A} = {A7046867-95EE-364B-93C6-DE1DA206535A}
		{E4C9460C-CC3F-333B-8BF6-0EF1D17E6BA5} = {E4C9460C-CC3F-333B-8BF6-0EF1D17E6BA5}
		{4C583A1B-B5F8-3073-AA73-AC548C214975} = {4C583A1B-B5F8-3073-AA73-AC548C214975}
		{FC76BF7F-AD3E-37EE-8ED2-2186AE2FF302} = {FC76BF7F-AD3E-37EE-8ED2-2186AE2FF302}
		{8A78026C-B48B-3364-9EE1-C68C6D0168BD} = {8A78026C-B48B-3364-9EE1-C68C6D0168BD}
	EndProjectSection
EndProject
Project("{8BC9CEB8-8B4A-11D0-8D11-00A0C91BC942}") = "custom_types_1", "custom_types_1.vcxproj", "{17C9B12E-B3F2-3A65-BD2C-11143228C071}"
	ProjectSection(ProjectDependencies) = postProject
		{A7046867-95EE-364B-93C6-DE1DA206535A} = {A7046867-95EE-364B-93C6-DE1DA206535A}
		{E4C9460C-CC3F-333B-8BF6-0EF1D17E6BA5} = {E4C9460C-CC3F-333B-8BF6-0EF1D17E6BA5}
		{4C583A1B-B5F8-3073-AA73-AC548C214975} = {4C583A1B-B5F8-3073-AA73-AC548C214975}
		{FC76BF7F-AD3E-37EE-8ED2-2186AE2FF302} = {FC76BF7F-AD3E-37EE-8ED2-2186AE2FF302}
		{8A78026C-B48B-3364-9EE1-C68C6D0168BD} = {8A78026C-B48B-3364-9EE1-C68C6D0168BD}
	EndProjectSection
EndProject
Project("{8BC9CEB8-8B4A-11D0-8D11-00A0C91BC942}") = "custom_types_2", "custom_types_2.vcxproj", "{93A2F0C4-C964-32F7-B725-C19A58B853AC}"
	ProjectSection(ProjectDependencies) = postProject
		{A7046867-95EE-364B-93C6-DE1DA206535A} = {A7046867-95EE-364B-93C6-DE1DA206535A}
		{E4C9460C-CC3F-333B-8BF6-0EF1D17E6BA5} = {E4C9460C-CC3F-333B-8BF6-0EF1D17E6BA5}
		{4C583A1B-B5F8-3073-AA73-AC548C214975} = {4C583A1B-B5F8-3073-AA73-AC548C214975}
		{FC76BF7F-AD3E-37EE-8ED2-2186AE2FF302} = {FC76BF7F-AD3E-37EE-8ED2-2186AE2FF302}
		{8A78026C-B48B-3364-9EE1-C68C6D0168BD} = {8A78026C-B48B-3364-9EE1-C68C6D0168BD}
	EndProjectSection
EndProject
Project("{8BC9CEB8-8B4A-11D0-8D11-00A0C91BC942}") = "custom_types_3", "custom_types_3.vcxproj", "{8078B071-0623-3B41-B8F8-2227B62AFA16}"
	ProjectSection(ProjectDependencies) = postProject
		{A7046867-95EE-364B-93C6-DE1DA206535A} = {A7046867-95EE-364B-93C6-DE1DA206535A}
		{E4C9460C-CC3F-333B-8BF6-0EF1D17E6BA5} = {E4C9460C-CC3F-333B-8BF6-0EF1D17E6BA5}
		{4C583A1B-B5F8-3073-AA73-AC548C214975} = {4C583A1B-B5F8-3073-AA73-AC548C214975}
		{FC76BF7F-AD3E-37EE-8ED2-2186AE2FF302} = {FC76BF7F-AD3E-37EE-8ED2-2186AE2FF302}
		{8A78026C-B48B-3364-9EE1-C68C6D0168BD} = {8A78026C-B48B-3364-9EE1-C68C6D0168BD}
	EndProjectSection
EndProject
Project("{8BC9CEB8-8B4A-11D0-8D11-00A0C91BC942}") = "dancing_kirby", "dancing_kirby.vcxproj", "{A8D5FAB5-1DF3-3CDC-8D3B-367E3022A4B7}"
	ProjectSection(ProjectDependencies) = postProject
		{A7046867-95EE-364B-93C6-DE1DA206535A} = {A7046867-95EE-364B-93C6-DE1DA206535A}
		{E4C9460C-CC3F-333B-8BF6-0EF1D17E6BA5} = {E4C9460C-CC3F-333B-8BF6-0EF1D17E6BA5}
		{4C583A1B-B5F8-3073-AA73-AC548C214975} = {4C583A1B-B5F8-3073-AA73-AC548C214975}
		{FC76BF7F-AD3E-37EE-8ED2-2186AE2FF302} = {FC76BF7F-AD3E-37EE-8ED2-2186AE2FF302}
		{8A78026C-B48B-3364-9EE1-C68C6D0168BD} = {8A78026C-B48B-3364-9EE1-C68C6D0168BD}
	EndProjectSection
EndProject
Project("{8BC9CEB8-8B4A-11D0-8D11-00A0C91BC942}") = "delegating", "delegating.vcxproj", "{E7EFA775-F013-372A-8520-D223E32DF335}"
	ProjectSection(ProjectDependencies) = postProject
		{A7046867-95EE-364B-93C6-DE1DA206535A} = {A7046867-95EE-364B-93C6-DE1DA206535A}
		{E4C9460C-CC3F-333B-8BF6-0EF1D17E6BA5} = {E4C9460C-CC3F-333B-8BF6-0EF1D17E6BA5}
		{4C583A1B-B5F8-3073-AA73-AC548C214975} = {4C583A1B-B5F8-3073-AA73-AC548C214975}
		{FC76BF7F-AD3E-37EE-8ED2-2186AE2FF302} = {FC76BF7F-AD3E-37EE-8ED2-2186AE2FF302}
		{8A78026C-B48B-3364-9EE1-C68C6D0168BD} = {8A78026C-B48B-3364-9EE1-C68C6D0168BD}
	EndProjectSection
EndProject
Project("{8BC9CEB8-8B4A-11D0-8D11-00A0C91BC942}") = "dictionary_behavior", "dictionary_behavior.vcxproj", "{DCD18225-F1F7-33AF-B640-558CDC6F155F}"
	ProjectSection(ProjectDependencies) = postProject
		{A7046867-95EE-364B-93C6-DE1DA206535A} = {A7046867-95EE-364B-93C6-DE1DA206535A}
		{E4C9460C-CC3F-333B-8BF6-0EF1D17E6BA5} = {E4C9460C-CC3F-333B-8BF6-0EF1D17E6BA5}
		{4C583A1B-B5F8-3073-AA73-AC548C214975} = {4C583A1B-B5F8-3073-AA73-AC548C214975}
		{FC76BF7F-AD3E-37EE-8ED2-2186AE2FF302} = {FC76BF7F-AD3E-37EE-8ED2-2186AE2FF302}
		{8A78026C-B48B-3364-9EE1-C68C6D0168BD} = {8A78026C-B48B-3364-9EE1-C68C6D0168BD}
	EndProjectSection
EndProject
Project("{8BC9CEB8-8B4A-11D0-8D11-00A0C91BC942}") = "dining_philosophers", "dining_philosophers.vcxproj", "{C22EFC01-F834-37C1-AA87-7541C3DE9C8A}"
	ProjectSection(ProjectDependencies) = postProject
		{A7046867-95EE-364B-93C6-DE1DA206535A} = {A7046867-95EE-364B-93C6-DE1DA206535A}
		{E4C9460C-CC3F-333B-8BF6-0EF1D17E6BA5} = {E4C9460C-CC3F-333B-8BF6-0EF1D17E6BA5}
		{4C583A1B-B5F8-3073-AA73-AC548C214975} = {4C583A1B-B5F8-3073-AA73-AC548C214975}
		{FC76BF7F-AD3E-37EE-8ED2-2186AE2FF302} = {FC76BF7F-AD3E-37EE-8ED2-2186AE2FF302}
		{8A78026C-B48B-3364-9EE1-C68C6D0168BD} = {8A78026C-B48B-3364-9EE1-C68C6D0168BD}
	EndProjectSection
EndProject
Project("{8BC9CEB8-8B4A-11D0-8D11-00A0C91BC942}") = "distributed_calculator", "distributed_calculator.vcxproj", "{FCD400BB-184D-35BE-8B47-1BEE72E38BFE}"
	ProjectSection(ProjectDependencies) = postProject
		{A7046867-95EE-364B-93C6-DE1DA206535A} = {A7046867-95EE-364B-93C6-DE1DA206535A}
		{E4C9460C-CC3F-333B-8BF6-0EF1D17E6BA5} = {E4C9460C-CC3F-333B-8BF6-0EF1D17E6BA5}
		{4C583A1B-B5F8-3073-AA73-AC548C214975} = {4C583A1B-B5F8-3073-AA73-AC548C214975}
		{FC76BF7F-AD3E-37EE-8ED2-2186AE2FF302} = {FC76BF7F-AD3E-37EE-8ED2-2186AE2FF302}
		{8A78026C-B48B-3364-9EE1-C68C6D0168BD} = {8A78026C-B48B-3364-9EE1-C68C6D0168BD}
	EndProjectSection
EndProject
Project("{8BC9CEB8-8B4A-11D0-8D11-00A0C91BC942}") = "divider", "divider.vcxproj", "{3EB8D8A1-2ED9-3655-8208-F1DDDFBDF8CA}"
	ProjectSection(ProjectDependencies) = postProject
		{A7046867-95EE-364B-93C6-DE1DA206535A} = {A7046867-95EE-364B-93C6-DE1DA206535A}
		{E4C9460C-CC3F-333B-8BF6-0EF1D17E6BA5} = {E4C9460C-CC3F-333B-8BF6-0EF1D17E6BA5}
		{4C583A1B-B5F8-3073-AA73-AC548C214975} = {4C583A1B-B5F8-3073-AA73-AC548C214975}
		{FC76BF7F-AD3E-37EE-8ED2-2186AE2FF302} = {FC76BF7F-AD3E-37EE-8ED2-2186AE2FF302}
		{8A78026C-B48B-3364-9EE1-C68C6D0168BD} = {8A78026C-B48B-3364-9EE1-C68C6D0168BD}
	EndProjectSection
EndProject
Project("{8BC9CEB8-8B4A-11D0-8D11-00A0C91BC942}") = "fixed_stack", "fixed_stack.vcxproj", "{94F36B84-C576-35F2-BE7C-1D675EBC8430}"
	ProjectSection(ProjectDependencies) = postProject
		{A7046867-95EE-364B-93C6-DE1DA206535A} = {A7046867-95EE-364B-93C6-DE1DA206535A}
		{E4C9460C-CC3F-333B-8BF6-0EF1D17E6BA5} = {E4C9460C-CC3F-333B-8BF6-0EF1D17E6BA5}
		{4C583A1B-B5F8-3073-AA73-AC548C214975} = {4C583A1B-B5F8-3073-AA73-AC548C214975}
		{FC76BF7F-AD3E-37EE-8ED2-2186AE2FF302} = {FC76BF7F-AD3E-37EE-8ED2-2186AE2FF302}
		{8A78026C-B48B-3364-9EE1-C68C6D0168BD} = {8A78026C-B48B-3364-9EE1-C68C6D0168BD}
	EndProjectSection
EndProject
Project("{8BC9CEB8-8B4A-11D0-8D11-00A0C91BC942}") = "group_chat", "group_chat.vcxproj", "{B7A9EF12-518E-3143-BE3B-9894E9547764}"
	ProjectSection(ProjectDependencies) = postProject
		{A7046867-95EE-364B-93C6-DE1DA206535A} = {A7046867-95EE-364B-93C6-DE1DA206535A}
		{E4C9460C-CC3F-333B-8BF6-0EF1D17E6BA5} = {E4C9460C-CC3F-333B-8BF6-0EF1D17E6BA5}
		{4C583A1B-B5F8-3073-AA73-AC548C214975} = {4C583A1B-B5F8-3073-AA73-AC548C214975}
		{FC76BF7F-AD3E-37EE-8ED2-2186AE2FF302} = {FC76BF7F-AD3E-37EE-8ED2-2186AE2FF302}
		{8A78026C-B48B-3364-9EE1-C68C6D0168BD} = {8A78026C-B48B-3364-9EE1-C68C6D0168BD}
	EndProjectSection
EndProject
Project("{8BC9CEB8-8B4A-11D0-8D11-00A0C91BC942}") = "group_server", "group_server.vcxproj", "{F454D86F-B114-3695-95BC-E0269EF78238}"
	ProjectSection(ProjectDependencies) = postProject
		{A7046867-95EE-364B-93C6-DE1DA206535A} = {A7046867-95EE-364B-93C6-DE1DA206535A}
		{E4C9460C-CC3F-333B-8BF6-0EF1D17E6BA5} = {E4C9460C-CC3F-333B-8BF6-0EF1D17E6BA5}
		{4C583A1B-B5F8-3073-AA73-AC548C214975} = {4C583A1B-B5F8-3073-AA73-AC548C214975}
		{FC76BF7F-AD3E-37EE-8ED2-2186AE2FF302} = {FC76BF7F-AD3E-37EE-8ED2-2186AE2FF302}
		{8A78026C-B48B-3364-9EE1-C68C6D0168BD} = {8A78026C-B48B-3364-9EE1-C68C6D0168BD}
	EndProjectSection
EndProject
Project("{8BC9CEB8-8B4A-11D0-8D11-00A0C91BC942}") = "hello_world", "hello_world.vcxproj", "{AC50E253-45B8-333A-8948-9E7B6C45E430}"
	ProjectSection(ProjectDependencies) = postProject
		{A7046867-95EE-364B-93C6-DE1DA206535A} = {A7046867-95EE-364B-93C6-DE1DA206535A}
		{E4C9460C-CC3F-333B-8BF6-0EF1D17E6BA5} = {E4C9460C-CC3F-333B-8BF6-0EF1D17E6BA5}
		{4C583A1B-B5F8-3073-AA73-AC548C214975} = {4C583A1B-B5F8-3073-AA73-AC548C214975}
		{FC76BF7F-AD3E-37EE-8ED2-2186AE2FF302} = {FC76BF7F-AD3E-37EE-8ED2-2186AE2FF302}
		{8A78026C-B48B-3364-9EE1-C68C6D0168BD} = {8A78026C-B48B-3364-9EE1-C68C6D0168BD}
	EndProjectSection
EndProject
Project("{8BC9CEB8-8B4A-11D0-8D11-00A0C91BC942}") = "integer_stream", "integer_stream.vcxproj", "{BE670540-4F2D-3081-8D08-8F47C9D90A59}"
	ProjectSection(ProjectDependencies) = postProject
		{A7046867-95EE-364B-93C6-DE1DA206535A} = {A7046867-95EE-364B-93C6-DE1DA206535A}
		{E4C9460C-CC3F-333B-8BF6-0EF1D17E6BA5} = {E4C9460C-CC3F-333B-8BF6-0EF1D17E6BA5}
		{4C583A1B-B5F8-3073-AA73-AC548C214975} = {4C583A1B-B5F8-3073-AA73-AC548C214975}
		{FC76BF7F-AD3E-37EE-8ED2-2186AE2FF302} = {FC76BF7F-AD3E-37EE-8ED2-2186AE2FF302}
		{8A78026C-B48B-3364-9EE1-C68C6D0168BD} = {8A78026C-B48B-3364-9EE1-C68C6D0168BD}
	EndProjectSection
EndProject
Project("{8BC9CEB8-8B4A-11D0-8D11-00A0C91BC942}") = "libcaf_core", "..\libcaf_core\libcaf_core.vcxproj", "{FA7CC46B-02C0-345F-8994-1F3D4A9E9007}"
	ProjectSection(ProjectDependencies) = postProject
		{A7046867-95EE-364B-93C6-DE1DA206535A} = {A7046867-95EE-364B-93C6-DE1DA206535A}
	EndProjectSection
EndProject
Project("{8BC9CEB8-8B4A-11D0-8D11-00A0C91BC942}") = "libcaf_core_static", "..\libcaf_core\libcaf_core_static.vcxproj", "{4C583A1B-B5F8-3073-AA73-AC548C214975}"
	ProjectSection(ProjectDependencies) = postProject
		{A7046867-95EE-364B-93C6-DE1DA206535A} = {A7046867-95EE-364B-93C6-DE1DA206535A}
		{FA7CC46B-02C0-345F-8994-1F3D4A9E9007} = {FA7CC46B-02C0-345F-8994-1F3D4A9E9007}
	EndProjectSection
EndProject
Project("{8BC9CEB8-8B4A-11D0-8D11-00A0C91BC942}") = "libcaf_io", "..\libcaf_io\libcaf_io.vcxproj", "{8EE50FB2-1F06-38EF-B17A-FA24734FFD2A}"
	ProjectSection(ProjectDependencies) = postProject
		{A7046867-95EE-364B-93C6-DE1DA206535A} = {A7046867-95EE-364B-93C6-DE1DA206535A}
	EndProjectSection
EndProject
Project("{8BC9CEB8-8B4A-11D0-8D11-00A0C91BC942}") = "libcaf_io_static", "..\libcaf_io\libcaf_io_static.vcxproj", "{FC76BF7F-AD3E-37EE-8ED2-2186AE2FF302}"
	ProjectSection(ProjectDependencies) = postProject
		{A7046867-95EE-364B-93C6-DE1DA206535A} = {A7046867-95EE-364B-93C6-DE1DA206535A}
		{4C583A1B-B5F8-3073-AA73-AC548C214975} = {4C583A1B-B5F8-3073-AA73-AC548C214975}
		{8EE50FB2-1F06-38EF-B17A-FA24734FFD2A} = {8EE50FB2-1F06-38EF-B17A-FA24734FFD2A}
	EndProjectSection
EndProject
Project("{8BC9CEB8-8B4A-11D0-8D11-00A0C91BC942}") = "libcaf_openssl", "..\libcaf_openssl\libcaf_openssl.vcxproj", "{BAC0CB9C-4328-3438-A021-B23CFAF8AEDA}"
	ProjectSection(ProjectDependencies) = postProject
		{A7046867-95EE-364B-93C6-DE1DA206535A} = {A7046867-95EE-364B-93C6-DE1DA206535A}
	EndProjectSection
EndProject
Project("{8BC9CEB8-8B4A-11D0-8D11-00A0C91BC942}") = "libcaf_openssl_static", "..\libcaf_openssl\libcaf_openssl_static.vcxproj", "{8A78026C-B48B-3364-9EE1-C68C6D0168BD}"
	ProjectSection(ProjectDependencies) = postProject
		{A7046867-95EE-364B-93C6-DE1DA206535A} = {A7046867-95EE-364B-93C6-DE1DA206535A}
		{4C583A1B-B5F8-3073-AA73-AC548C214975} = {4C583A1B-B5F8-3073-AA73-AC548C214975}
		{FC76BF7F-AD3E-37EE-8ED2-2186AE2FF302} = {FC76BF7F-AD3E-37EE-8ED2-2186AE2FF302}
		{BAC0CB9C-4328-3438-A021-B23CFAF8AEDA} = {BAC0CB9C-4328-3438-A021-B23CFAF8AEDA}
	EndProjectSection
EndProject
Project("{8BC9CEB8-8B4A-11D0-8D11-00A0C91BC942}") = "promises", "promises.vcxproj", "{2422802D-9B94-39FB-A17A-AADB7657DC24}"
	ProjectSection(ProjectDependencies) = postProject
		{A7046867-95EE-364B-93C6-DE1DA206535A} = {A7046867-95EE-364B-93C6-DE1DA206535A}
		{E4C9460C-CC3F-333B-8BF6-0EF1D17E6BA5} = {E4C9460C-CC3F-333B-8BF6-0EF1D17E6BA5}
		{4C583A1B-B5F8-3073-AA73-AC548C214975} = {4C583A1B-B5F8-3073-AA73-AC548C214975}
		{FC76BF7F-AD3E-37EE-8ED2-2186AE2FF302} = {FC76BF7F-AD3E-37EE-8ED2-2186AE2FF302}
		{8A78026C-B48B-3364-9EE1-C68C6D0168BD} = {8A78026C-B48B-3364-9EE1-C68C6D0168BD}
	EndProjectSection
EndProject
Project("{8BC9CEB8-8B4A-11D0-8D11-00A0C91BC942}") = "remote_spawn", "remote_spawn.vcxproj", "{3C7E2362-C1B2-3599-BD54-8B9ACBF6EC49}"
	ProjectSection(ProjectDependencies) = postProject
		{A7046867-95EE-364B-93C6-DE1DA206535A} = {A7046867-95EE-364B-93C6-DE1DA206535A}
		{E4C9460C-CC3F-333B-8BF6-0EF1D17E6BA5} = {E4C9460C-CC3F-333B-8BF6-0EF1D17E6BA5}
		{4C583A1B-B5F8-3073-AA73-AC548C214975} = {4C583A1B-B5F8-3073-AA73-AC548C214975}
		{FC76BF7F-AD3E-37EE-8ED2-2186AE2FF302} = {FC76BF7F-AD3E-37EE-8ED2-2186AE2FF302}
		{8A78026C-B48B-3364-9EE1-C68C6D0168BD} = {8A78026C-B48B-3364-9EE1-C68C6D0168BD}
	EndProjectSection
EndProject
Project("{8BC9CEB8-8B4A-11D0-8D11-00A0C91BC942}") = "request", "request.vcxproj", "{F21F51AC-5FA9-3E43-AF31-EE0DFCF7A412}"
	ProjectSection(ProjectDependencies) = postProject
		{A7046867-95EE-364B-93C6-DE1DA206535A} = {A7046867-95EE-364B-93C6-DE1DA206535A}
		{E4C9460C-CC3F-333B-8BF6-0EF1D17E6BA5} = {E4C9460C-CC3F-333B-8BF6-0EF1D17E6BA5}
		{4C583A1B-B5F8-3073-AA73-AC548C214975} = {4C583A1B-B5F8-3073-AA73-AC548C214975}
		{FC76BF7F-AD3E-37EE-8ED2-2186AE2FF302} = {FC76BF7F-AD3E-37EE-8ED2-2186AE2FF302}
		{8A78026C-B48B-3364-9EE1-C68C6D0168BD} = {8A78026C-B48B-3364-9EE1-C68C6D0168BD}
	EndProjectSection
EndProject
Project("{8BC9CEB8-8B4A-11D0-8D11-00A0C91BC942}") = "simple_broker", "simple_broker.vcxproj", "{3EF17813-82C7-3C39-A971-B1674890C720}"
	ProjectSection(ProjectDependencies) = postProject
		{A7046867-95EE-364B-93C6-DE1DA206535A} = {A7046867-95EE-364B-93C6-DE1DA206535A}
		{E4C9460C-CC3F-333B-8BF6-0EF1D17E6BA5} = {E4C9460C-CC3F-333B-8BF6-0EF1D17E6BA5}
		{4C583A1B-B5F8-3073-AA73-AC548C214975} = {4C583A1B-B5F8-3073-AA73-AC548C214975}
		{FC76BF7F-AD3E-37EE-8ED2-2186AE2FF302} = {FC76BF7F-AD3E-37EE-8ED2-2186AE2FF302}
		{8A78026C-B48B-3364-9EE1-C68C6D0168BD} = {8A78026C-B48B-3364-9EE1-C68C6D0168BD}
	EndProjectSection
EndProject
Project("{8BC9CEB8-8B4A-11D0-8D11-00A0C91BC942}") = "simple_http_broker", "simple_http_broker.vcxproj", "{B9EB57D1-AD4C-3FFF-BA16-52D83C8E6960}"
	ProjectSection(ProjectDependencies) = postProject
		{A7046867-95EE-364B-93C6-DE1DA206535A} = {A7046867-95EE-364B-93C6-DE1DA206535A}
		{E4C9460C-CC3F-333B-8BF6-0EF1D17E6BA5} = {E4C9460C-CC3F-333B-8BF6-0EF1D17E6BA5}
		{4C583A1B-B5F8-3073-AA73-AC548C214975} = {4C583A1B-B5F8-3073-AA73-AC548C214975}
		{FC76BF7F-AD3E-37EE-8ED2-2186AE2FF302} = {FC76BF7F-AD3E-37EE-8ED2-2186AE2FF302}
		{8A78026C-B48B-3364-9EE1-C68C6D0168BD} = {8A78026C-B48B-3364-9EE1-C68C6D0168BD}
	EndProjectSection
EndProject
Project("{8BC9CEB8-8B4A-11D0-8D11-00A0C91BC942}") = "skip_messages", "skip_messages.vcxproj", "{8671357D-2301-3920-B2F2-564AF01B6E94}"
	ProjectSection(ProjectDependencies) = postProject
		{A7046867-95EE-364B-93C6-DE1DA206535A} = {A7046867-95EE-364B-93C6-DE1DA206535A}
		{E4C9460C-CC3F-333B-8BF6-0EF1D17E6BA5} = {E4C9460C-CC3F-333B-8BF6-0EF1D17E6BA5}
		{4C583A1B-B5F8-3073-AA73-AC548C214975} = {4C583A1B-B5F8-3073-AA73-AC548C214975}
		{FC76BF7F-AD3E-37EE-8ED2-2186AE2FF302} = {FC76BF7F-AD3E-37EE-8ED2-2186AE2FF302}
		{8A78026C-B48B-3364-9EE1-C68C6D0168BD} = {8A78026C-B48B-3364-9EE1-C68C6D0168BD}
	EndProjectSection
EndProject
Project("{8BC9CEB8-8B4A-11D0-8D11-00A0C91BC942}") = "typed_calculator", "typed_calculator.vcxproj", "{3EBFBC64-8957-3196-A6D6-0D0818CAE416}"
	ProjectSection(ProjectDependencies) = postProject
		{A7046867-95EE-364B-93C6-DE1DA206535A} = {A7046867-95EE-364B-93C6-DE1DA206535A}
		{E4C9460C-CC3F-333B-8BF6-0EF1D17E6BA5} = {E4C9460C-CC3F-333B-8BF6-0EF1D17E6BA5}
		{4C583A1B-B5F8-3073-AA73-AC548C214975} = {4C583A1B-B5F8-3073-AA73-AC548C214975}
		{FC76BF7F-AD3E-37EE-8ED2-2186AE2FF302} = {FC76BF7F-AD3E-37EE-8ED2-2186AE2FF302}
		{8A78026C-B48B-3364-9EE1-C68C6D0168BD} = {8A78026C-B48B-3364-9EE1-C68C6D0168BD}
	EndProjectSection
EndProject
Global
	GlobalSection(SolutionConfigurationPlatforms) = preSolution
		Debug|Win32 = Debug|Win32
		Release|Win32 = Release|Win32
		MinSizeRel|Win32 = MinSizeRel|Win32
		RelWithDebInfo|Win32 = RelWithDebInfo|Win32
	EndGlobalSection
	GlobalSection(ProjectConfigurationPlatforms) = postSolution
		{FC8DD866-A964-348C-9CED-326A52822979}.Debug|Win32.ActiveCfg = Debug|Win32
		{FC8DD866-A964-348C-9CED-326A52822979}.Debug|Win32.Build.0 = Debug|Win32
		{FC8DD866-A964-348C-9CED-326A52822979}.Release|Win32.ActiveCfg = Release|Win32
		{FC8DD866-A964-348C-9CED-326A52822979}.Release|Win32.Build.0 = Release|Win32
		{FC8DD866-A964-348C-9CED-326A52822979}.MinSizeRel|Win32.ActiveCfg = MinSizeRel|Win32
		{FC8DD866-A964-348C-9CED-326A52822979}.MinSizeRel|Win32.Build.0 = MinSizeRel|Win32
		{FC8DD866-A964-348C-9CED-326A52822979}.RelWithDebInfo|Win32.ActiveCfg = RelWithDebInfo|Win32
		{FC8DD866-A964-348C-9CED-326A52822979}.RelWithDebInfo|Win32.Build.0 = RelWithDebInfo|Win32
		{46C20ACD-0758-3159-9994-D77B0638FBD5}.Debug|Win32.ActiveCfg = Debug|Win32
		{46C20ACD-0758-3159-9994-D77B0638FBD5}.Release|Win32.ActiveCfg = Release|Win32
		{46C20ACD-0758-3159-9994-D77B0638FBD5}.MinSizeRel|Win32.ActiveCfg = MinSizeRel|Win32
		{46C20ACD-0758-3159-9994-D77B0638FBD5}.RelWithDebInfo|Win32.ActiveCfg = RelWithDebInfo|Win32
		{A8E89607-BE54-340D-BA02-80409242D08E}.Debug|Win32.ActiveCfg = Debug|Win32
		{A8E89607-BE54-340D-BA02-80409242D08E}.Release|Win32.ActiveCfg = Release|Win32
		{A8E89607-BE54-340D-BA02-80409242D08E}.MinSizeRel|Win32.ActiveCfg = MinSizeRel|Win32
		{A8E89607-BE54-340D-BA02-80409242D08E}.RelWithDebInfo|Win32.ActiveCfg = RelWithDebInfo|Win32
		{A7046867-95EE-364B-93C6-DE1DA206535A}.Debug|Win32.ActiveCfg = Debug|Win32
		{A7046867-95EE-364B-93C6-DE1DA206535A}.Debug|Win32.Build.0 = Debug|Win32
		{A7046867-95EE-364B-93C6-DE1DA206535A}.Release|Win32.ActiveCfg = Release|Win32
		{A7046867-95EE-364B-93C6-DE1DA206535A}.Release|Win32.Build.0 = Release|Win32
		{A7046867-95EE-364B-93C6-DE1DA206535A}.MinSizeRel|Win32.ActiveCfg = MinSizeRel|Win32
		{A7046867-95EE-364B-93C6-DE1DA206535A}.MinSizeRel|Win32.Build.0 = MinSizeRel|Win32
		{A7046867-95EE-364B-93C6-DE1DA206535A}.RelWithDebInfo|Win32.ActiveCfg = RelWithDebInfo|Win32
		{A7046867-95EE-364B-93C6-DE1DA206535A}.RelWithDebInfo|Win32.Build.0 = RelWithDebInfo|Win32
		{E4C9460C-CC3F-333B-8BF6-0EF1D17E6BA5}.Debug|Win32.ActiveCfg = Debug|Win32
		{E4C9460C-CC3F-333B-8BF6-0EF1D17E6BA5}.Debug|Win32.Build.0 = Debug|Win32
		{E4C9460C-CC3F-333B-8BF6-0EF1D17E6BA5}.Release|Win32.ActiveCfg = Release|Win32
		{E4C9460C-CC3F-333B-8BF6-0EF1D17E6BA5}.Release|Win32.Build.0 = Release|Win32
		{E4C9460C-CC3F-333B-8BF6-0EF1D17E6BA5}.MinSizeRel|Win32.ActiveCfg = MinSizeRel|Win32
		{E4C9460C-CC3F-333B-8BF6-0EF1D17E6BA5}.MinSizeRel|Win32.Build.0 = MinSizeRel|Win32
		{E4C9460C-CC3F-333B-8BF6-0EF1D17E6BA5}.RelWithDebInfo|Win32.ActiveCfg = RelWithDebInfo|Win32
		{E4C9460C-CC3F-333B-8BF6-0EF1D17E6BA5}.RelWithDebInfo|Win32.Build.0 = RelWithDebInfo|Win32
		{B54A022D-6D08-311A-8D60-28F33D66937C}.Debug|Win32.ActiveCfg = Debug|Win32
		{B54A022D-6D08-311A-8D60-28F33D66937C}.Debug|Win32.Build.0 = Debug|Win32
		{B54A022D-6D08-311A-8D60-28F33D66937C}.Release|Win32.ActiveCfg = Release|Win32
		{B54A022D-6D08-311A-8D60-28F33D66937C}.Release|Win32.Build.0 = Release|Win32
		{B54A022D-6D08-311A-8D60-28F33D66937C}.MinSizeRel|Win32.ActiveCfg = MinSizeRel|Win32
		{B54A022D-6D08-311A-8D60-28F33D66937C}.MinSizeRel|Win32.Build.0 = MinSizeRel|Win32
		{B54A022D-6D08-311A-8D60-28F33D66937C}.RelWithDebInfo|Win32.ActiveCfg = RelWithDebInfo|Win32
		{B54A022D-6D08-311A-8D60-28F33D66937C}.RelWithDebInfo|Win32.Build.0 = RelWithDebInfo|Win32
		{E8B277BA-3F9D-3321-B3AF-688B415C36F7}.Debug|Win32.ActiveCfg = Debug|Win32
		{E8B277BA-3F9D-3321-B3AF-688B415C36F7}.Debug|Win32.Build.0 = Debug|Win32
		{E8B277BA-3F9D-3321-B3AF-688B415C36F7}.Release|Win32.ActiveCfg = Release|Win32
		{E8B277BA-3F9D-3321-B3AF-688B415C36F7}.Release|Win32.Build.0 = Release|Win32
		{E8B277BA-3F9D-3321-B3AF-688B415C36F7}.MinSizeRel|Win32.ActiveCfg = MinSizeRel|Win32
		{E8B277BA-3F9D-3321-B3AF-688B415C36F7}.MinSizeRel|Win32.Build.0 = MinSizeRel|Win32
		{E8B277BA-3F9D-3321-B3AF-688B415C36F7}.RelWithDebInfo|Win32.ActiveCfg = RelWithDebInfo|Win32
		{E8B277BA-3F9D-3321-B3AF-688B415C36F7}.RelWithDebInfo|Win32.Build.0 = RelWithDebInfo|Win32
		{78B91762-706B-36BE-96BD-0342F573CF10}.Debug|Win32.ActiveCfg = Debug|Win32
		{78B91762-706B-36BE-96BD-0342F573CF10}.Debug|Win32.Build.0 = Debug|Win32
		{78B91762-706B-36BE-96BD-0342F573CF10}.Release|Win32.ActiveCfg = Release|Win32
		{78B91762-706B-36BE-96BD-0342F573CF10}.Release|Win32.Build.0 = Release|Win32
		{78B91762-706B-36BE-96BD-0342F573CF10}.MinSizeRel|Win32.ActiveCfg = MinSizeRel|Win32
		{78B91762-706B-36BE-96BD-0342F573CF10}.MinSizeRel|Win32.Build.0 = MinSizeRel|Win32
		{78B91762-706B-36BE-96BD-0342F573CF10}.RelWithDebInfo|Win32.ActiveCfg = RelWithDebInfo|Win32
		{78B91762-706B-36BE-96BD-0342F573CF10}.RelWithDebInfo|Win32.Build.0 = RelWithDebInfo|Win32
		{985344C4-92A4-38DA-970A-7AEDABB8FB46}.Debug|Win32.ActiveCfg = Debug|Win32
		{985344C4-92A4-38DA-970A-7AEDABB8FB46}.Debug|Win32.Build.0 = Debug|Win32
		{985344C4-92A4-38DA-970A-7AEDABB8FB46}.Release|Win32.ActiveCfg = Release|Win32
		{985344C4-92A4-38DA-970A-7AEDABB8FB46}.Release|Win32.Build.0 = Release|Win32
		{985344C4-92A4-38DA-970A-7AEDABB8FB46}.MinSizeRel|Win32.ActiveCfg = MinSizeRel|Win32
		{985344C4-92A4-38DA-970A-7AEDABB8FB46}.MinSizeRel|Win32.Build.0 = MinSizeRel|Win32
		{985344C4-92A4-38DA-970A-7AEDABB8FB46}.RelWithDebInfo|Win32.ActiveCfg = RelWithDebInfo|Win32
		{985344C4-92A4-38DA-970A-7AEDABB8FB46}.RelWithDebInfo|Win32.Build.0 = RelWithDebInfo|Win32
		{17C9B12E-B3F2-3A65-BD2C-11143228C071}.Debug|Win32.ActiveCfg = Debug|Win32
		{17C9B12E-B3F2-3A65-BD2C-11143228C071}.Debug|Win32.Build.0 = Debug|Win32
		{17C9B12E-B3F2-3A65-BD2C-11143228C071}.Release|Win32.ActiveCfg = Release|Win32
		{17C9B12E-B3F2-3A65-BD2C-11143228C071}.Release|Win32.Build.0 = Release|Win32
		{17C9B12E-B3F2-3A65-BD2C-11143228C071}.MinSizeRel|Win32.ActiveCfg = MinSizeRel|Win32
		{17C9B12E-B3F2-3A65-BD2C-11143228C071}.MinSizeRel|Win32.Build.0 = MinSizeRel|Win32
		{17C9B12E-B3F2-3A65-BD2C-11143228C071}.RelWithDebInfo|Win32.ActiveCfg = RelWithDebInfo|Win32
		{17C9B12E-B3F2-3A65-BD2C-11143228C071}.RelWithDebInfo|Win32.Build.0 = RelWithDebInfo|Win32
		{93A2F0C4-C964-32F7-B725-C19A58B853AC}.Debug|Win32.ActiveCfg = Debug|Win32
		{93A2F0C4-C964-32F7-B725-C19A58B853AC}.Debug|Win32.Build.0 = Debug|Win32
		{93A2F0C4-C964-32F7-B725-C19A58B853AC}.Release|Win32.ActiveCfg = Release|Win32
		{93A2F0C4-C964-32F7-B725-C19A58B853AC}.Release|Win32.Build.0 = Release|Win32
		{93A2F0C4-C964-32F7-B725-C19A58B853AC}.MinSizeRel|Win32.ActiveCfg = MinSizeRel|Win32
		{93A2F0C4-C964-32F7-B725-C19A58B853AC}.MinSizeRel|Win32.Build.0 = MinSizeRel|Win32
		{93A2F0C4-C964-32F7-B725-C19A58B853AC}.RelWithDebInfo|Win32.ActiveCfg = RelWithDebInfo|Win32
		{93A2F0C4-C964-32F7-B725-C19A58B853AC}.RelWithDebInfo|Win32.Build.0 = RelWithDebInfo|Win32
		{8078B071-0623-3B41-B8F8-2227B62AFA16}.Debug|Win32.ActiveCfg = Debug|Win32
		{8078B071-0623-3B41-B8F8-2227B62AFA16}.Debug|Win32.Build.0 = Debug|Win32
		{8078B071-0623-3B41-B8F8-2227B62AFA16}.Release|Win32.ActiveCfg = Release|Win32
		{8078B071-0623-3B41-B8F8-2227B62AFA16}.Release|Win32.Build.0 = Release|Win32
		{8078B071-0623-3B41-B8F8-2227B62AFA16}.MinSizeRel|Win32.ActiveCfg = MinSizeRel|Win32
		{8078B071-0623-3B41-B8F8-2227B62AFA16}.MinSizeRel|Win32.Build.0 = MinSizeRel|Win32
		{8078B071-0623-3B41-B8F8-2227B62AFA16}.RelWithDebInfo|Win32.ActiveCfg = RelWithDebInfo|Win32
		{8078B071-0623-3B41-B8F8-2227B62AFA16}.RelWithDebInfo|Win32.Build.0 = RelWithDebInfo|Win32
		{A8D5FAB5-1DF3-3CDC-8D3B-367E3022A4B7}.Debug|Win32.ActiveCfg = Debug|Win32
		{A8D5FAB5-1DF3-3CDC-8D3B-367E3022A4B7}.Debug|Win32.Build.0 = Debug|Win32
		{A8D5FAB5-1DF3-3CDC-8D3B-367E3022A4B7}.Release|Win32.ActiveCfg = Release|Win32
		{A8D5FAB5-1DF3-3CDC-8D3B-367E3022A4B7}.Release|Win32.Build.0 = Release|Win32
		{A8D5FAB5-1DF3-3CDC-8D3B-367E3022A4B7}.MinSizeRel|Win32.ActiveCfg = MinSizeRel|Win32
		{A8D5FAB5-1DF3-3CDC-8D3B-367E3022A4B7}.MinSizeRel|Win32.Build.0 = MinSizeRel|Win32
		{A8D5FAB5-1DF3-3CDC-8D3B-367E3022A4B7}.RelWithDebInfo|Win32.ActiveCfg = RelWithDebInfo|Win32
		{A8D5FAB5-1DF3-3CDC-8D3B-367E3022A4B7}.RelWithDebInfo|Win32.Build.0 = RelWithDebInfo|Win32
		{E7EFA775-F013-372A-8520-D223E32DF335}.Debug|Win32.ActiveCfg = Debug|Win32
		{E7EFA775-F013-372A-8520-D223E32DF335}.Debug|Win32.Build.0 = Debug|Win32
		{E7EFA775-F013-372A-8520-D223E32DF335}.Release|Win32.ActiveCfg = Release|Win32
		{E7EFA775-F013-372A-8520-D223E32DF335}.Release|Win32.Build.0 = Release|Win32
		{E7EFA775-F013-372A-8520-D223E32DF335}.MinSizeRel|Win32.ActiveCfg = MinSizeRel|Win32
		{E7EFA775-F013-372A-8520-D223E32DF335}.MinSizeRel|Win32.Build.0 = MinSizeRel|Win32
		{E7EFA775-F013-372A-8520-D223E32DF335}.RelWithDebInfo|Win32.ActiveCfg = RelWithDebInfo|Win32
		{E7EFA775-F013-372A-8520-D223E32DF335}.RelWithDebInfo|Win32.Build.0 = RelWithDebInfo|Win32
		{DCD18225-F1F7-33AF-B640-558CDC6F155F}.Debug|Win32.ActiveCfg = Debug|Win32
		{DCD18225-F1F7-33AF-B640-558CDC6F155F}.Debug|Win32.Build.0 = Debug|Win32
		{DCD18225-F1F7-33AF-B640-558CDC6F155F}.Release|Win32.ActiveCfg = Release|Win32
		{DCD18225-F1F7-33AF-B640-558CDC6F155F}.Release|Win32.Build.0 = Release|Win32
		{DCD18225-F1F7-33AF-B640-558CDC6F155F}.MinSizeRel|Win32.ActiveCfg = MinSizeRel|Win32
		{DCD18225-F1F7-33AF-B640-558CDC6F155F}.MinSizeRel|Win32.Build.0 = MinSizeRel|Win32
		{DCD18225-F1F7-33AF-B640-558CDC6F155F}.RelWithDebInfo|Win32.ActiveCfg = RelWithDebInfo|Win32
		{DCD18225-F1F7-33AF-B640-558CDC6F155F}.RelWithDebInfo|Win32.Build.0 = RelWithDebInfo|Win32
		{C22EFC01-F834-37C1-AA87-7541C3DE9C8A}.Debug|Win32.ActiveCfg = Debug|Win32
		{C22EFC01-F834-37C1-AA87-7541C3DE9C8A}.Debug|Win32.Build.0 = Debug|Win32
		{C22EFC01-F834-37C1-AA87-7541C3DE9C8A}.Release|Win32.ActiveCfg = Release|Win32
		{C22EFC01-F834-37C1-AA87-7541C3DE9C8A}.Release|Win32.Build.0 = Release|Win32
		{C22EFC01-F834-37C1-AA87-7541C3DE9C8A}.MinSizeRel|Win32.ActiveCfg = MinSizeRel|Win32
		{C22EFC01-F834-37C1-AA87-7541C3DE9C8A}.MinSizeRel|Win32.Build.0 = MinSizeRel|Win32
		{C22EFC01-F834-37C1-AA87-7541C3DE9C8A}.RelWithDebInfo|Win32.ActiveCfg = RelWithDebInfo|Win32
		{C22EFC01-F834-37C1-AA87-7541C3DE9C8A}.RelWithDebInfo|Win32.Build.0 = RelWithDebInfo|Win32
		{FCD400BB-184D-35BE-8B47-1BEE72E38BFE}.Debug|Win32.ActiveCfg = Debug|Win32
		{FCD400BB-184D-35BE-8B47-1BEE72E38BFE}.Debug|Win32.Build.0 = Debug|Win32
		{FCD400BB-184D-35BE-8B47-1BEE72E38BFE}.Release|Win32.ActiveCfg = Release|Win32
		{FCD400BB-184D-35BE-8B47-1BEE72E38BFE}.Release|Win32.Build.0 = Release|Win32
		{FCD400BB-184D-35BE-8B47-1BEE72E38BFE}.MinSizeRel|Win32.ActiveCfg = MinSizeRel|Win32
		{FCD400BB-184D-35BE-8B47-1BEE72E38BFE}.MinSizeRel|Win32.Build.0 = MinSizeRel|Win32
		{FCD400BB-184D-35BE-8B47-1BEE72E38BFE}.RelWithDebInfo|Win32.ActiveCfg = RelWithDebInfo|Win32
		{FCD400BB-184D-35BE-8B47-1BEE72E38BFE}.RelWithDebInfo|Win32.Build.0 = RelWithDebInfo|Win32
		{3EB8D8A1-2ED9-3655-8208-F1DDDFBDF8CA}.Debug|Win32.ActiveCfg = Debug|Win32
		{3EB8D8A1-2ED9-3655-8208-F1DDDFBDF8CA}.Debug|Win32.Build.0 = Debug|Win32
		{3EB8D8A1-2ED9-3655-8208-F1DDDFBDF8CA}.Release|Win32.ActiveCfg = Release|Win32
		{3EB8D8A1-2ED9-3655-8208-F1DDDFBDF8CA}.Release|Win32.Build.0 = Release|Win32
		{3EB8D8A1-2ED9-3655-8208-F1DDDFBDF8CA}.MinSizeRel|Win32.ActiveCfg = MinSizeRel|Win32
		{3EB8D8A1-2ED9-3655-8208-F1DDDFBDF8CA}.MinSizeRel|Win32.Build.0 = MinSizeRel|Win32
		{3EB8D8A1-2ED9-3655-8208-F1DDDFBDF8CA}.RelWithDebInfo|Win32.ActiveCfg = RelWithDebInfo|Win32
		{3EB8D8A1-2ED9-3655-8208-F1DDDFBDF8CA}.RelWithDebInfo|Win32.Build.0 = RelWithDebInfo|Win32
		{94F36B84-C576-35F2-BE7C-1D675EBC8430}.Debug|Win32.ActiveCfg = Debug|Win32
		{94F36B84-C576-35F2-BE7C-1D675EBC8430}.Debug|Win32.Build.0 = Debug|Win32
		{94F36B84-C576-35F2-BE7C-1D675EBC8430}.Release|Win32.ActiveCfg = Release|Win32
		{94F36B84-C576-35F2-BE7C-1D675EBC8430}.Release|Win32.Build.0 = Release|Win32
		{94F36B84-C576-35F2-BE7C-1D675EBC8430}.MinSizeRel|Win32.ActiveCfg = MinSizeRel|Win32
		{94F36B84-C576-35F2-BE7C-1D675EBC8430}.MinSizeRel|Win32.Build.0 = MinSizeRel|Win32
		{94F36B84-C576-35F2-BE7C-1D675EBC8430}.RelWithDebInfo|Win32.ActiveCfg = RelWithDebInfo|Win32
		{94F36B84-C576-35F2-BE7C-1D675EBC8430}.RelWithDebInfo|Win32.Build.0 = RelWithDebInfo|Win32
		{B7A9EF12-518E-3143-BE3B-9894E9547764}.Debug|Win32.ActiveCfg = Debug|Win32
		{B7A9EF12-518E-3143-BE3B-9894E9547764}.Debug|Win32.Build.0 = Debug|Win32
		{B7A9EF12-518E-3143-BE3B-9894E9547764}.Release|Win32.ActiveCfg = Release|Win32
		{B7A9EF12-518E-3143-BE3B-9894E9547764}.Release|Win32.Build.0 = Release|Win32
		{B7A9EF12-518E-3143-BE3B-9894E9547764}.MinSizeRel|Win32.ActiveCfg = MinSizeRel|Win32
		{B7A9EF12-518E-3143-BE3B-9894E9547764}.MinSizeRel|Win32.Build.0 = MinSizeRel|Win32
		{B7A9EF12-518E-3143-BE3B-9894E9547764}.RelWithDebInfo|Win32.ActiveCfg = RelWithDebInfo|Win32
		{B7A9EF12-518E-3143-BE3B-9894E9547764}.RelWithDebInfo|Win32.Build.0 = RelWithDebInfo|Win32
		{F454D86F-B114-3695-95BC-E0269EF78238}.Debug|Win32.ActiveCfg = Debug|Win32
		{F454D86F-B114-3695-95BC-E0269EF78238}.Debug|Win32.Build.0 = Debug|Win32
		{F454D86F-B114-3695-95BC-E0269EF78238}.Release|Win32.ActiveCfg = Release|Win32
		{F454D86F-B114-3695-95BC-E0269EF78238}.Release|Win32.Build.0 = Release|Win32
		{F454D86F-B114-3695-95BC-E0269EF78238}.MinSizeRel|Win32.ActiveCfg = MinSizeRel|Win32
		{F454D86F-B114-3695-95BC-E0269EF78238}.MinSizeRel|Win32.Build.0 = MinSizeRel|Win32
		{F454D86F-B114-3695-95BC-E0269EF78238}.RelWithDebInfo|Win32.ActiveCfg = RelWithDebInfo|Win32
		{F454D86F-B114-3695-95BC-E0269EF78238}.RelWithDebInfo|Win32.Build.0 = RelWithDebInfo|Win32
		{AC50E253-45B8-333A-8948-9E7B6C45E430}.Debug|Win32.ActiveCfg = Debug|Win32
		{AC50E253-45B8-333A-8948-9E7B6C45E430}.Debug|Win32.Build.0 = Debug|Win32
		{AC50E253-45B8-333A-8948-9E7B6C45E430}.Release|Win32.ActiveCfg = Release|Win32
		{AC50E253-45B8-333A-8948-9E7B6C45E430}.Release|Win32.Build.0 = Release|Win32
		{AC50E253-45B8-333A-8948-9E7B6C45E430}.MinSizeRel|Win32.ActiveCfg = MinSizeRel|Win32
		{AC50E253-45B8-333A-8948-9E7B6C45E430}.MinSizeRel|Win32.Build.0 = MinSizeRel|Win32
		{AC50E253-45B8-333A-8948-9E7B6C45E430}.RelWithDebInfo|Win32.ActiveCfg = RelWithDebInfo|Win32
		{AC50E253-45B8-333A-8948-9E7B6C45E430}.RelWithDebInfo|Win32.Build.0 = RelWithDebInfo|Win32
		{BE670540-4F2D-3081-8D08-8F47C9D90A59}.Debug|Win32.ActiveCfg = Debug|Win32
		{BE670540-4F2D-3081-8D08-8F47C9D90A59}.Debug|Win32.Build.0 = Debug|Win32
		{BE670540-4F2D-3081-8D08-8F47C9D90A59}.Release|Win32.ActiveCfg = Release|Win32
		{BE670540-4F2D-3081-8D08-8F47C9D90A59}.Release|Win32.Build.0 = Release|Win32
		{BE670540-4F2D-3081-8D08-8F47C9D90A59}.MinSizeRel|Win32.ActiveCfg = MinSizeRel|Win32
		{BE670540-4F2D-3081-8D08-8F47C9D90A59}.MinSizeRel|Win32.Build.0 = MinSizeRel|Win32
		{BE670540-4F2D-3081-8D08-8F47C9D90A59}.RelWithDebInfo|Win32.ActiveCfg = RelWithDebInfo|Win32
		{BE670540-4F2D-3081-8D08-8F47C9D90A59}.RelWithDebInfo|Win32.Build.0 = RelWithDebInfo|Win32
		{FA7CC46B-02C0-345F-8994-1F3D4A9E9007}.Debug|Win32.ActiveCfg = Debug|Win32
		{FA7CC46B-02C0-345F-8994-1F3D4A9E9007}.Debug|Win32.Build.0 = Debug|Win32
		{FA7CC46B-02C0-345F-8994-1F3D4A9E9007}.Release|Win32.ActiveCfg = Release|Win32
		{FA7CC46B-02C0-345F-8994-1F3D4A9E9007}.Release|Win32.Build.0 = Release|Win32
		{FA7CC46B-02C0-345F-8994-1F3D4A9E9007}.MinSizeRel|Win32.ActiveCfg = MinSizeRel|Win32
		{FA7CC46B-02C0-345F-8994-1F3D4A9E9007}.MinSizeRel|Win32.Build.0 = MinSizeRel|Win32
		{FA7CC46B-02C0-345F-8994-1F3D4A9E9007}.RelWithDebInfo|Win32.ActiveCfg = RelWithDebInfo|Win32
		{FA7CC46B-02C0-345F-8994-1F3D4A9E9007}.RelWithDebInfo|Win32.Build.0 = RelWithDebInfo|Win32
		{4C583A1B-B5F8-3073-AA73-AC548C214975}.Debug|Win32.ActiveCfg = Debug|Win32
		{4C583A1B-B5F8-3073-AA73-AC548C214975}.Debug|Win32.Build.0 = Debug|Win32
		{4C583A1B-B5F8-3073-AA73-AC548C214975}.Release|Win32.ActiveCfg = Release|Win32
		{4C583A1B-B5F8-3073-AA73-AC548C214975}.Release|Win32.Build.0 = Release|Win32
		{4C583A1B-B5F8-3073-AA73-AC548C214975}.MinSizeRel|Win32.ActiveCfg = MinSizeRel|Win32
		{4C583A1B-B5F8-3073-AA73-AC548C214975}.MinSizeRel|Win32.Build.0 = MinSizeRel|Win32
		{4C583A1B-B5F8-3073-AA73-AC548C214975}.RelWithDebInfo|Win32.ActiveCfg = RelWithDebInfo|Win32
		{4C583A1B-B5F8-3073-AA73-AC548C214975}.RelWithDebInfo|Win32.Build.0 = RelWithDebInfo|Win32
		{8EE50FB2-1F06-38EF-B17A-FA24734FFD2A}.Debug|Win32.ActiveCfg = Debug|Win32
		{8EE50FB2-1F06-38EF-B17A-FA24734FFD2A}.Debug|Win32.Build.0 = Debug|Win32
		{8EE50FB2-1F06-38EF-B17A-FA24734FFD2A}.Release|Win32.ActiveCfg = Release|Win32
		{8EE50FB2-1F06-38EF-B17A-FA24734FFD2A}.Release|Win32.Build.0 = Release|Win32
		{8EE50FB2-1F06-38EF-B17A-FA24734FFD2A}.MinSizeRel|Win32.ActiveCfg = MinSizeRel|Win32
		{8EE50FB2-1F06-38EF-B17A-FA24734FFD2A}.MinSizeRel|Win32.Build.0 = MinSizeRel|Win32
		{8EE50FB2-1F06-38EF-B17A-FA24734FFD2A}.RelWithDebInfo|Win32.ActiveCfg = RelWithDebInfo|Win32
		{8EE50FB2-1F06-38EF-B17A-FA24734FFD2A}.RelWithDebInfo|Win32.Build.0 = RelWithDebInfo|Win32
		{FC76BF7F-AD3E-37EE-8ED2-2186AE2FF302}.Debug|Win32.ActiveCfg = Debug|Win32
		{FC76BF7F-AD3E-37EE-8ED2-2186AE2FF302}.Debug|Win32.Build.0 = Debug|Win32
		{FC76BF7F-AD3E-37EE-8ED2-2186AE2FF302}.Release|Win32.ActiveCfg = Release|Win32
		{FC76BF7F-AD3E-37EE-8ED2-2186AE2FF302}.Release|Win32.Build.0 = Release|Win32
		{FC76BF7F-AD3E-37EE-8ED2-2186AE2FF302}.MinSizeRel|Win32.ActiveCfg = MinSizeRel|Win32
		{FC76BF7F-AD3E-37EE-8ED2-2186AE2FF302}.MinSizeRel|Win32.Build.0 = MinSizeRel|Win32
		{FC76BF7F-AD3E-37EE-8ED2-2186AE2FF302}.RelWithDebInfo|Win32.ActiveCfg = RelWithDebInfo|Win32
		{FC76BF7F-AD3E-37EE-8ED2-2186AE2FF302}.RelWithDebInfo|Win32.Build.0 = RelWithDebInfo|Win32
		{BAC0CB9C-4328-3438-A021-B23CFAF8AEDA}.Debug|Win32.ActiveCfg = Debug|Win32
		{BAC0CB9C-4328-3438-A021-B23CFAF8AEDA}.Debug|Win32.Build.0 = Debug|Win32
		{BAC0CB9C-4328-3438-A021-B23CFAF8AEDA}.Release|Win32.ActiveCfg = Release|Win32
		{BAC0CB9C-4328-3438-A021-B23CFAF8AEDA}.Release|Win32.Build.0 = Release|Win32
		{BAC0CB9C-4328-3438-A021-B23CFAF8AEDA}.MinSizeRel|Win32.ActiveCfg = MinSizeRel|Win32
		{BAC0CB9C-4328-3438-A021-B23CFAF8AEDA}.MinSizeRel|Win32.Build.0 = MinSizeRel|Win32
		{BAC0CB9C-4328-3438-A021-B23CFAF8AEDA}.RelWithDebInfo|Win32.ActiveCfg = RelWithDebInfo|Win32
		{BAC0CB9C-4328-3438-A021-B23CFAF8AEDA}.RelWithDebInfo|Win32.Build.0 = RelWithDebInfo|Win32
		{8A78026C-B48B-3364-9EE1-C68C6D0168BD}.Debug|Win32.ActiveCfg = Debug|Win32
		{8A78026C-B48B-3364-9EE1-C68C6D0168BD}.Debug|Win32.Build.0 = Debug|Win32
		{8A78026C-B48B-3364-9EE1-C68C6D0168BD}.Release|Win32.ActiveCfg = Release|Win32
		{8A78026C-B48B-3364-9EE1-C68C6D0168BD}.Release|Win32.Build.0 = Release|Win32
		{8A78026C-B48B-3364-9EE1-C68C6D0168BD}.MinSizeRel|Win32.ActiveCfg = MinSizeRel|Win32
		{8A78026C-B48B-3364-9EE1-C68C6D0168BD}.MinSizeRel|Win32.Build.0 = MinSizeRel|Win32
		{8A78026C-B48B-3364-9EE1-C68C6D0168BD}.RelWithDebInfo|Win32.ActiveCfg = RelWithDebInfo|Win32
		{8A78026C-B48B-3364-9EE1-C68C6D0168BD}.RelWithDebInfo|Win32.Build.0 = RelWithDebInfo|Win32
		{2422802D-9B94-39FB-A17A-AADB7657DC24}.Debug|Win32.ActiveCfg = Debug|Win32
		{2422802D-9B94-39FB-A17A-AADB7657DC24}.Debug|Win32.Build.0 = Debug|Win32
		{2422802D-9B94-39FB-A17A-AADB7657DC24}.Release|Win32.ActiveCfg = Release|Win32
		{2422802D-9B94-39FB-A17A-AADB7657DC24}.Release|Win32.Build.0 = Release|Win32
		{2422802D-9B94-39FB-A17A-AADB7657DC24}.MinSizeRel|Win32.ActiveCfg = MinSizeRel|Win32
		{2422802D-9B94-39FB-A17A-AADB7657DC24}.MinSizeRel|Win32.Build.0 = MinSizeRel|Win32
		{2422802D-9B94-39FB-A17A-AADB7657DC24}.RelWithDebInfo|Win32.ActiveCfg = RelWithDebInfo|Win32
		{2422802D-9B94-39FB-A17A-AADB7657DC24}.RelWithDebInfo|Win32.Build.0 = RelWithDebInfo|Win32
		{3C7E2362-C1B2-3599-BD54-8B9ACBF6EC49}.Debug|Win32.ActiveCfg = Debug|Win32
		{3C7E2362-C1B2-3599-BD54-8B9ACBF6EC49}.Debug|Win32.Build.0 = Debug|Win32
		{3C7E2362-C1B2-3599-BD54-8B9ACBF6EC49}.Release|Win32.ActiveCfg = Release|Win32
		{3C7E2362-C1B2-3599-BD54-8B9ACBF6EC49}.Release|Win32.Build.0 = Release|Win32
		{3C7E2362-C1B2-3599-BD54-8B9ACBF6EC49}.MinSizeRel|Win32.ActiveCfg = MinSizeRel|Win32
		{3C7E2362-C1B2-3599-BD54-8B9ACBF6EC49}.MinSizeRel|Win32.Build.0 = MinSizeRel|Win32
		{3C7E2362-C1B2-3599-BD54-8B9ACBF6EC49}.RelWithDebInfo|Win32.ActiveCfg = RelWithDebInfo|Win32
		{3C7E2362-C1B2-3599-BD54-8B9ACBF6EC49}.RelWithDebInfo|Win32.Build.0 = RelWithDebInfo|Win32
		{F21F51AC-5FA9-3E43-AF31-EE0DFCF7A412}.Debug|Win32.ActiveCfg = Debug|Win32
		{F21F51AC-5FA9-3E43-AF31-EE0DFCF7A412}.Debug|Win32.Build.0 = Debug|Win32
		{F21F51AC-5FA9-3E43-AF31-EE0DFCF7A412}.Release|Win32.ActiveCfg = Release|Win32
		{F21F51AC-5FA9-3E43-AF31-EE0DFCF7A412}.Release|Win32.Build.0 = Release|Win32
		{F21F51AC-5FA9-3E43-AF31-EE0DFCF7A412}.MinSizeRel|Win32.ActiveCfg = MinSizeRel|Win32
		{F21F51AC-5FA9-3E43-AF31-EE0DFCF7A412}.MinSizeRel|Win32.Build.0 = MinSizeRel|Win32
		{F21F51AC-5FA9-3E43-AF31-EE0DFCF7A412}.RelWithDebInfo|Win32.ActiveCfg = RelWithDebInfo|Win32
		{F21F51AC-5FA9-3E43-AF31-EE0DFCF7A412}.RelWithDebInfo|Win32.Build.0 = RelWithDebInfo|Win32
		{3EF17813-82C7-3C39-A971-B1674890C720}.Debug|Win32.ActiveCfg = Debug|Win32
		{3EF17813-82C7-3C39-A971-B1674890C720}.Debug|Win32.Build.0 = Debug|Win32
		{3EF17813-82C7-3C39-A971-B1674890C720}.Release|Win32.ActiveCfg = Release|Win32
		{3EF17813-82C7-3C39-A971-B1674890C720}.Release|Win32.Build.0 = Release|Win32
		{3EF17813-82C7-3C39-A971-B1674890C720}.MinSizeRel|Win32.ActiveCfg = MinSizeRel|Win32
		{3EF17813-82C7-3C39-A971-B1674890C720}.MinSizeRel|Win32.Build.0 = MinSizeRel|Win32
		{3EF17813-82C7-3C39-A971-B1674890C720}.RelWithDebInfo|Win32.ActiveCfg = RelWithDebInfo|Win32
		{3EF17813-82C7-3C39-A971-B1674890C720}.RelWithDebInfo|Win32.Build.0 = RelWithDebInfo|Win32
		{B9EB57D1-AD4C-3FFF-BA16-52D83C8E6960}.Debug|Win32.ActiveCfg = Debug|Win32
		{B9EB57D1-AD4C-3FFF-BA16-52D83C8E6960}.Debug|Win32.Build.0 = Debug|Win32
		{B9EB57D1-AD4C-3FFF-BA16-52D83C8E6960}.Release|Win32.ActiveCfg = Release|Win32
		{B9EB57D1-AD4C-3FFF-BA16-52D83C8E6960}.Release|Win32.Build.0 = Release|Win32
		{B9EB57D1-AD4C-3FFF-BA16-52D83C8E6960}.MinSizeRel|Win32.ActiveCfg = MinSizeRel|Win32
		{B9EB57D1-AD4C-3FFF-BA16-52D83C8E6960}.MinSizeRel|Win32.Build.0 = MinSizeRel|Win32
		{B9EB57D1-AD4C-3FFF-BA16-52D83C8E6960}.RelWithDebInfo|Win32.ActiveCfg = RelWithDebInfo|Win32
		{B9EB57D1-AD4C-3FFF-BA16-52D83C8E6960}.RelWithDebInfo|Win32.Build.0 = RelWithDebInfo|Win32
		{8671357D-2301-3920-B2F2-564AF01B6E94}.Debug|Win32.ActiveCfg = Debug|Win32
		{8671357D-2301-3920-B2F2-564AF01B6E94}.Debug|Win32.Build.0 = Debug|Win32
		{8671357D-2301-3920-B2F2-564AF01B6E94}.Release|Win32.ActiveCfg = Release|Win32
		{8671357D-2301-3920-B2F2-564AF01B6E94}.Release|Win32.Build.0 = Release|Win32
		{8671357D-2301-3920-B2F2-564AF01B6E94}.MinSizeRel|Win32.ActiveCfg = MinSizeRel|Win32
		{8671357D-2301-3920-B2F2-564AF01B6E94}.MinSizeRel|Win32.Build.0 = MinSizeRel|Win32
		{8671357D-2301-3920-B2F2-564AF01B6E94}.RelWithDebInfo|Win32.ActiveCfg = RelWithDebInfo|Win32
		{8671357D-2301-3920-B2F2-564AF01B6E94}.RelWithDebInfo|Win32.Build.0 = RelWithDebInfo|Win32
		{3EBFBC64-8957-3196-A6D6-0D0818CAE416}.Debug|Win32.ActiveCfg = Debug|Win32
		{3EBFBC64-8957-3196-A6D6-0D0818CAE416}.Debug|Win32.Build.0 = Debug|Win32
		{3EBFBC64-8957-3196-A6D6-0D0818CAE416}.Release|Win32.ActiveCfg = Release|Win32
		{3EBFBC64-8957-3196-A6D6-0D0818CAE416}.Release|Win32.Build.0 = Release|Win32
		{3EBFBC64-8957-3196-A6D6-0D0818CAE416}.MinSizeRel|Win32.ActiveCfg = MinSizeRel|Win32
		{3EBFBC64-8957-3196-A6D6-0D0818CAE416}.MinSizeRel|Win32.Build.0 = MinSizeRel|Win32
		{3EBFBC64-8957-3196-A6D6-0D0818CAE416}.RelWithDebInfo|Win32.ActiveCfg = RelWithDebInfo|Win32
		{3EBFBC64-8957-3196-A6D6-0D0818CAE416}.RelWithDebInfo|Win32.Build.0 = RelWithDebInfo|Win32
	EndGlobalSection
	GlobalSection(ExtensibilityGlobals) = postSolution
		SolutionGuid = {A4CEB08E-5008-3B9D-8DE3-2881F3FAB1F8}
	EndGlobalSection
	GlobalSection(ExtensibilityAddIns) = postSolution
	EndGlobalSection
EndGlobal
