<?xml version="1.0" encoding="utf-8"?>
<Project ToolsVersion="14.0" xmlns="http://schemas.microsoft.com/developer/msbuild/2003">
  <ItemGroup>
    <ClCompile Include="..\..\actor-framework\libcaf_core\src\abstract_actor.cpp">
      <Filter>Source Files</Filter>
    </ClCompile>
    <ClCompile Include="..\..\actor-framework\libcaf_core\src\abstract_channel.cpp">
      <Filter>Source Files</Filter>
    </ClCompile>
    <ClCompile Include="..\..\actor-framework\libcaf_core\src\abstract_composable_behavior.cpp">
      <Filter>Source Files</Filter>
    </ClCompile>
    <ClCompile Include="..\..\actor-framework\libcaf_core\src\abstract_coordinator.cpp">
      <Filter>Source Files</Filter>
    </ClCompile>
    <ClCompile Include="..\..\actor-framework\libcaf_core\src\abstract_group.cpp">
      <Filter>Source Files</Filter>
    </ClCompile>
    <ClCompile Include="..\..\actor-framework\libcaf_core\src\actor.cpp">
      <Filter>Source Files</Filter>
    </ClCompile>
    <ClCompile Include="..\..\actor-framework\libcaf_core\src\actor_addr.cpp">
      <Filter>Source Files</Filter>
    </ClCompile>
    <ClCompile Include="..\..\actor-framework\libcaf_core\src\actor_clock.cpp">
      <Filter>Source Files</Filter>
    </ClCompile>
    <ClCompile Include="..\..\actor-framework\libcaf_core\src\actor_companion.cpp">
      <Filter>Source Files</Filter>
    </ClCompile>
    <ClCompile Include="..\..\actor-framework\libcaf_core\src\actor_config.cpp">
      <Filter>Source Files</Filter>
    </ClCompile>
    <ClCompile Include="..\..\actor-framework\libcaf_core\src\actor_control_block.cpp">
      <Filter>Source Files</Filter>
    </ClCompile>
    <ClCompile Include="..\..\actor-framework\libcaf_core\src\actor_ostream.cpp">
      <Filter>Source Files</Filter>
    </ClCompile>
    <ClCompile Include="..\..\actor-framework\libcaf_core\src\actor_pool.cpp">
      <Filter>Source Files</Filter>
    </ClCompile>
    <ClCompile Include="..\..\actor-framework\libcaf_core\src\actor_proxy.cpp">
      <Filter>Source Files</Filter>
    </ClCompile>
    <ClCompile Include="..\..\actor-framework\libcaf_core\src\actor_registry.cpp">
      <Filter>Source Files</Filter>
    </ClCompile>
    <ClCompile Include="..\..\actor-framework\libcaf_core\src\actor_system.cpp">
      <Filter>Source Files</Filter>
    </ClCompile>
    <ClCompile Include="..\..\actor-framework\libcaf_core\src\actor_system_config.cpp">
      <Filter>Source Files</Filter>
    </ClCompile>
    <ClCompile Include="..\..\actor-framework\libcaf_core\src\append_hex.cpp">
      <Filter>Source Files</Filter>
    </ClCompile>
    <ClCompile Include="..\..\actor-framework\libcaf_core\src\atom.cpp">
      <Filter>Source Files</Filter>
    </ClCompile>
    <ClCompile Include="..\..\actor-framework\libcaf_core\src\attachable.cpp">
      <Filter>Source Files</Filter>
    </ClCompile>
    <ClCompile Include="..\..\actor-framework\libcaf_core\src\behavior.cpp">
      <Filter>Source Files</Filter>
    </ClCompile>
    <ClCompile Include="..\..\actor-framework\libcaf_core\src\behavior_impl.cpp">
      <Filter>Source Files</Filter>
    </ClCompile>
    <ClCompile Include="..\..\actor-framework\libcaf_core\src\behavior_stack.cpp">
      <Filter>Source Files</Filter>
    </ClCompile>
    <ClCompile Include="..\..\actor-framework\libcaf_core\src\blocking_actor.cpp">
      <Filter>Source Files</Filter>
    </ClCompile>
    <ClCompile Include="..\..\actor-framework\libcaf_core\src\blocking_behavior.cpp">
      <Filter>Source Files</Filter>
    </ClCompile>
    <ClCompile Include="..\..\actor-framework\libcaf_core\src\chars.cpp">
      <Filter>Source Files</Filter>
    </ClCompile>
    <ClCompile Include="..\..\actor-framework\libcaf_core\src\concatenated_tuple.cpp">
      <Filter>Source Files</Filter>
    </ClCompile>
    <ClCompile Include="..\..\actor-framework\libcaf_core\src\config_option.cpp">
      <Filter>Source Files</Filter>
    </ClCompile>
    <ClCompile Include="..\..\actor-framework\libcaf_core\src\config_option_adder.cpp">
      <Filter>Source Files</Filter>
    </ClCompile>
    <ClCompile Include="..\..\actor-framework\libcaf_core\src\config_option_set.cpp">
      <Filter>Source Files</Filter>
    </ClCompile>
    <ClCompile Include="..\..\actor-framework\libcaf_core\src\config_value.cpp">
      <Filter>Source Files</Filter>
    </ClCompile>
    <ClCompile Include="..\..\actor-framework\libcaf_core\src\decorated_tuple.cpp">
      <Filter>Source Files</Filter>
    </ClCompile>
    <ClCompile Include="..\..\actor-framework\libcaf_core\src\default_attachable.cpp">
      <Filter>Source Files</Filter>
    </ClCompile>
    <ClCompile Include="..\..\actor-framework\libcaf_core\src\defaults.cpp">
      <Filter>Source Files</Filter>
    </ClCompile>
    <ClCompile Include="..\..\actor-framework\libcaf_core\src\deserializer.cpp">
      <Filter>Source Files</Filter>
    </ClCompile>
    <ClCompile Include="..\..\actor-framework\libcaf_core\src\downstream_manager.cpp">
      <Filter>Source Files</Filter>
    </ClCompile>
    <ClCompile Include="..\..\actor-framework\libcaf_core\src\downstream_manager_base.cpp">
      <Filter>Source Files</Filter>
    </ClCompile>
    <ClCompile Include="..\..\actor-framework\libcaf_core\src\downstream_messages.cpp">
      <Filter>Source Files</Filter>
    </ClCompile>
    <ClCompile Include="..\..\actor-framework\libcaf_core\src\duration.cpp">
      <Filter>Source Files</Filter>
    </ClCompile>
    <ClCompile Include="..\..\actor-framework\libcaf_core\src\dynamic_message_data.cpp">
      <Filter>Source Files</Filter>
    </ClCompile>
    <ClCompile Include="..\..\actor-framework\libcaf_core\src\error.cpp">
      <Filter>Source Files</Filter>
    </ClCompile>
    <ClCompile Include="..\..\actor-framework\libcaf_core\src\event_based_actor.cpp">
      <Filter>Source Files</Filter>
    </ClCompile>
    <ClCompile Include="..\..\actor-framework\libcaf_core\src\execution_unit.cpp">
      <Filter>Source Files</Filter>
    </ClCompile>
    <ClCompile Include="..\..\actor-framework\libcaf_core\src\exit_reason.cpp">
      <Filter>Source Files</Filter>
    </ClCompile>
    <ClCompile Include="..\..\actor-framework\libcaf_core\src\forwarding_actor_proxy.cpp">
      <Filter>Source Files</Filter>
    </ClCompile>
    <ClCompile Include="..\..\actor-framework\libcaf_core\src\get_mac_addresses.cpp">
      <Filter>Source Files</Filter>
    </ClCompile>
    <ClCompile Include="..\..\actor-framework\libcaf_core\src\get_process_id.cpp">
      <Filter>Source Files</Filter>
    </ClCompile>
    <ClCompile Include="..\..\actor-framework\libcaf_core\src\get_root_uuid.cpp">
      <Filter>Source Files</Filter>
    </ClCompile>
    <ClCompile Include="..\..\actor-framework\libcaf_core\src\group.cpp">
      <Filter>Source Files</Filter>
    </ClCompile>
    <ClCompile Include="..\..\actor-framework\libcaf_core\src\group_manager.cpp">
      <Filter>Source Files</Filter>
    </ClCompile>
    <ClCompile Include="..\..\actor-framework\libcaf_core\src\group_module.cpp">
      <Filter>Source Files</Filter>
    </ClCompile>
    <ClCompile Include="..\..\actor-framework\libcaf_core\src\inbound_path.cpp">
      <Filter>Source Files</Filter>
    </ClCompile>
    <ClCompile Include="..\..\actor-framework\libcaf_core\src\ini_consumer.cpp">
      <Filter>Source Files</Filter>
    </ClCompile>
    <ClCompile Include="..\..\actor-framework\libcaf_core\src\invoke_result_visitor.cpp">
      <Filter>Source Files</Filter>
    </ClCompile>
    <ClCompile Include="..\..\actor-framework\libcaf_core\src\ipv4_address.cpp">
      <Filter>Source Files</Filter>
    </ClCompile>
    <ClCompile Include="..\..\actor-framework\libcaf_core\src\ipv4_subnet.cpp">
      <Filter>Source Files</Filter>
    </ClCompile>
    <ClCompile Include="..\..\actor-framework\libcaf_core\src\ipv6_address.cpp">
      <Filter>Source Files</Filter>
    </ClCompile>
    <ClCompile Include="..\..\actor-framework\libcaf_core\src\ipv6_subnet.cpp">
      <Filter>Source Files</Filter>
    </ClCompile>
    <ClCompile Include="..\..\actor-framework\libcaf_core\src\local_actor.cpp">
      <Filter>Source Files</Filter>
    </ClCompile>
    <ClCompile Include="..\..\actor-framework\libcaf_core\src\logger.cpp">
      <Filter>Source Files</Filter>
    </ClCompile>
    <ClCompile Include="..\..\actor-framework\libcaf_core\src\mailbox_element.cpp">
      <Filter>Source Files</Filter>
    </ClCompile>
    <ClCompile Include="..\..\actor-framework\libcaf_core\src\make_config_option.cpp">
      <Filter>Source Files</Filter>
    </ClCompile>
    <ClCompile Include="..\..\actor-framework\libcaf_core\src\match_case.cpp">
      <Filter>Source Files</Filter>
    </ClCompile>
    <ClCompile Include="..\..\actor-framework\libcaf_core\src\memory_managed.cpp">
      <Filter>Source Files</Filter>
    </ClCompile>
    <ClCompile Include="..\..\actor-framework\libcaf_core\src\merged_tuple.cpp">
      <Filter>Source Files</Filter>
    </ClCompile>
    <ClCompile Include="..\..\actor-framework\libcaf_core\src\message.cpp">
      <Filter>Source Files</Filter>
    </ClCompile>
    <ClCompile Include="..\..\actor-framework\libcaf_core\src\message_builder.cpp">
      <Filter>Source Files</Filter>
    </ClCompile>
    <ClCompile Include="..\..\actor-framework\libcaf_core\src\message_data.cpp">
      <Filter>Source Files</Filter>
    </ClCompile>
    <ClCompile Include="..\..\actor-framework\libcaf_core\src\message_handler.cpp">
      <Filter>Source Files</Filter>
    </ClCompile>
    <ClCompile Include="..\..\actor-framework\libcaf_core\src\message_view.cpp">
      <Filter>Source Files</Filter>
    </ClCompile>
    <ClCompile Include="..\..\actor-framework\libcaf_core\src\monitorable_actor.cpp">
      <Filter>Source Files</Filter>
    </ClCompile>
    <ClCompile Include="..\..\actor-framework\libcaf_core\src\node_id.cpp">
      <Filter>Source Files</Filter>
    </ClCompile>
    <ClCompile Include="..\..\actor-framework\libcaf_core\src\outbound_path.cpp">
      <Filter>Source Files</Filter>
    </ClCompile>
    <ClCompile Include="..\..\actor-framework\libcaf_core\src\pec.cpp">
      <Filter>Source Files</Filter>
    </ClCompile>
    <ClCompile Include="..\..\actor-framework\libcaf_core\src\pretty_type_name.cpp">
      <Filter>Source Files</Filter>
    </ClCompile>
    <ClCompile Include="..\..\actor-framework\libcaf_core\src\private_thread.cpp">
      <Filter>Source Files</Filter>
    </ClCompile>
    <ClCompile Include="..\..\actor-framework\libcaf_core\src\proxy_registry.cpp">
      <Filter>Source Files</Filter>
    </ClCompile>
    <ClCompile Include="..\..\actor-framework\libcaf_core\src\raise_error.cpp">
      <Filter>Source Files</Filter>
    </ClCompile>
    <ClCompile Include="..\..\actor-framework\libcaf_core\src\raw_event_based_actor.cpp">
      <Filter>Source Files</Filter>
    </ClCompile>
    <ClCompile Include="..\..\actor-framework\libcaf_core\src\ref_counted.cpp">
      <Filter>Source Files</Filter>
    </ClCompile>
    <ClCompile Include="..\..\actor-framework\libcaf_core\src\replies_to.cpp">
      <Filter>Source Files</Filter>
    </ClCompile>
    <ClCompile Include="..\..\actor-framework\libcaf_core\src\response_promise.cpp">
      <Filter>Source Files</Filter>
    </ClCompile>
    <ClCompile Include="..\..\actor-framework\libcaf_core\src\resumable.cpp">
      <Filter>Source Files</Filter>
    </ClCompile>
    <ClCompile Include="..\..\actor-framework\libcaf_core\src\ripemd_160.cpp">
      <Filter>Source Files</Filter>
    </ClCompile>
    <ClCompile Include="..\..\actor-framework\libcaf_core\src\runtime_settings_map.cpp">
      <Filter>Source Files</Filter>
    </ClCompile>
    <ClCompile Include="..\..\actor-framework\libcaf_core\src\scheduled_actor.cpp">
      <Filter>Source Files</Filter>
    </ClCompile>
    <ClCompile Include="..\..\actor-framework\libcaf_core\src\scoped_actor.cpp">
      <Filter>Source Files</Filter>
    </ClCompile>
    <ClCompile Include="..\..\actor-framework\libcaf_core\src\scoped_execution_unit.cpp">
      <Filter>Source Files</Filter>
    </ClCompile>
    <ClCompile Include="..\..\actor-framework\libcaf_core\src\sec.cpp">
      <Filter>Source Files</Filter>
    </ClCompile>
    <ClCompile Include="..\..\actor-framework\libcaf_core\src\sequencer.cpp">
      <Filter>Source Files</Filter>
    </ClCompile>
    <ClCompile Include="..\..\actor-framework\libcaf_core\src\serializer.cpp">
      <Filter>Source Files</Filter>
    </ClCompile>
    <ClCompile Include="..\..\actor-framework\libcaf_core\src\set_thread_name.cpp">
      <Filter>Source Files</Filter>
    </ClCompile>
    <ClCompile Include="..\..\actor-framework\libcaf_core\src\shared_spinlock.cpp">
      <Filter>Source Files</Filter>
    </ClCompile>
    <ClCompile Include="..\..\actor-framework\libcaf_core\src\simple_actor_clock.cpp">
      <Filter>Source Files</Filter>
    </ClCompile>
    <ClCompile Include="..\..\actor-framework\libcaf_core\src\skip.cpp">
      <Filter>Source Files</Filter>
    </ClCompile>
    <ClCompile Include="..\..\actor-framework\libcaf_core\src\splitter.cpp">
      <Filter>Source Files</Filter>
    </ClCompile>
    <ClCompile Include="..\..\actor-framework\libcaf_core\src\stream_aborter.cpp">
      <Filter>Source Files</Filter>
    </ClCompile>
    <ClCompile Include="..\..\actor-framework\libcaf_core\src\stream_manager.cpp">
      <Filter>Source Files</Filter>
    </ClCompile>
    <ClCompile Include="..\..\actor-framework\libcaf_core\src\stream_priority.cpp">
      <Filter>Source Files</Filter>
    </ClCompile>
    <ClCompile Include="..\..\actor-framework\libcaf_core\src\string_view.cpp">
      <Filter>Source Files</Filter>
    </ClCompile>
    <ClCompile Include="..\..\actor-framework\libcaf_core\src\stringification_inspector.cpp">
      <Filter>Source Files</Filter>
    </ClCompile>
    <ClCompile Include="..\..\actor-framework\libcaf_core\src\sync_request_bouncer.cpp">
      <Filter>Source Files</Filter>
    </ClCompile>
    <ClCompile Include="..\..\actor-framework\libcaf_core\src\term.cpp">
      <Filter>Source Files</Filter>
    </ClCompile>
    <ClCompile Include="..\..\actor-framework\libcaf_core\src\test_actor_clock.cpp">
      <Filter>Source Files</Filter>
    </ClCompile>
    <ClCompile Include="..\..\actor-framework\libcaf_core\src\test_coordinator.cpp">
      <Filter>Source Files</Filter>
    </ClCompile>
    <ClCompile Include="..\..\actor-framework\libcaf_core\src\thread_hook.cpp">
      <Filter>Source Files</Filter>
    </ClCompile>
    <ClCompile Include="..\..\actor-framework\libcaf_core\src\thread_safe_actor_clock.cpp">
      <Filter>Source Files</Filter>
    </ClCompile>
    <ClCompile Include="..\..\actor-framework\libcaf_core\src\tick_emitter.cpp">
      <Filter>Source Files</Filter>
    </ClCompile>
    <ClCompile Include="..\..\actor-framework\libcaf_core\src\timestamp.cpp">
      <Filter>Source Files</Filter>
    </ClCompile>
    <ClCompile Include="..\..\actor-framework\libcaf_core\src\try_match.cpp">
      <Filter>Source Files</Filter>
    </ClCompile>
    <ClCompile Include="..\..\actor-framework\libcaf_core\src\type_erased_tuple.cpp">
      <Filter>Source Files</Filter>
    </ClCompile>
    <ClCompile Include="..\..\actor-framework\libcaf_core\src\type_erased_value.cpp">
      <Filter>Source Files</Filter>
    </ClCompile>
    <ClCompile Include="..\..\actor-framework\libcaf_core\src\uniform_type_info_map.cpp">
      <Filter>Source Files</Filter>
    </ClCompile>
    <ClCompile Include="..\..\actor-framework\libcaf_core\src\unprofiled.cpp">
      <Filter>Source Files</Filter>
    </ClCompile>
    <ClCompile Include="..\..\actor-framework\libcaf_core\src\uri.cpp">
      <Filter>Source Files</Filter>
    </ClCompile>
    <ClCompile Include="..\..\actor-framework\libcaf_core\src\uri_builder.cpp">
      <Filter>Source Files</Filter>
    </ClCompile>
    <ClCompile Include="..\..\actor-framework\libcaf_core\src\uri_impl.cpp">
      <Filter>Source Files</Filter>
    </ClCompile>
    <ClCompile Include="..\..\actor-framework\libcaf_core\src\work_sharing.cpp">
      <Filter>Source Files</Filter>
    </ClCompile>
    <ClCompile Include="..\..\actor-framework\libcaf_core\src\work_stealing.cpp">
      <Filter>Source Files</Filter>
    </ClCompile>
  </ItemGroup>
  <ItemGroup>
    <ClInclude Include="..\..\actor-framework\libcaf_core\caf\abstract_actor.hpp">
      <Filter>Header Files</Filter>
    </ClInclude>
    <ClInclude Include="..\..\actor-framework\libcaf_core\caf\abstract_channel.hpp">
      <Filter>Header Files</Filter>
    </ClInclude>
    <ClInclude Include="..\..\actor-framework\libcaf_core\caf\abstract_composable_behavior.hpp">
      <Filter>Header Files</Filter>
    </ClInclude>
    <ClInclude Include="..\..\actor-framework\libcaf_core\caf\abstract_group.hpp">
      <Filter>Header Files</Filter>
    </ClInclude>
    <ClInclude Include="..\..\actor-framework\libcaf_core\caf\actor.hpp">
      <Filter>Header Files</Filter>
    </ClInclude>
    <ClInclude Include="..\..\actor-framework\libcaf_core\caf\actor_addr.hpp">
      <Filter>Header Files</Filter>
    </ClInclude>
    <ClInclude Include="..\..\actor-framework\libcaf_core\caf\actor_cast.hpp">
      <Filter>Header Files</Filter>
    </ClInclude>
    <ClInclude Include="..\..\actor-framework\libcaf_core\caf\actor_clock.hpp">
      <Filter>Header Files</Filter>
    </ClInclude>
    <ClInclude Include="..\..\actor-framework\libcaf_core\caf\actor_companion.hpp">
      <Filter>Header Files</Filter>
    </ClInclude>
    <ClInclude Include="..\..\actor-framework\libcaf_core\caf\actor_config.hpp">
      <Filter>Header Files</Filter>
    </ClInclude>
    <ClInclude Include="..\..\actor-framework\libcaf_core\caf\actor_control_block.hpp">
      <Filter>Header Files</Filter>
    </ClInclude>
    <ClInclude Include="..\..\actor-framework\libcaf_core\caf\actor_factory.hpp">
      <Filter>Header Files</Filter>
    </ClInclude>
    <ClInclude Include="..\..\actor-framework\libcaf_core\caf\actor_marker.hpp">
      <Filter>Header Files</Filter>
    </ClInclude>
    <ClInclude Include="..\..\actor-framework\libcaf_core\caf\actor_ostream.hpp">
      <Filter>Header Files</Filter>
    </ClInclude>
    <ClInclude Include="..\..\actor-framework\libcaf_core\caf\actor_pool.hpp">
      <Filter>Header Files</Filter>
    </ClInclude>
    <ClInclude Include="..\..\actor-framework\libcaf_core\caf\actor_proxy.hpp">
      <Filter>Header Files</Filter>
    </ClInclude>
    <ClInclude Include="..\..\actor-framework\libcaf_core\caf\actor_registry.hpp">
      <Filter>Header Files</Filter>
    </ClInclude>
    <ClInclude Include="..\..\actor-framework\libcaf_core\caf\actor_storage.hpp">
      <Filter>Header Files</Filter>
    </ClInclude>
    <ClInclude Include="..\..\actor-framework\libcaf_core\caf\actor_system.hpp">
      <Filter>Header Files</Filter>
    </ClInclude>
    <ClInclude Include="..\..\actor-framework\libcaf_core\caf\actor_system_config.hpp">
      <Filter>Header Files</Filter>
    </ClInclude>
    <ClInclude Include="..\..\actor-framework\libcaf_core\caf\after.hpp">
      <Filter>Header Files</Filter>
    </ClInclude>
    <ClInclude Include="..\..\actor-framework\libcaf_core\caf\all.hpp">
      <Filter>Header Files</Filter>
    </ClInclude>
    <ClInclude Include="..\..\actor-framework\libcaf_core\caf\allowed_unsafe_message_type.hpp">
      <Filter>Header Files</Filter>
    </ClInclude>
    <ClInclude Include="..\..\actor-framework\libcaf_core\caf\atom.hpp">
      <Filter>Header Files</Filter>
    </ClInclude>
    <ClInclude Include="..\..\actor-framework\libcaf_core\caf\attachable.hpp">
      <Filter>Header Files</Filter>
    </ClInclude>
    <ClInclude Include="..\..\actor-framework\libcaf_core\caf\behavior.hpp">
      <Filter>Header Files</Filter>
    </ClInclude>
    <ClInclude Include="..\..\actor-framework\libcaf_core\caf\behavior_policy.hpp">
      <Filter>Header Files</Filter>
    </ClInclude>
    <ClInclude Include="..\..\actor-framework\libcaf_core\caf\binary_deserializer.hpp">
      <Filter>Header Files</Filter>
    </ClInclude>
    <ClInclude Include="..\..\actor-framework\libcaf_core\caf\binary_serializer.hpp">
      <Filter>Header Files</Filter>
    </ClInclude>
    <ClInclude Include="..\..\actor-framework\libcaf_core\caf\blocking_actor.hpp">
      <Filter>Header Files</Filter>
    </ClInclude>
    <ClInclude Include="..\..\actor-framework\libcaf_core\caf\broadcast_downstream_manager.hpp">
      <Filter>Header Files</Filter>
    </ClInclude>
    <ClInclude Include="..\..\actor-framework\libcaf_core\caf\buffered_downstream_manager.hpp">
      <Filter>Header Files</Filter>
    </ClInclude>
    <ClInclude Include="..\..\actor-framework\libcaf_core\caf\byte_address.hpp">
      <Filter>Header Files</Filter>
    </ClInclude>
    <ClInclude Include="..\..\actor-framework\libcaf_core\caf\callback.hpp">
      <Filter>Header Files</Filter>
    </ClInclude>
    <ClInclude Include="..\..\actor-framework\libcaf_core\caf\catch_all.hpp">
      <Filter>Header Files</Filter>
    </ClInclude>
    <ClInclude Include="..\..\actor-framework\libcaf_core\caf\check_typed_input.hpp">
      <Filter>Header Files</Filter>
    </ClInclude>
    <ClInclude Include="..\..\actor-framework\libcaf_core\caf\composable_behavior.hpp">
      <Filter>Header Files</Filter>
    </ClInclude>
    <ClInclude Include="..\..\actor-framework\libcaf_core\caf\composable_behavior_based_actor.hpp">
      <Filter>Header Files</Filter>
    </ClInclude>
    <ClInclude Include="..\..\actor-framework\libcaf_core\caf\composed_behavior.hpp">
      <Filter>Header Files</Filter>
    </ClInclude>
    <ClInclude Include="..\..\actor-framework\libcaf_core\caf\composed_type.hpp">
      <Filter>Header Files</Filter>
    </ClInclude>
    <ClInclude Include="..\..\actor-framework\libcaf_core\caf\config.hpp">
      <Filter>Header Files</Filter>
    </ClInclude>
    <ClInclude Include="..\..\actor-framework\libcaf_core\caf\config_option.hpp">
      <Filter>Header Files</Filter>
    </ClInclude>
    <ClInclude Include="..\..\actor-framework\libcaf_core\caf\config_option_adder.hpp">
      <Filter>Header Files</Filter>
    </ClInclude>
    <ClInclude Include="..\..\actor-framework\libcaf_core\caf\config_option_set.hpp">
      <Filter>Header Files</Filter>
    </ClInclude>
    <ClInclude Include="..\..\actor-framework\libcaf_core\caf\config_value.hpp">
      <Filter>Header Files</Filter>
    </ClInclude>
    <ClInclude Include="..\..\actor-framework\libcaf_core\caf\data_processor.hpp">
      <Filter>Header Files</Filter>
    </ClInclude>
    <ClInclude Include="..\..\actor-framework\libcaf_core\caf\decorator\sequencer.hpp">
      <Filter>Header Files</Filter>
    </ClInclude>
    <ClInclude Include="..\..\actor-framework\libcaf_core\caf\decorator\splitter.hpp">
      <Filter>Header Files</Filter>
    </ClInclude>
    <ClInclude Include="..\..\actor-framework\libcaf_core\caf\deduce_mpi.hpp">
      <Filter>Header Files</Filter>
    </ClInclude>
    <ClInclude Include="..\..\actor-framework\libcaf_core\caf\deep_to_string.hpp">
      <Filter>Header Files</Filter>
    </ClInclude>
    <ClInclude Include="..\..\actor-framework\libcaf_core\caf\default_attachable.hpp">
      <Filter>Header Files</Filter>
    </ClInclude>
    <ClInclude Include="..\..\actor-framework\libcaf_core\caf\default_downstream_manager.hpp">
      <Filter>Header Files</Filter>
    </ClInclude>
    <ClInclude Include="..\..\actor-framework\libcaf_core\caf\default_sum_type_access.hpp">
      <Filter>Header Files</Filter>
    </ClInclude>
    <ClInclude Include="..\..\actor-framework\libcaf_core\caf\defaults.hpp">
      <Filter>Header Files</Filter>
    </ClInclude>
    <ClInclude Include="..\..\actor-framework\libcaf_core\caf\delegated.hpp">
      <Filter>Header Files</Filter>
    </ClInclude>
    <ClInclude Include="..\..\actor-framework\libcaf_core\caf\deserializer.hpp">
      <Filter>Header Files</Filter>
    </ClInclude>
    <ClInclude Include="..\..\actor-framework\libcaf_core\caf\detail\algorithms.hpp">
      <Filter>Header Files</Filter>
    </ClInclude>
    <ClInclude Include="..\..\actor-framework\libcaf_core\caf\detail\append_hex.hpp">
      <Filter>Header Files</Filter>
    </ClInclude>
    <ClInclude Include="..\..\actor-framework\libcaf_core\caf\detail\apply_args.hpp">
      <Filter>Header Files</Filter>
    </ClInclude>
    <ClInclude Include="..\..\actor-framework\libcaf_core\caf\detail\arg_match_t.hpp">
      <Filter>Header Files</Filter>
    </ClInclude>
    <ClInclude Include="..\..\actor-framework\libcaf_core\caf\detail\arg_wrapper.hpp">
      <Filter>Header Files</Filter>
    </ClInclude>
    <ClInclude Include="..\..\actor-framework\libcaf_core\caf\detail\atom_val.hpp">
      <Filter>Header Files</Filter>
    </ClInclude>
    <ClInclude Include="..\..\actor-framework\libcaf_core\caf\detail\behavior_impl.hpp">
      <Filter>Header Files</Filter>
    </ClInclude>
    <ClInclude Include="..\..\actor-framework\libcaf_core\caf\detail\behavior_stack.hpp">
      <Filter>Header Files</Filter>
    </ClInclude>
    <ClInclude Include="..\..\actor-framework\libcaf_core\caf\detail\blocking_behavior.hpp">
      <Filter>Header Files</Filter>
    </ClInclude>
    <ClInclude Include="..\..\actor-framework\libcaf_core\caf\detail\bounds_checker.hpp">
      <Filter>Header Files</Filter>
    </ClInclude>
    <ClInclude Include="..\..\actor-framework\libcaf_core\caf\detail\cas_weak.hpp">
      <Filter>Header Files</Filter>
    </ClInclude>
    <ClInclude Include="..\..\actor-framework\libcaf_core\caf\detail\comparable.hpp">
      <Filter>Header Files</Filter>
    </ClInclude>
    <ClInclude Include="..\..\actor-framework\libcaf_core\caf\detail\concatenated_tuple.hpp">
      <Filter>Header Files</Filter>
    </ClInclude>
    <ClInclude Include="..\..\actor-framework\libcaf_core\caf\detail\decorated_tuple.hpp">
      <Filter>Header Files</Filter>
    </ClInclude>
    <ClInclude Include="..\..\actor-framework\libcaf_core\caf\detail\default_invoke_result_visitor.hpp">
      <Filter>Header Files</Filter>
    </ClInclude>
    <ClInclude Include="..\..\actor-framework\libcaf_core\caf\detail\delegate_serialize.hpp">
      <Filter>Header Files</Filter>
    </ClInclude>
    <ClInclude Include="..\..\actor-framework\libcaf_core\caf\detail\disposer.hpp">
      <Filter>Header Files</Filter>
    </ClInclude>
    <ClInclude Include="..\..\actor-framework\libcaf_core\caf\detail\double_ended_queue.hpp">
      <Filter>Header Files</Filter>
    </ClInclude>
    <ClInclude Include="..\..\actor-framework\libcaf_core\caf\detail\dynamic_message_data.hpp">
      <Filter>Header Files</Filter>
    </ClInclude>
    <ClInclude Include="..\..\actor-framework\libcaf_core\caf\detail\embedded.hpp">
      <Filter>Header Files</Filter>
    </ClInclude>
    <ClInclude Include="..\..\actor-framework\libcaf_core\caf\detail\enqueue_result.hpp">
      <Filter>Header Files</Filter>
    </ClInclude>
    <ClInclude Include="..\..\actor-framework\libcaf_core\caf\detail\enum_to_string.hpp">
      <Filter>Header Files</Filter>
    </ClInclude>
    <ClInclude Include="..\..\actor-framework\libcaf_core\caf\detail\functor_attachable.hpp">
      <Filter>Header Files</Filter>
    </ClInclude>
    <ClInclude Include="..\..\actor-framework\libcaf_core\caf\detail\gcd.hpp">
      <Filter>Header Files</Filter>
    </ClInclude>
    <ClInclude Include="..\..\actor-framework\libcaf_core\caf\detail\get_mac_addresses.hpp">
      <Filter>Header Files</Filter>
    </ClInclude>
    <ClInclude Include="..\..\actor-framework\libcaf_core\caf\detail\get_process_id.hpp">
      <Filter>Header Files</Filter>
    </ClInclude>
    <ClInclude Include="..\..\actor-framework\libcaf_core\caf\detail\get_root_uuid.hpp">
      <Filter>Header Files</Filter>
    </ClInclude>
    <ClInclude Include="..\..\actor-framework\libcaf_core\caf\detail\ieee_754.hpp">
      <Filter>Header Files</Filter>
    </ClInclude>
    <ClInclude Include="..\..\actor-framework\libcaf_core\caf\detail\implicit_conversions.hpp">
      <Filter>Header Files</Filter>
    </ClInclude>
    <ClInclude Include="..\..\actor-framework\libcaf_core\caf\detail\ini_consumer.hpp">
      <Filter>Header Files</Filter>
    </ClInclude>
    <ClInclude Include="..\..\actor-framework\libcaf_core\caf\detail\init_fun_factory.hpp">
      <Filter>Header Files</Filter>
    </ClInclude>
    <ClInclude Include="..\..\actor-framework\libcaf_core\caf\detail\int_list.hpp">
      <Filter>Header Files</Filter>
    </ClInclude>
    <ClInclude Include="..\..\actor-framework\libcaf_core\caf\detail\invoke_result_visitor.hpp">
      <Filter>Header Files</Filter>
    </ClInclude>
    <ClInclude Include="..\..\actor-framework\libcaf_core\caf\detail\is_one_of.hpp">
      <Filter>Header Files</Filter>
    </ClInclude>
    <ClInclude Include="..\..\actor-framework\libcaf_core\caf\detail\is_primitive_config_value.hpp">
      <Filter>Header Files</Filter>
    </ClInclude>
    <ClInclude Include="..\..\actor-framework\libcaf_core\caf\detail\limited_vector.hpp">
      <Filter>Header Files</Filter>
    </ClInclude>
    <ClInclude Include="..\..\actor-framework\libcaf_core\caf\detail\mask_bits.hpp">
      <Filter>Header Files</Filter>
    </ClInclude>
    <ClInclude Include="..\..\actor-framework\libcaf_core\caf\detail\merged_tuple.hpp">
      <Filter>Header Files</Filter>
    </ClInclude>
    <ClInclude Include="..\..\actor-framework\libcaf_core\caf\detail\message_data.hpp">
      <Filter>Header Files</Filter>
    </ClInclude>
    <ClInclude Include="..\..\actor-framework\libcaf_core\caf\detail\move_if_not_ptr.hpp">
      <Filter>Header Files</Filter>
    </ClInclude>
    <ClInclude Include="..\..\actor-framework\libcaf_core\caf\detail\mpi_splice.hpp">
      <Filter>Header Files</Filter>
    </ClInclude>
    <ClInclude Include="..\..\actor-framework\libcaf_core\caf\detail\network_order.hpp">
      <Filter>Header Files</Filter>
    </ClInclude>
    <ClInclude Include="..\..\actor-framework\libcaf_core\caf\detail\optional_message_visitor.hpp">
      <Filter>Header Files</Filter>
    </ClInclude>
    <ClInclude Include="..\..\actor-framework\libcaf_core\caf\detail\overload.hpp">
      <Filter>Header Files</Filter>
    </ClInclude>
    <ClInclude Include="..\..\actor-framework\libcaf_core\caf\detail\parser\add_ascii.hpp">
      <Filter>Header Files</Filter>
    </ClInclude>
    <ClInclude Include="..\..\actor-framework\libcaf_core\caf\detail\parser\ascii_to_int.hpp">
      <Filter>Header Files</Filter>
    </ClInclude>
    <ClInclude Include="..\..\actor-framework\libcaf_core\caf\detail\parser\chars.hpp">
      <Filter>Header Files</Filter>
    </ClInclude>
    <ClInclude Include="..\..\actor-framework\libcaf_core\caf\detail\parser\fsm.hpp">
      <Filter>Header Files</Filter>
    </ClInclude>
    <ClInclude Include="..\..\actor-framework\libcaf_core\caf\detail\parser\fsm_undef.hpp">
      <Filter>Header Files</Filter>
    </ClInclude>
    <ClInclude Include="..\..\actor-framework\libcaf_core\caf\detail\parser\is_char.hpp">
      <Filter>Header Files</Filter>
    </ClInclude>
    <ClInclude Include="..\..\actor-framework\libcaf_core\caf\detail\parser\is_digit.hpp">
      <Filter>Header Files</Filter>
    </ClInclude>
    <ClInclude Include="..\..\actor-framework\libcaf_core\caf\detail\parser\read_atom.hpp">
      <Filter>Header Files</Filter>
    </ClInclude>
    <ClInclude Include="..\..\actor-framework\libcaf_core\caf\detail\parser\read_bool.hpp">
      <Filter>Header Files</Filter>
    </ClInclude>
    <ClInclude Include="..\..\actor-framework\libcaf_core\caf\detail\parser\read_ini.hpp">
      <Filter>Header Files</Filter>
    </ClInclude>
    <ClInclude Include="..\..\actor-framework\libcaf_core\caf\detail\parser\read_ipv4_address.hpp">
      <Filter>Header Files</Filter>
    </ClInclude>
    <ClInclude Include="..\..\actor-framework\libcaf_core\caf\detail\parser\read_ipv6_address.hpp">
      <Filter>Header Files</Filter>
    </ClInclude>
    <ClInclude Include="..\..\actor-framework\libcaf_core\caf\detail\parser\read_number.hpp">
      <Filter>Header Files</Filter>
    </ClInclude>
    <ClInclude Include="..\..\actor-framework\libcaf_core\caf\detail\parser\read_number_or_timespan.hpp">
      <Filter>Header Files</Filter>
    </ClInclude>
    <ClInclude Include="..\..\actor-framework\libcaf_core\caf\detail\parser\read_string.hpp">
      <Filter>Header Files</Filter>
    </ClInclude>
    <ClInclude Include="..\..\actor-framework\libcaf_core\caf\detail\parser\read_uri.hpp">
      <Filter>Header Files</Filter>
    </ClInclude>
    <ClInclude Include="..\..\actor-framework\libcaf_core\caf\detail\parser\state.hpp">
      <Filter>Header Files</Filter>
    </ClInclude>
    <ClInclude Include="..\..\actor-framework\libcaf_core\caf\detail\parser\sub_ascii.hpp">
      <Filter>Header Files</Filter>
    </ClInclude>
    <ClInclude Include="..\..\actor-framework\libcaf_core\caf\detail\path_state.hpp">
      <Filter>Header Files</Filter>
    </ClInclude>
    <ClInclude Include="..\..\actor-framework\libcaf_core\caf\detail\pp.hpp">
      <Filter>Header Files</Filter>
    </ClInclude>
    <ClInclude Include="..\..\actor-framework\libcaf_core\caf\detail\pretty_type_name.hpp">
      <Filter>Header Files</Filter>
    </ClInclude>
    <ClInclude Include="..\..\actor-framework\libcaf_core\caf\detail\private_thread.hpp">
      <Filter>Header Files</Filter>
    </ClInclude>
    <ClInclude Include="..\..\actor-framework\libcaf_core\caf\detail\pseudo_tuple.hpp">
      <Filter>Header Files</Filter>
    </ClInclude>
    <ClInclude Include="..\..\actor-framework\libcaf_core\caf\detail\raw_access.hpp">
      <Filter>Header Files</Filter>
    </ClInclude>
    <ClInclude Include="..\..\actor-framework\libcaf_core\caf\detail\ripemd_160.hpp">
      <Filter>Header Files</Filter>
    </ClInclude>
    <ClInclude Include="..\..\actor-framework\libcaf_core\caf\detail\safe_equal.hpp">
      <Filter>Header Files</Filter>
    </ClInclude>
    <ClInclude Include="..\..\actor-framework\libcaf_core\caf\detail\scope_guard.hpp">
      <Filter>Header Files</Filter>
    </ClInclude>
    <ClInclude Include="..\..\actor-framework\libcaf_core\caf\detail\select_all.hpp">
      <Filter>Header Files</Filter>
    </ClInclude>
    <ClInclude Include="..\..\actor-framework\libcaf_core\caf\detail\select_integer_type.hpp">
      <Filter>Header Files</Filter>
    </ClInclude>
    <ClInclude Include="..\..\actor-framework\libcaf_core\caf\detail\set_thread_name.hpp">
      <Filter>Header Files</Filter>
    </ClInclude>
    <ClInclude Include="..\..\actor-framework\libcaf_core\caf\detail\shared_spinlock.hpp">
      <Filter>Header Files</Filter>
    </ClInclude>
    <ClInclude Include="..\..\actor-framework\libcaf_core\caf\detail\simple_actor_clock.hpp">
      <Filter>Header Files</Filter>
    </ClInclude>
    <ClInclude Include="..\..\actor-framework\libcaf_core\caf\detail\spawn_fwd.hpp">
      <Filter>Header Files</Filter>
    </ClInclude>
    <ClInclude Include="..\..\actor-framework\libcaf_core\caf\detail\split_join.hpp">
      <Filter>Header Files</Filter>
    </ClInclude>
    <ClInclude Include="..\..\actor-framework\libcaf_core\caf\detail\squashed_int.hpp">
      <Filter>Header Files</Filter>
    </ClInclude>
    <ClInclude Include="..\..\actor-framework\libcaf_core\caf\detail\stream_distribution_tree.hpp">
      <Filter>Header Files</Filter>
    </ClInclude>
    <ClInclude Include="..\..\actor-framework\libcaf_core\caf\detail\stream_sink_driver_impl.hpp">
      <Filter>Header Files</Filter>
    </ClInclude>
    <ClInclude Include="..\..\actor-framework\libcaf_core\caf\detail\stream_sink_impl.hpp">
      <Filter>Header Files</Filter>
    </ClInclude>
    <ClInclude Include="..\..\actor-framework\libcaf_core\caf\detail\stream_source_driver_impl.hpp">
      <Filter>Header Files</Filter>
    </ClInclude>
    <ClInclude Include="..\..\actor-framework\libcaf_core\caf\detail\stream_source_impl.hpp">
      <Filter>Header Files</Filter>
    </ClInclude>
    <ClInclude Include="..\..\actor-framework\libcaf_core\caf\detail\stream_stage_driver_impl.hpp">
      <Filter>Header Files</Filter>
    </ClInclude>
    <ClInclude Include="..\..\actor-framework\libcaf_core\caf\detail\stream_stage_impl.hpp">
      <Filter>Header Files</Filter>
    </ClInclude>
    <ClInclude Include="..\..\actor-framework\libcaf_core\caf\detail\stringification_inspector.hpp">
      <Filter>Header Files</Filter>
    </ClInclude>
    <ClInclude Include="..\..\actor-framework\libcaf_core\caf\detail\sync_request_bouncer.hpp">
      <Filter>Header Files</Filter>
    </ClInclude>
    <ClInclude Include="..\..\actor-framework\libcaf_core\caf\detail\tail_argument_token.hpp">
      <Filter>Header Files</Filter>
    </ClInclude>
    <ClInclude Include="..\..\actor-framework\libcaf_core\caf\detail\tbind.hpp">
      <Filter>Header Files</Filter>
    </ClInclude>
    <ClInclude Include="..\..\actor-framework\libcaf_core\caf\detail\test_actor_clock.hpp">
      <Filter>Header Files</Filter>
    </ClInclude>
    <ClInclude Include="..\..\actor-framework\libcaf_core\caf\detail\thread_safe_actor_clock.hpp">
      <Filter>Header Files</Filter>
    </ClInclude>
    <ClInclude Include="..\..\actor-framework\libcaf_core\caf\detail\tick_emitter.hpp">
      <Filter>Header Files</Filter>
    </ClInclude>
    <ClInclude Include="..\..\actor-framework\libcaf_core\caf\detail\try_match.hpp">
      <Filter>Header Files</Filter>
    </ClInclude>
    <ClInclude Include="..\..\actor-framework\libcaf_core\caf\detail\try_serialize.hpp">
      <Filter>Header Files</Filter>
    </ClInclude>
    <ClInclude Include="..\..\actor-framework\libcaf_core\caf\detail\tuple_vals.hpp">
      <Filter>Header Files</Filter>
    </ClInclude>
    <ClInclude Include="..\..\actor-framework\libcaf_core\caf\detail\type_erased_tuple_view.hpp">
      <Filter>Header Files</Filter>
    </ClInclude>
    <ClInclude Include="..\..\actor-framework\libcaf_core\caf\detail\type_erased_value_impl.hpp">
      <Filter>Header Files</Filter>
    </ClInclude>
    <ClInclude Include="..\..\actor-framework\libcaf_core\caf\detail\type_list.hpp">
      <Filter>Header Files</Filter>
    </ClInclude>
    <ClInclude Include="..\..\actor-framework\libcaf_core\caf\detail\type_name.hpp">
      <Filter>Header Files</Filter>
    </ClInclude>
    <ClInclude Include="..\..\actor-framework\libcaf_core\caf\detail\type_pair.hpp">
      <Filter>Header Files</Filter>
    </ClInclude>
    <ClInclude Include="..\..\actor-framework\libcaf_core\caf\detail\type_traits.hpp">
      <Filter>Header Files</Filter>
    </ClInclude>
    <ClInclude Include="..\..\actor-framework\libcaf_core\caf\detail\typed_actor_util.hpp">
      <Filter>Header Files</Filter>
    </ClInclude>
    <ClInclude Include="..\..\actor-framework\libcaf_core\caf\detail\unordered_flat_map.hpp">
      <Filter>Header Files</Filter>
    </ClInclude>
    <ClInclude Include="..\..\actor-framework\libcaf_core\caf\detail\uri_impl.hpp">
      <Filter>Header Files</Filter>
    </ClInclude>
    <ClInclude Include="..\..\actor-framework\libcaf_core\caf\detail\variant_data.hpp">
      <Filter>Header Files</Filter>
    </ClInclude>
    <ClInclude Include="..\..\actor-framework\libcaf_core\caf\dictionary.hpp">
      <Filter>Header Files</Filter>
    </ClInclude>
    <ClInclude Include="..\..\actor-framework\libcaf_core\caf\downstream.hpp">
      <Filter>Header Files</Filter>
    </ClInclude>
    <ClInclude Include="..\..\actor-framework\libcaf_core\caf\downstream_manager.hpp">
      <Filter>Header Files</Filter>
    </ClInclude>
    <ClInclude Include="..\..\actor-framework\libcaf_core\caf\downstream_manager_base.hpp">
      <Filter>Header Files</Filter>
    </ClInclude>
    <ClInclude Include="..\..\actor-framework\libcaf_core\caf\downstream_msg.hpp">
      <Filter>Header Files</Filter>
    </ClInclude>
    <ClInclude Include="..\..\actor-framework\libcaf_core\caf\duration.hpp">
      <Filter>Header Files</Filter>
    </ClInclude>
    <ClInclude Include="..\..\actor-framework\libcaf_core\caf\error.hpp">
      <Filter>Header Files</Filter>
    </ClInclude>
    <ClInclude Include="..\..\actor-framework\libcaf_core\caf\event_based_actor.hpp">
      <Filter>Header Files</Filter>
    </ClInclude>
    <ClInclude Include="..\..\actor-framework\libcaf_core\caf\exec_main.hpp">
      <Filter>Header Files</Filter>
    </ClInclude>
    <ClInclude Include="..\..\actor-framework\libcaf_core\caf\execution_unit.hpp">
      <Filter>Header Files</Filter>
    </ClInclude>
    <ClInclude Include="..\..\actor-framework\libcaf_core\caf\exit_reason.hpp">
      <Filter>Header Files</Filter>
    </ClInclude>
    <ClInclude Include="..\..\actor-framework\libcaf_core\caf\expected.hpp">
      <Filter>Header Files</Filter>
    </ClInclude>
    <ClInclude Include="..\..\actor-framework\libcaf_core\caf\extend.hpp">
      <Filter>Header Files</Filter>
    </ClInclude>
    <ClInclude Include="..\..\actor-framework\libcaf_core\caf\forwarding_actor_proxy.hpp">
      <Filter>Header Files</Filter>
    </ClInclude>
    <ClInclude Include="..\..\actor-framework\libcaf_core\caf\function_view.hpp">
      <Filter>Header Files</Filter>
    </ClInclude>
    <ClInclude Include="..\..\actor-framework\libcaf_core\caf\fused_downstream_manager.hpp">
      <Filter>Header Files</Filter>
    </ClInclude>
    <ClInclude Include="..\..\actor-framework\libcaf_core\caf\fwd.hpp">
      <Filter>Header Files</Filter>
    </ClInclude>
    <ClInclude Include="..\..\actor-framework\libcaf_core\caf\group.hpp">
      <Filter>Header Files</Filter>
    </ClInclude>
    <ClInclude Include="..\..\actor-framework\libcaf_core\caf\group_manager.hpp">
      <Filter>Header Files</Filter>
    </ClInclude>
    <ClInclude Include="..\..\actor-framework\libcaf_core\caf\group_module.hpp">
      <Filter>Header Files</Filter>
    </ClInclude>
    <ClInclude Include="..\..\actor-framework\libcaf_core\caf\illegal_message_element.hpp">
      <Filter>Header Files</Filter>
    </ClInclude>
    <ClInclude Include="..\..\actor-framework\libcaf_core\caf\inbound_path.hpp">
      <Filter>Header Files</Filter>
    </ClInclude>
    <ClInclude Include="..\..\actor-framework\libcaf_core\caf\index_mapping.hpp">
      <Filter>Header Files</Filter>
    </ClInclude>
    <ClInclude Include="..\..\actor-framework\libcaf_core\caf\infer_handle.hpp">
      <Filter>Header Files</Filter>
    </ClInclude>
    <ClInclude Include="..\..\actor-framework\libcaf_core\caf\input_range.hpp">
      <Filter>Header Files</Filter>
    </ClInclude>
    <ClInclude Include="..\..\actor-framework\libcaf_core\caf\interface_mismatch.hpp">
      <Filter>Header Files</Filter>
    </ClInclude>
    <ClInclude Include="..\..\actor-framework\libcaf_core\caf\intrusive\drr_cached_queue.hpp">
      <Filter>Header Files</Filter>
    </ClInclude>
    <ClInclude Include="..\..\actor-framework\libcaf_core\caf\intrusive\drr_queue.hpp">
      <Filter>Header Files</Filter>
    </ClInclude>
    <ClInclude Include="..\..\actor-framework\libcaf_core\caf\intrusive\fifo_inbox.hpp">
      <Filter>Header Files</Filter>
    </ClInclude>
    <ClInclude Include="..\..\actor-framework\libcaf_core\caf\intrusive\forward_iterator.hpp">
      <Filter>Header Files</Filter>
    </ClInclude>
    <ClInclude Include="..\..\actor-framework\libcaf_core\caf\intrusive\inbox_result.hpp">
      <Filter>Header Files</Filter>
    </ClInclude>
    <ClInclude Include="..\..\actor-framework\libcaf_core\caf\intrusive\lifo_inbox.hpp">
      <Filter>Header Files</Filter>
    </ClInclude>
    <ClInclude Include="..\..\actor-framework\libcaf_core\caf\intrusive\new_round_result.hpp">
      <Filter>Header Files</Filter>
    </ClInclude>
    <ClInclude Include="..\..\actor-framework\libcaf_core\caf\intrusive\singly_linked.hpp">
      <Filter>Header Files</Filter>
    </ClInclude>
    <ClInclude Include="..\..\actor-framework\libcaf_core\caf\intrusive\task_queue.hpp">
      <Filter>Header Files</Filter>
    </ClInclude>
    <ClInclude Include="..\..\actor-framework\libcaf_core\caf\intrusive\task_result.hpp">
      <Filter>Header Files</Filter>
    </ClInclude>
    <ClInclude Include="..\..\actor-framework\libcaf_core\caf\intrusive\wdrr_dynamic_multiplexed_queue.hpp">
      <Filter>Header Files</Filter>
    </ClInclude>
    <ClInclude Include="..\..\actor-framework\libcaf_core\caf\intrusive\wdrr_fixed_multiplexed_queue.hpp">
      <Filter>Header Files</Filter>
    </ClInclude>
    <ClInclude Include="..\..\actor-framework\libcaf_core\caf\intrusive_ptr.hpp">
      <Filter>Header Files</Filter>
    </ClInclude>
    <ClInclude Include="..\..\actor-framework\libcaf_core\caf\invalid_stream.hpp">
      <Filter>Header Files</Filter>
    </ClInclude>
    <ClInclude Include="..\..\actor-framework\libcaf_core\caf\invoke_message_result.hpp">
      <Filter>Header Files</Filter>
    </ClInclude>
    <ClInclude Include="..\..\actor-framework\libcaf_core\caf\ip_address.hpp">
      <Filter>Header Files</Filter>
    </ClInclude>
    <ClInclude Include="..\..\actor-framework\libcaf_core\caf\ip_subnet.hpp">
      <Filter>Header Files</Filter>
    </ClInclude>
    <ClInclude Include="..\..\actor-framework\libcaf_core\caf\ipv4_address.hpp">
      <Filter>Header Files</Filter>
    </ClInclude>
    <ClInclude Include="..\..\actor-framework\libcaf_core\caf\ipv4_subnet.hpp">
      <Filter>Header Files</Filter>
    </ClInclude>
    <ClInclude Include="..\..\actor-framework\libcaf_core\caf\ipv6_address.hpp">
      <Filter>Header Files</Filter>
    </ClInclude>
    <ClInclude Include="..\..\actor-framework\libcaf_core\caf\ipv6_subnet.hpp">
      <Filter>Header Files</Filter>
    </ClInclude>
    <ClInclude Include="..\..\actor-framework\libcaf_core\caf\is_message_sink.hpp">
      <Filter>Header Files</Filter>
    </ClInclude>
    <ClInclude Include="..\..\actor-framework\libcaf_core\caf\is_timeout_or_catch_all.hpp">
      <Filter>Header Files</Filter>
    </ClInclude>
    <ClInclude Include="..\..\actor-framework\libcaf_core\caf\is_typed_actor.hpp">
      <Filter>Header Files</Filter>
    </ClInclude>
    <ClInclude Include="..\..\actor-framework\libcaf_core\caf\local_actor.hpp">
      <Filter>Header Files</Filter>
    </ClInclude>
    <ClInclude Include="..\..\actor-framework\libcaf_core\caf\locks.hpp">
      <Filter>Header Files</Filter>
    </ClInclude>
    <ClInclude Include="..\..\actor-framework\libcaf_core\caf\logger.hpp">
      <Filter>Header Files</Filter>
    </ClInclude>
    <ClInclude Include="..\..\actor-framework\libcaf_core\caf\mailbox_element.hpp">
      <Filter>Header Files</Filter>
    </ClInclude>
    <ClInclude Include="..\..\actor-framework\libcaf_core\caf\make_actor.hpp">
      <Filter>Header Files</Filter>
    </ClInclude>
    <ClInclude Include="..\..\actor-framework\libcaf_core\caf\make_config_option.hpp">
      <Filter>Header Files</Filter>
    </ClInclude>
    <ClInclude Include="..\..\actor-framework\libcaf_core\caf\make_counted.hpp">
      <Filter>Header Files</Filter>
    </ClInclude>
    <ClInclude Include="..\..\actor-framework\libcaf_core\caf\make_message.hpp">
      <Filter>Header Files</Filter>
    </ClInclude>
    <ClInclude Include="..\..\actor-framework\libcaf_core\caf\make_sink_result.hpp">
      <Filter>Header Files</Filter>
    </ClInclude>
    <ClInclude Include="..\..\actor-framework\libcaf_core\caf\make_source_result.hpp">
      <Filter>Header Files</Filter>
    </ClInclude>
    <ClInclude Include="..\..\actor-framework\libcaf_core\caf\make_stage_result.hpp">
      <Filter>Header Files</Filter>
    </ClInclude>
    <ClInclude Include="..\..\actor-framework\libcaf_core\caf\make_type_erased_tuple_view.hpp">
      <Filter>Header Files</Filter>
    </ClInclude>
    <ClInclude Include="..\..\actor-framework\libcaf_core\caf\make_type_erased_value.hpp">
      <Filter>Header Files</Filter>
    </ClInclude>
    <ClInclude Include="..\..\actor-framework\libcaf_core\caf\make_type_erased_view.hpp">
      <Filter>Header Files</Filter>
    </ClInclude>
    <ClInclude Include="..\..\actor-framework\libcaf_core\caf\match_case.hpp">
      <Filter>Header Files</Filter>
    </ClInclude>
    <ClInclude Include="..\..\actor-framework\libcaf_core\caf\may_have_timeout.hpp">
      <Filter>Header Files</Filter>
    </ClInclude>
    <ClInclude Include="..\..\actor-framework\libcaf_core\caf\memory_managed.hpp">
      <Filter>Header Files</Filter>
    </ClInclude>
    <ClInclude Include="..\..\actor-framework\libcaf_core\caf\message.hpp">
      <Filter>Header Files</Filter>
    </ClInclude>
    <ClInclude Include="..\..\actor-framework\libcaf_core\caf\message_builder.hpp">
      <Filter>Header Files</Filter>
    </ClInclude>
    <ClInclude Include="..\..\actor-framework\libcaf_core\caf\message_handler.hpp">
      <Filter>Header Files</Filter>
    </ClInclude>
    <ClInclude Include="..\..\actor-framework\libcaf_core\caf\message_id.hpp">
      <Filter>Header Files</Filter>
    </ClInclude>
    <ClInclude Include="..\..\actor-framework\libcaf_core\caf\message_priority.hpp">
      <Filter>Header Files</Filter>
    </ClInclude>
    <ClInclude Include="..\..\actor-framework\libcaf_core\caf\message_view.hpp">
      <Filter>Header Files</Filter>
    </ClInclude>
    <ClInclude Include="..\..\actor-framework\libcaf_core\caf\meta\annotation.hpp">
      <Filter>Header Files</Filter>
    </ClInclude>
    <ClInclude Include="..\..\actor-framework\libcaf_core\caf\meta\hex_formatted.hpp">
      <Filter>Header Files</Filter>
    </ClInclude>
    <ClInclude Include="..\..\actor-framework\libcaf_core\caf\meta\load_callback.hpp">
      <Filter>Header Files</Filter>
    </ClInclude>
    <ClInclude Include="..\..\actor-framework\libcaf_core\caf\meta\omittable.hpp">
      <Filter>Header Files</Filter>
    </ClInclude>
    <ClInclude Include="..\..\actor-framework\libcaf_core\caf\meta\omittable_if_empty.hpp">
      <Filter>Header Files</Filter>
    </ClInclude>
    <ClInclude Include="..\..\actor-framework\libcaf_core\caf\meta\omittable_if_none.hpp">
      <Filter>Header Files</Filter>
    </ClInclude>
    <ClInclude Include="..\..\actor-framework\libcaf_core\caf\meta\save_callback.hpp">
      <Filter>Header Files</Filter>
    </ClInclude>
    <ClInclude Include="..\..\actor-framework\libcaf_core\caf\meta\type_name.hpp">
      <Filter>Header Files</Filter>
    </ClInclude>
    <ClInclude Include="..\..\actor-framework\libcaf_core\caf\mixin\actor_widget.hpp">
      <Filter>Header Files</Filter>
    </ClInclude>
    <ClInclude Include="..\..\actor-framework\libcaf_core\caf\mixin\behavior_changer.hpp">
      <Filter>Header Files</Filter>
    </ClInclude>
    <ClInclude Include="..\..\actor-framework\libcaf_core\caf\mixin\requester.hpp">
      <Filter>Header Files</Filter>
    </ClInclude>
    <ClInclude Include="..\..\actor-framework\libcaf_core\caf\mixin\sender.hpp">
      <Filter>Header Files</Filter>
    </ClInclude>
    <ClInclude Include="..\..\actor-framework\libcaf_core\caf\mixin\subscriber.hpp">
      <Filter>Header Files</Filter>
    </ClInclude>
    <ClInclude Include="..\..\actor-framework\libcaf_core\caf\monitorable_actor.hpp">
      <Filter>Header Files</Filter>
    </ClInclude>
    <ClInclude Include="..\..\actor-framework\libcaf_core\caf\named_actor_config.hpp">
      <Filter>Header Files</Filter>
    </ClInclude>
    <ClInclude Include="..\..\actor-framework\libcaf_core\caf\no_stages.hpp">
      <Filter>Header Files</Filter>
    </ClInclude>
    <ClInclude Include="..\..\actor-framework\libcaf_core\caf\node_id.hpp">
      <Filter>Header Files</Filter>
    </ClInclude>
    <ClInclude Include="..\..\actor-framework\libcaf_core\caf\none.hpp">
      <Filter>Header Files</Filter>
    </ClInclude>
    <ClInclude Include="..\..\actor-framework\libcaf_core\caf\optional.hpp">
      <Filter>Header Files</Filter>
    </ClInclude>
    <ClInclude Include="..\..\actor-framework\libcaf_core\caf\others.hpp">
      <Filter>Header Files</Filter>
    </ClInclude>
    <ClInclude Include="..\..\actor-framework\libcaf_core\caf\outbound_path.hpp">
      <Filter>Header Files</Filter>
    </ClInclude>
    <ClInclude Include="..\..\actor-framework\libcaf_core\caf\output_stream.hpp">
      <Filter>Header Files</Filter>
    </ClInclude>
    <ClInclude Include="..\..\actor-framework\libcaf_core\caf\param.hpp">
      <Filter>Header Files</Filter>
    </ClInclude>
    <ClInclude Include="..\..\actor-framework\libcaf_core\caf\pec.hpp">
      <Filter>Header Files</Filter>
    </ClInclude>
    <ClInclude Include="..\..\actor-framework\libcaf_core\caf\policy\arg.hpp">
      <Filter>Header Files</Filter>
    </ClInclude>
    <ClInclude Include="..\..\actor-framework\libcaf_core\caf\policy\categorized.hpp">
      <Filter>Header Files</Filter>
    </ClInclude>
    <ClInclude Include="..\..\actor-framework\libcaf_core\caf\policy\downstream_messages.hpp">
      <Filter>Header Files</Filter>
    </ClInclude>
    <ClInclude Include="..\..\actor-framework\libcaf_core\caf\policy\normal_messages.hpp">
      <Filter>Header Files</Filter>
    </ClInclude>
    <ClInclude Include="..\..\actor-framework\libcaf_core\caf\policy\priority_aware.hpp">
      <Filter>Header Files</Filter>
    </ClInclude>
    <ClInclude Include="..\..\actor-framework\libcaf_core\caf\policy\profiled.hpp">
      <Filter>Header Files</Filter>
    </ClInclude>
    <ClInclude Include="..\..\actor-framework\libcaf_core\caf\policy\scheduler_policy.hpp">
      <Filter>Header Files</Filter>
    </ClInclude>
    <ClInclude Include="..\..\actor-framework\libcaf_core\caf\policy\unprofiled.hpp">
      <Filter>Header Files</Filter>
    </ClInclude>
    <ClInclude Include="..\..\actor-framework\libcaf_core\caf\policy\upstream_messages.hpp">
      <Filter>Header Files</Filter>
    </ClInclude>
    <ClInclude Include="..\..\actor-framework\libcaf_core\caf\policy\urgent_messages.hpp">
      <Filter>Header Files</Filter>
    </ClInclude>
    <ClInclude Include="..\..\actor-framework\libcaf_core\caf\policy\work_sharing.hpp">
      <Filter>Header Files</Filter>
    </ClInclude>
    <ClInclude Include="..\..\actor-framework\libcaf_core\caf\policy\work_stealing.hpp">
      <Filter>Header Files</Filter>
    </ClInclude>
    <ClInclude Include="..\..\actor-framework\libcaf_core\caf\primitive_variant.hpp">
      <Filter>Header Files</Filter>
    </ClInclude>
    <ClInclude Include="..\..\actor-framework\libcaf_core\caf\prohibit_top_level_spawn_marker.hpp">
      <Filter>Header Files</Filter>
    </ClInclude>
    <ClInclude Include="..\..\actor-framework\libcaf_core\caf\proxy_registry.hpp">
      <Filter>Header Files</Filter>
    </ClInclude>
    <ClInclude Include="..\..\actor-framework\libcaf_core\caf\raise_error.hpp">
      <Filter>Header Files</Filter>
    </ClInclude>
    <ClInclude Include="..\..\actor-framework\libcaf_core\caf\raw_event_based_actor.hpp">
      <Filter>Header Files</Filter>
    </ClInclude>
    <ClInclude Include="..\..\actor-framework\libcaf_core\caf\ref_counted.hpp">
      <Filter>Header Files</Filter>
    </ClInclude>
    <ClInclude Include="..\..\actor-framework\libcaf_core\caf\replies_to.hpp">
      <Filter>Header Files</Filter>
    </ClInclude>
    <ClInclude Include="..\..\actor-framework\libcaf_core\caf\response_handle.hpp">
      <Filter>Header Files</Filter>
    </ClInclude>
    <ClInclude Include="..\..\actor-framework\libcaf_core\caf\response_promise.hpp">
      <Filter>Header Files</Filter>
    </ClInclude>
    <ClInclude Include="..\..\actor-framework\libcaf_core\caf\response_type.hpp">
      <Filter>Header Files</Filter>
    </ClInclude>
    <ClInclude Include="..\..\actor-framework\libcaf_core\caf\result.hpp">
      <Filter>Header Files</Filter>
    </ClInclude>
    <ClInclude Include="..\..\actor-framework\libcaf_core\caf\resumable.hpp">
      <Filter>Header Files</Filter>
    </ClInclude>
    <ClInclude Include="..\..\actor-framework\libcaf_core\caf\runtime_settings_map.hpp">
      <Filter>Header Files</Filter>
    </ClInclude>
    <ClInclude Include="..\..\actor-framework\libcaf_core\caf\scheduled_actor.hpp">
      <Filter>Header Files</Filter>
    </ClInclude>
    <ClInclude Include="..\..\actor-framework\libcaf_core\caf\scheduler.hpp">
      <Filter>Header Files</Filter>
    </ClInclude>
    <ClInclude Include="..\..\actor-framework\libcaf_core\caf\scheduler\abstract_coordinator.hpp">
      <Filter>Header Files</Filter>
    </ClInclude>
    <ClInclude Include="..\..\actor-framework\libcaf_core\caf\scheduler\coordinator.hpp">
      <Filter>Header Files</Filter>
    </ClInclude>
    <ClInclude Include="..\..\actor-framework\libcaf_core\caf\scheduler\profiled_coordinator.hpp">
      <Filter>Header Files</Filter>
    </ClInclude>
    <ClInclude Include="..\..\actor-framework\libcaf_core\caf\scheduler\test_coordinator.hpp">
      <Filter>Header Files</Filter>
    </ClInclude>
    <ClInclude Include="..\..\actor-framework\libcaf_core\caf\scheduler\worker.hpp">
      <Filter>Header Files</Filter>
    </ClInclude>
    <ClInclude Include="..\..\actor-framework\libcaf_core\caf\scoped_actor.hpp">
      <Filter>Header Files</Filter>
    </ClInclude>
    <ClInclude Include="..\..\actor-framework\libcaf_core\caf\scoped_execution_unit.hpp">
      <Filter>Header Files</Filter>
    </ClInclude>
    <ClInclude Include="..\..\actor-framework\libcaf_core\caf\sec.hpp">
      <Filter>Header Files</Filter>
    </ClInclude>
    <ClInclude Include="..\..\actor-framework\libcaf_core\caf\send.hpp">
      <Filter>Header Files</Filter>
    </ClInclude>
    <ClInclude Include="..\..\actor-framework\libcaf_core\caf\serializer.hpp">
      <Filter>Header Files</Filter>
    </ClInclude>
    <ClInclude Include="..\..\actor-framework\libcaf_core\caf\skip.hpp">
      <Filter>Header Files</Filter>
    </ClInclude>
    <ClInclude Include="..\..\actor-framework\libcaf_core\caf\spawn_options.hpp">
      <Filter>Header Files</Filter>
    </ClInclude>
    <ClInclude Include="..\..\actor-framework\libcaf_core\caf\stateful_actor.hpp">
      <Filter>Header Files</Filter>
    </ClInclude>
    <ClInclude Include="..\..\actor-framework\libcaf_core\caf\static_visitor.hpp">
      <Filter>Header Files</Filter>
    </ClInclude>
    <ClInclude Include="..\..\actor-framework\libcaf_core\caf\stream.hpp">
      <Filter>Header Files</Filter>
    </ClInclude>
    <ClInclude Include="..\..\actor-framework\libcaf_core\caf\stream_aborter.hpp">
      <Filter>Header Files</Filter>
    </ClInclude>
    <ClInclude Include="..\..\actor-framework\libcaf_core\caf\stream_deserializer.hpp">
      <Filter>Header Files</Filter>
    </ClInclude>
    <ClInclude Include="..\..\actor-framework\libcaf_core\caf\stream_finalize_trait.hpp">
      <Filter>Header Files</Filter>
    </ClInclude>
    <ClInclude Include="..\..\actor-framework\libcaf_core\caf\stream_manager.hpp">
      <Filter>Header Files</Filter>
    </ClInclude>
    <ClInclude Include="..\..\actor-framework\libcaf_core\caf\stream_priority.hpp">
      <Filter>Header Files</Filter>
    </ClInclude>
    <ClInclude Include="..\..\actor-framework\libcaf_core\caf\stream_serializer.hpp">
      <Filter>Header Files</Filter>
    </ClInclude>
    <ClInclude Include="..\..\actor-framework\libcaf_core\caf\stream_sink.hpp">
      <Filter>Header Files</Filter>
    </ClInclude>
    <ClInclude Include="..\..\actor-framework\libcaf_core\caf\stream_sink_driver.hpp">
      <Filter>Header Files</Filter>
    </ClInclude>
    <ClInclude Include="..\..\actor-framework\libcaf_core\caf\stream_sink_trait.hpp">
      <Filter>Header Files</Filter>
    </ClInclude>
    <ClInclude Include="..\..\actor-framework\libcaf_core\caf\stream_slot.hpp">
      <Filter>Header Files</Filter>
    </ClInclude>
    <ClInclude Include="..\..\actor-framework\libcaf_core\caf\stream_source.hpp">
      <Filter>Header Files</Filter>
    </ClInclude>
    <ClInclude Include="..\..\actor-framework\libcaf_core\caf\stream_source_driver.hpp">
      <Filter>Header Files</Filter>
    </ClInclude>
    <ClInclude Include="..\..\actor-framework\libcaf_core\caf\stream_source_trait.hpp">
      <Filter>Header Files</Filter>
    </ClInclude>
    <ClInclude Include="..\..\actor-framework\libcaf_core\caf\stream_stage.hpp">
      <Filter>Header Files</Filter>
    </ClInclude>
    <ClInclude Include="..\..\actor-framework\libcaf_core\caf\stream_stage_driver.hpp">
      <Filter>Header Files</Filter>
    </ClInclude>
    <ClInclude Include="..\..\actor-framework\libcaf_core\caf\stream_stage_trait.hpp">
      <Filter>Header Files</Filter>
    </ClInclude>
    <ClInclude Include="..\..\actor-framework\libcaf_core\caf\streambuf.hpp">
      <Filter>Header Files</Filter>
    </ClInclude>
    <ClInclude Include="..\..\actor-framework\libcaf_core\caf\string_algorithms.hpp">
      <Filter>Header Files</Filter>
    </ClInclude>
    <ClInclude Include="..\..\actor-framework\libcaf_core\caf\string_view.hpp">
      <Filter>Header Files</Filter>
    </ClInclude>
    <ClInclude Include="..\..\actor-framework\libcaf_core\caf\sum_type.hpp">
      <Filter>Header Files</Filter>
    </ClInclude>
    <ClInclude Include="..\..\actor-framework\libcaf_core\caf\sum_type_access.hpp">
      <Filter>Header Files</Filter>
    </ClInclude>
    <ClInclude Include="..\..\actor-framework\libcaf_core\caf\sum_type_token.hpp">
      <Filter>Header Files</Filter>
    </ClInclude>
    <ClInclude Include="..\..\actor-framework\libcaf_core\caf\system_messages.hpp">
      <Filter>Header Files</Filter>
    </ClInclude>
    <ClInclude Include="..\..\actor-framework\libcaf_core\caf\tag\boxing_type.hpp">
      <Filter>Header Files</Filter>
    </ClInclude>
    <ClInclude Include="..\..\actor-framework\libcaf_core\caf\term.hpp">
      <Filter>Header Files</Filter>
    </ClInclude>
    <ClInclude Include="..\..\actor-framework\libcaf_core\caf\thread_hook.hpp">
      <Filter>Header Files</Filter>
    </ClInclude>
    <ClInclude Include="..\..\actor-framework\libcaf_core\caf\timeout_definition.hpp">
      <Filter>Header Files</Filter>
    </ClInclude>
    <ClInclude Include="..\..\actor-framework\libcaf_core\caf\timespan.hpp">
      <Filter>Header Files</Filter>
    </ClInclude>
    <ClInclude Include="..\..\actor-framework\libcaf_core\caf\timestamp.hpp">
      <Filter>Header Files</Filter>
    </ClInclude>
    <ClInclude Include="..\..\actor-framework\libcaf_core\caf\to_string.hpp">
      <Filter>Header Files</Filter>
    </ClInclude>
    <ClInclude Include="..\..\actor-framework\libcaf_core\caf\type_erased_tuple.hpp">
      <Filter>Header Files</Filter>
    </ClInclude>
    <ClInclude Include="..\..\actor-framework\libcaf_core\caf\type_erased_value.hpp">
      <Filter>Header Files</Filter>
    </ClInclude>
    <ClInclude Include="..\..\actor-framework\libcaf_core\caf\type_nr.hpp">
      <Filter>Header Files</Filter>
    </ClInclude>
    <ClInclude Include="..\..\actor-framework\libcaf_core\caf\typed_actor.hpp">
      <Filter>Header Files</Filter>
    </ClInclude>
    <ClInclude Include="..\..\actor-framework\libcaf_core\caf\typed_actor_pointer.hpp">
      <Filter>Header Files</Filter>
    </ClInclude>
    <ClInclude Include="..\..\actor-framework\libcaf_core\caf\typed_actor_view.hpp">
      <Filter>Header Files</Filter>
    </ClInclude>
    <ClInclude Include="..\..\actor-framework\libcaf_core\caf\typed_behavior.hpp">
      <Filter>Header Files</Filter>
    </ClInclude>
    <ClInclude Include="..\..\actor-framework\libcaf_core\caf\typed_event_based_actor.hpp">
      <Filter>Header Files</Filter>
    </ClInclude>
    <ClInclude Include="..\..\actor-framework\libcaf_core\caf\typed_response_promise.hpp">
      <Filter>Header Files</Filter>
    </ClInclude>
    <ClInclude Include="..\..\actor-framework\libcaf_core\caf\uniform_type_info_map.hpp">
      <Filter>Header Files</Filter>
    </ClInclude>
    <ClInclude Include="..\..\actor-framework\libcaf_core\caf\unifyn.hpp">
      <Filter>Header Files</Filter>
    </ClInclude>
    <ClInclude Include="..\..\actor-framework\libcaf_core\caf\unit.hpp">
      <Filter>Header Files</Filter>
    </ClInclude>
    <ClInclude Include="..\..\actor-framework\libcaf_core\caf\unsafe_actor_handle_init.hpp">
      <Filter>Header Files</Filter>
    </ClInclude>
    <ClInclude Include="..\..\actor-framework\libcaf_core\caf\upstream_msg.hpp">
      <Filter>Header Files</Filter>
    </ClInclude>
    <ClInclude Include="..\..\actor-framework\libcaf_core\caf\uri.hpp">
      <Filter>Header Files</Filter>
    </ClInclude>
    <ClInclude Include="..\..\actor-framework\libcaf_core\caf\uri_builder.hpp">
      <Filter>Header Files</Filter>
    </ClInclude>
    <ClInclude Include="..\..\actor-framework\libcaf_core\caf\variant.hpp">
      <Filter>Header Files</Filter>
    </ClInclude>
    <ClInclude Include="..\..\actor-framework\libcaf_core\caf\weak_intrusive_ptr.hpp">
      <Filter>Header Files</Filter>
    </ClInclude>
    <ClInclude Include="G:\Sources\actor-framework\vcprojects\libcaf_core\caf\detail\build_config.hpp">
      <Filter>Header Files</Filter>
    </ClInclude>
  </ItemGroup>
  <ItemGroup>
    <Filter Include="Header Files">
      <UniqueIdentifier>{205FB83D-5DDC-3B90-A4C5-290DFB4364C3}</UniqueIdentifier>
    </Filter>
    <Filter Include="Source Files">
      <UniqueIdentifier>{A4970476-3497-344E-92E4-4A76C03930E7}</UniqueIdentifier>
    </Filter>
  </ItemGroup>
</Project>