Microsoft Visual Studio Solution File, Format Version 12.00
# Visual Studio 14
VisualStudioVersion = 14.0.25420.1
MinimumVisualStudioVersion = 10.0.40219.1
Project("{8BC9CEB8-8B4A-11D0-8D11-00A0C91BC942}") = "aout", "examples\aout.vcxproj", "{B54A022D-6D08-311A-8D60-28F33D66937C}"
	ProjectSection(ProjectDependencies) = postProject
		{4C583A1B-B5F8-3073-AA73-AC548C214975} = {4C583A1B-B5F8-3073-AA73-AC548C214975}
		{FC76BF7F-AD3E-37EE-8ED2-2186AE2FF302} = {FC76BF7F-AD3E-37EE-8ED2-2186AE2FF302}
		{8A78026C-B48B-3364-9EE1-C68C6D0168BD} = {8A78026C-B48B-3364-9EE1-C68C6D0168BD}
	EndProjectSection
EndProject
Project("{8BC9CEB8-8B4A-11D0-8D11-00A0C91BC942}") = "caf-python", "libcaf_python\caf-python.vcxproj", "{08506E9C-E7C4-30C7-A146-664B00888A12}"
EndProject
Project("{8BC9CEB8-8B4A-11D0-8D11-00A0C91BC942}") = "caf-test", "caf-test\caf-test.vcxproj", "{2DC58CFB-3137-3BD3-85F8-C420F3A1E05B}"
	ProjectSection(ProjectDependencies) = postProject
		{4C583A1B-B5F8-3073-AA73-AC548C214975} = {4C583A1B-B5F8-3073-AA73-AC548C214975}
		{FC76BF7F-AD3E-37EE-8ED2-2186AE2FF302} = {FC76BF7F-AD3E-37EE-8ED2-2186AE2FF302}
		{8A78026C-B48B-3364-9EE1-C68C6D0168BD} = {8A78026C-B48B-3364-9EE1-C68C6D0168BD}
	EndProjectSection
EndProject
Project("{8BC9CEB8-8B4A-11D0-8D11-00A0C91BC942}") = "caf-vec", "tools\caf-vec.vcxproj", "{F6838738-3A49-3E88-9236-00C53227BCA4}"
	ProjectSection(ProjectDependencies) = postProject
		{4C583A1B-B5F8-3073-AA73-AC548C214975} = {4C583A1B-B5F8-3073-AA73-AC548C214975}
		{FC76BF7F-AD3E-37EE-8ED2-2186AE2FF302} = {FC76BF7F-AD3E-37EE-8ED2-2186AE2FF302}
		{8A78026C-B48B-3364-9EE1-C68C6D0168BD} = {8A78026C-B48B-3364-9EE1-C68C6D0168BD}
	EndProjectSection
EndProject
Project("{8BC9CEB8-8B4A-11D0-8D11-00A0C91BC942}") = "calculator", "examples\calculator.vcxproj", "{E8B277BA-3F9D-3321-B3AF-688B415C36F7}"
	ProjectSection(ProjectDependencies) = postProject
		{4C583A1B-B5F8-3073-AA73-AC548C214975} = {4C583A1B-B5F8-3073-AA73-AC548C214975}
		{FC76BF7F-AD3E-37EE-8ED2-2186AE2FF302} = {FC76BF7F-AD3E-37EE-8ED2-2186AE2FF302}
		{8A78026C-B48B-3364-9EE1-C68C6D0168BD} = {8A78026C-B48B-3364-9EE1-C68C6D0168BD}
	EndProjectSection
EndProject
Project("{8BC9CEB8-8B4A-11D0-8D11-00A0C91BC942}") = "calculator_behavior", "examples\calculator_behavior.vcxproj", "{78B91762-706B-36BE-96BD-0342F573CF10}"
	ProjectSection(ProjectDependencies) = postProject
		{4C583A1B-B5F8-3073-AA73-AC548C214975} = {4C583A1B-B5F8-3073-AA73-AC548C214975}
		{FC76BF7F-AD3E-37EE-8ED2-2186AE2FF302} = {FC76BF7F-AD3E-37EE-8ED2-2186AE2FF302}
		{8A78026C-B48B-3364-9EE1-C68C6D0168BD} = {8A78026C-B48B-3364-9EE1-C68C6D0168BD}
	EndProjectSection
EndProject
Project("{8BC9CEB8-8B4A-11D0-8D11-00A0C91BC942}") = "cell", "examples\cell.vcxproj", "{985344C4-92A4-38DA-970A-7AEDABB8FB46}"
	ProjectSection(ProjectDependencies) = postProject
		{4C583A1B-B5F8-3073-AA73-AC548C214975} = {4C583A1B-B5F8-3073-AA73-AC548C214975}
		{FC76BF7F-AD3E-37EE-8ED2-2186AE2FF302} = {FC76BF7F-AD3E-37EE-8ED2-2186AE2FF302}
		{8A78026C-B48B-3364-9EE1-C68C6D0168BD} = {8A78026C-B48B-3364-9EE1-C68C6D0168BD}
	EndProjectSection
EndProject
Project("{8BC9CEB8-8B4A-11D0-8D11-00A0C91BC942}") = "custom_types_1", "examples\custom_types_1.vcxproj", "{17C9B12E-B3F2-3A65-BD2C-11143228C071}"
	ProjectSection(ProjectDependencies) = postProject
		{4C583A1B-B5F8-3073-AA73-AC548C214975} = {4C583A1B-B5F8-3073-AA73-AC548C214975}
		{FC76BF7F-AD3E-37EE-8ED2-2186AE2FF302} = {FC76BF7F-AD3E-37EE-8ED2-2186AE2FF302}
		{8A78026C-B48B-3364-9EE1-C68C6D0168BD} = {8A78026C-B48B-3364-9EE1-C68C6D0168BD}
	EndProjectSection
EndProject
Project("{8BC9CEB8-8B4A-11D0-8D11-00A0C91BC942}") = "custom_types_2", "examples\custom_types_2.vcxproj", "{93A2F0C4-C964-32F7-B725-C19A58B853AC}"
	ProjectSection(ProjectDependencies) = postProject
		{4C583A1B-B5F8-3073-AA73-AC548C214975} = {4C583A1B-B5F8-3073-AA73-AC548C214975}
		{FC76BF7F-AD3E-37EE-8ED2-2186AE2FF302} = {FC76BF7F-AD3E-37EE-8ED2-2186AE2FF302}
		{8A78026C-B48B-3364-9EE1-C68C6D0168BD} = {8A78026C-B48B-3364-9EE1-C68C6D0168BD}
	EndProjectSection
EndProject
Project("{8BC9CEB8-8B4A-11D0-8D11-00A0C91BC942}") = "custom_types_3", "examples\custom_types_3.vcxproj", "{8078B071-0623-3B41-B8F8-2227B62AFA16}"
	ProjectSection(ProjectDependencies) = postProject
		{4C583A1B-B5F8-3073-AA73-AC548C214975} = {4C583A1B-B5F8-3073-AA73-AC548C214975}
		{FC76BF7F-AD3E-37EE-8ED2-2186AE2FF302} = {FC76BF7F-AD3E-37EE-8ED2-2186AE2FF302}
		{8A78026C-B48B-3364-9EE1-C68C6D0168BD} = {8A78026C-B48B-3364-9EE1-C68C6D0168BD}
	EndProjectSection
EndProject
Project("{8BC9CEB8-8B4A-11D0-8D11-00A0C91BC942}") = "dancing_kirby", "examples\dancing_kirby.vcxproj", "{A8D5FAB5-1DF3-3CDC-8D3B-367E3022A4B7}"
	ProjectSection(ProjectDependencies) = postProject
		{4C583A1B-B5F8-3073-AA73-AC548C214975} = {4C583A1B-B5F8-3073-AA73-AC548C214975}
		{FC76BF7F-AD3E-37EE-8ED2-2186AE2FF302} = {FC76BF7F-AD3E-37EE-8ED2-2186AE2FF302}
		{8A78026C-B48B-3364-9EE1-C68C6D0168BD} = {8A78026C-B48B-3364-9EE1-C68C6D0168BD}
	EndProjectSection
EndProject
Project("{8BC9CEB8-8B4A-11D0-8D11-00A0C91BC942}") = "delegating", "examples\delegating.vcxproj", "{E7EFA775-F013-372A-8520-D223E32DF335}"
	ProjectSection(ProjectDependencies) = postProject
		{4C583A1B-B5F8-3073-AA73-AC548C214975} = {4C583A1B-B5F8-3073-AA73-AC548C214975}
		{FC76BF7F-AD3E-37EE-8ED2-2186AE2FF302} = {FC76BF7F-AD3E-37EE-8ED2-2186AE2FF302}
		{8A78026C-B48B-3364-9EE1-C68C6D0168BD} = {8A78026C-B48B-3364-9EE1-C68C6D0168BD}
	EndProjectSection
EndProject
Project("{8BC9CEB8-8B4A-11D0-8D11-00A0C91BC942}") = "dictionary_behavior", "examples\dictionary_behavior.vcxproj", "{DCD18225-F1F7-33AF-B640-558CDC6F155F}"
	ProjectSection(ProjectDependencies) = postProject
		{4C583A1B-B5F8-3073-AA73-AC548C214975} = {4C583A1B-B5F8-3073-AA73-AC548C214975}
		{FC76BF7F-AD3E-37EE-8ED2-2186AE2FF302} = {FC76BF7F-AD3E-37EE-8ED2-2186AE2FF302}
		{8A78026C-B48B-3364-9EE1-C68C6D0168BD} = {8A78026C-B48B-3364-9EE1-C68C6D0168BD}
	EndProjectSection
EndProject
Project("{8BC9CEB8-8B4A-11D0-8D11-00A0C91BC942}") = "dining_philosophers", "examples\dining_philosophers.vcxproj", "{C22EFC01-F834-37C1-AA87-7541C3DE9C8A}"
	ProjectSection(ProjectDependencies) = postProject
		{4C583A1B-B5F8-3073-AA73-AC548C214975} = {4C583A1B-B5F8-3073-AA73-AC548C214975}
		{FC76BF7F-AD3E-37EE-8ED2-2186AE2FF302} = {FC76BF7F-AD3E-37EE-8ED2-2186AE2FF302}
		{8A78026C-B48B-3364-9EE1-C68C6D0168BD} = {8A78026C-B48B-3364-9EE1-C68C6D0168BD}
	EndProjectSection
EndProject
Project("{8BC9CEB8-8B4A-11D0-8D11-00A0C91BC942}") = "distributed_calculator", "examples\distributed_calculator.vcxproj", "{FCD400BB-184D-35BE-8B47-1BEE72E38BFE}"
	ProjectSection(ProjectDependencies) = postProject
		{4C583A1B-B5F8-3073-AA73-AC548C214975} = {4C583A1B-B5F8-3073-AA73-AC548C214975}
		{FC76BF7F-AD3E-37EE-8ED2-2186AE2FF302} = {FC76BF7F-AD3E-37EE-8ED2-2186AE2FF302}
		{8A78026C-B48B-3364-9EE1-C68C6D0168BD} = {8A78026C-B48B-3364-9EE1-C68C6D0168BD}
	EndProjectSection
EndProject
Project("{8BC9CEB8-8B4A-11D0-8D11-00A0C91BC942}") = "divider", "examples\divider.vcxproj", "{3EB8D8A1-2ED9-3655-8208-F1DDDFBDF8CA}"
	ProjectSection(ProjectDependencies) = postProject
		{4C583A1B-B5F8-3073-AA73-AC548C214975} = {4C583A1B-B5F8-3073-AA73-AC548C214975}
		{FC76BF7F-AD3E-37EE-8ED2-2186AE2FF302} = {FC76BF7F-AD3E-37EE-8ED2-2186AE2FF302}
		{8A78026C-B48B-3364-9EE1-C68C6D0168BD} = {8A78026C-B48B-3364-9EE1-C68C6D0168BD}
	EndProjectSection
EndProject
Project("{8BC9CEB8-8B4A-11D0-8D11-00A0C91BC942}") = "fixed_stack", "examples\fixed_stack.vcxproj", "{94F36B84-C576-35F2-BE7C-1D675EBC8430}"
	ProjectSection(ProjectDependencies) = postProject
		{4C583A1B-B5F8-3073-AA73-AC548C214975} = {4C583A1B-B5F8-3073-AA73-AC548C214975}
		{FC76BF7F-AD3E-37EE-8ED2-2186AE2FF302} = {FC76BF7F-AD3E-37EE-8ED2-2186AE2FF302}
		{8A78026C-B48B-3364-9EE1-C68C6D0168BD} = {8A78026C-B48B-3364-9EE1-C68C6D0168BD}
	EndProjectSection
EndProject
Project("{8BC9CEB8-8B4A-11D0-8D11-00A0C91BC942}") = "group_chat", "examples\group_chat.vcxproj", "{B7A9EF12-518E-3143-BE3B-9894E9547764}"
	ProjectSection(ProjectDependencies) = postProject
		{4C583A1B-B5F8-3073-AA73-AC548C214975} = {4C583A1B-B5F8-3073-AA73-AC548C214975}
		{FC76BF7F-AD3E-37EE-8ED2-2186AE2FF302} = {FC76BF7F-AD3E-37EE-8ED2-2186AE2FF302}
		{8A78026C-B48B-3364-9EE1-C68C6D0168BD} = {8A78026C-B48B-3364-9EE1-C68C6D0168BD}
	EndProjectSection
EndProject
Project("{8BC9CEB8-8B4A-11D0-8D11-00A0C91BC942}") = "group_server", "examples\group_server.vcxproj", "{F454D86F-B114-3695-95BC-E0269EF78238}"
	ProjectSection(ProjectDependencies) = postProject
		{4C583A1B-B5F8-3073-AA73-AC548C214975} = {4C583A1B-B5F8-3073-AA73-AC548C214975}
		{FC76BF7F-AD3E-37EE-8ED2-2186AE2FF302} = {FC76BF7F-AD3E-37EE-8ED2-2186AE2FF302}
		{8A78026C-B48B-3364-9EE1-C68C6D0168BD} = {8A78026C-B48B-3364-9EE1-C68C6D0168BD}
	EndProjectSection
EndProject
Project("{8BC9CEB8-8B4A-11D0-8D11-00A0C91BC942}") = "hello_world", "examples\hello_world.vcxproj", "{AC50E253-45B8-333A-8948-9E7B6C45E430}"
	ProjectSection(ProjectDependencies) = postProject
		{4C583A1B-B5F8-3073-AA73-AC548C214975} = {4C583A1B-B5F8-3073-AA73-AC548C214975}
		{FC76BF7F-AD3E-37EE-8ED2-2186AE2FF302} = {FC76BF7F-AD3E-37EE-8ED2-2186AE2FF302}
		{8A78026C-B48B-3364-9EE1-C68C6D0168BD} = {8A78026C-B48B-3364-9EE1-C68C6D0168BD}
	EndProjectSection
EndProject
Project("{8BC9CEB8-8B4A-11D0-8D11-00A0C91BC942}") = "integer_stream", "examples\integer_stream.vcxproj", "{BE670540-4F2D-3081-8D08-8F47C9D90A59}"
	ProjectSection(ProjectDependencies) = postProject
		{4C583A1B-B5F8-3073-AA73-AC548C214975} = {4C583A1B-B5F8-3073-AA73-AC548C214975}
		{FC76BF7F-AD3E-37EE-8ED2-2186AE2FF302} = {FC76BF7F-AD3E-37EE-8ED2-2186AE2FF302}
		{8A78026C-B48B-3364-9EE1-C68C6D0168BD} = {8A78026C-B48B-3364-9EE1-C68C6D0168BD}
	EndProjectSection
EndProject
Project("{8BC9CEB8-8B4A-11D0-8D11-00A0C91BC942}") = "libcaf_core_static", "libcaf_core\libcaf_core_static.vcxproj", "{4C583A1B-B5F8-3073-AA73-AC548C214975}"
EndProject
Project("{8BC9CEB8-8B4A-11D0-8D11-00A0C91BC942}") = "libcaf_io_static", "libcaf_io\libcaf_io_static.vcxproj", "{FC76BF7F-AD3E-37EE-8ED2-2186AE2FF302}"
	ProjectSection(ProjectDependencies) = postProject
		{4C583A1B-B5F8-3073-AA73-AC548C214975} = {4C583A1B-B5F8-3073-AA73-AC548C214975}
	EndProjectSection
EndProject
Project("{8BC9CEB8-8B4A-11D0-8D11-00A0C91BC942}") = "libcaf_openssl_static", "libcaf_openssl\libcaf_openssl_static.vcxproj", "{8A78026C-B48B-3364-9EE1-C68C6D0168BD}"
	ProjectSection(ProjectDependencies) = postProject
		{4C583A1B-B5F8-3073-AA73-AC548C214975} = {4C583A1B-B5F8-3073-AA73-AC548C214975}
		{FC76BF7F-AD3E-37EE-8ED2-2186AE2FF302} = {FC76BF7F-AD3E-37EE-8ED2-2186AE2FF302}
	EndProjectSection
EndProject
Project("{8BC9CEB8-8B4A-11D0-8D11-00A0C91BC942}") = "promises", "examples\promises.vcxproj", "{2422802D-9B94-39FB-A17A-AADB7657DC24}"
	ProjectSection(ProjectDependencies) = postProject
		{4C583A1B-B5F8-3073-AA73-AC548C214975} = {4C583A1B-B5F8-3073-AA73-AC548C214975}
		{FC76BF7F-AD3E-37EE-8ED2-2186AE2FF302} = {FC76BF7F-AD3E-37EE-8ED2-2186AE2FF302}
		{8A78026C-B48B-3364-9EE1-C68C6D0168BD} = {8A78026C-B48B-3364-9EE1-C68C6D0168BD}
	EndProjectSection
EndProject
Project("{8BC9CEB8-8B4A-11D0-8D11-00A0C91BC942}") = "remote_spawn", "examples\remote_spawn.vcxproj", "{3C7E2362-C1B2-3599-BD54-8B9ACBF6EC49}"
	ProjectSection(ProjectDependencies) = postProject
		{4C583A1B-B5F8-3073-AA73-AC548C214975} = {4C583A1B-B5F8-3073-AA73-AC548C214975}
		{FC76BF7F-AD3E-37EE-8ED2-2186AE2FF302} = {FC76BF7F-AD3E-37EE-8ED2-2186AE2FF302}
		{8A78026C-B48B-3364-9EE1-C68C6D0168BD} = {8A78026C-B48B-3364-9EE1-C68C6D0168BD}
	EndProjectSection
EndProject
Project("{8BC9CEB8-8B4A-11D0-8D11-00A0C91BC942}") = "request", "examples\request.vcxproj", "{F21F51AC-5FA9-3E43-AF31-EE0DFCF7A412}"
	ProjectSection(ProjectDependencies) = postProject
		{4C583A1B-B5F8-3073-AA73-AC548C214975} = {4C583A1B-B5F8-3073-AA73-AC548C214975}
		{FC76BF7F-AD3E-37EE-8ED2-2186AE2FF302} = {FC76BF7F-AD3E-37EE-8ED2-2186AE2FF302}
		{8A78026C-B48B-3364-9EE1-C68C6D0168BD} = {8A78026C-B48B-3364-9EE1-C68C6D0168BD}
	EndProjectSection
EndProject
Project("{8BC9CEB8-8B4A-11D0-8D11-00A0C91BC942}") = "simple_broker", "examples\simple_broker.vcxproj", "{3EF17813-82C7-3C39-A971-B1674890C720}"
	ProjectSection(ProjectDependencies) = postProject
		{4C583A1B-B5F8-3073-AA73-AC548C214975} = {4C583A1B-B5F8-3073-AA73-AC548C214975}
		{FC76BF7F-AD3E-37EE-8ED2-2186AE2FF302} = {FC76BF7F-AD3E-37EE-8ED2-2186AE2FF302}
		{8A78026C-B48B-3364-9EE1-C68C6D0168BD} = {8A78026C-B48B-3364-9EE1-C68C6D0168BD}
	EndProjectSection
EndProject
Project("{8BC9CEB8-8B4A-11D0-8D11-00A0C91BC942}") = "simple_http_broker", "examples\simple_http_broker.vcxproj", "{B9EB57D1-AD4C-3FFF-BA16-52D83C8E6960}"
	ProjectSection(ProjectDependencies) = postProject
		{4C583A1B-B5F8-3073-AA73-AC548C214975} = {4C583A1B-B5F8-3073-AA73-AC548C214975}
		{FC76BF7F-AD3E-37EE-8ED2-2186AE2FF302} = {FC76BF7F-AD3E-37EE-8ED2-2186AE2FF302}
		{8A78026C-B48B-3364-9EE1-C68C6D0168BD} = {8A78026C-B48B-3364-9EE1-C68C6D0168BD}
	EndProjectSection
EndProject
Project("{8BC9CEB8-8B4A-11D0-8D11-00A0C91BC942}") = "skip_messages", "examples\skip_messages.vcxproj", "{8671357D-2301-3920-B2F2-564AF01B6E94}"
	ProjectSection(ProjectDependencies) = postProject
		{4C583A1B-B5F8-3073-AA73-AC548C214975} = {4C583A1B-B5F8-3073-AA73-AC548C214975}
		{FC76BF7F-AD3E-37EE-8ED2-2186AE2FF302} = {FC76BF7F-AD3E-37EE-8ED2-2186AE2FF302}
		{8A78026C-B48B-3364-9EE1-C68C6D0168BD} = {8A78026C-B48B-3364-9EE1-C68C6D0168BD}
	EndProjectSection
EndProject
Project("{8BC9CEB8-8B4A-11D0-8D11-00A0C91BC942}") = "typed_calculator", "examples\typed_calculator.vcxproj", "{3EBFBC64-8957-3196-A6D6-0D0818CAE416}"
	ProjectSection(ProjectDependencies) = postProject
		{4C583A1B-B5F8-3073-AA73-AC548C214975} = {4C583A1B-B5F8-3073-AA73-AC548C214975}
		{FC76BF7F-AD3E-37EE-8ED2-2186AE2FF302} = {FC76BF7F-AD3E-37EE-8ED2-2186AE2FF302}
		{8A78026C-B48B-3364-9EE1-C68C6D0168BD} = {8A78026C-B48B-3364-9EE1-C68C6D0168BD}
	EndProjectSection
EndProject
Project("{2150E333-8FDC-42A3-9474-1A3956D46DE8}") = "caf_tools", "caf_tools", "{18687874-134F-47A2-9940-5B974AEB6059}"
EndProject
Project("{2150E333-8FDC-42A3-9474-1A3956D46DE8}") = "caf_examples", "caf_examples", "{CD9FD989-70C4-4898-BA76-CC321358FB93}"
EndProject
Project("{2150E333-8FDC-42A3-9474-1A3956D46DE8}") = "libcaf_python", "libcaf_python", "{C19B3BFE-5077-449C-95C2-55D2287D8ED3}"
EndProject
Project("{2150E333-8FDC-42A3-9474-1A3956D46DE8}") = "caf_test", "caf_test", "{7BA1AF73-F36B-477A-88A8-309CDD19CE0C}"
EndProject
Global
	GlobalSection(SolutionConfigurationPlatforms) = preSolution
		Debug|Win32 = Debug|Win32
		Debug|x64 = Debug|x64
		Release|Win32 = Release|Win32
		Release|x64 = Release|x64
	EndGlobalSection
	GlobalSection(ProjectConfigurationPlatforms) = postSolution
		{B54A022D-6D08-311A-8D60-28F33D66937C}.Debug|Win32.ActiveCfg = Debug|Win32
		{B54A022D-6D08-311A-8D60-28F33D66937C}.Debug|Win32.Build.0 = Debug|Win32
		{B54A022D-6D08-311A-8D60-28F33D66937C}.Debug|x64.ActiveCfg = Debug|x64
		{B54A022D-6D08-311A-8D60-28F33D66937C}.Debug|x64.Build.0 = Debug|x64
		{B54A022D-6D08-311A-8D60-28F33D66937C}.Release|Win32.ActiveCfg = Release|Win32
		{B54A022D-6D08-311A-8D60-28F33D66937C}.Release|Win32.Build.0 = Release|Win32
		{B54A022D-6D08-311A-8D60-28F33D66937C}.Release|x64.ActiveCfg = Release|x64
		{B54A022D-6D08-311A-8D60-28F33D66937C}.Release|x64.Build.0 = Release|x64
		{08506E9C-E7C4-30C7-A146-664B00888A12}.Debug|Win32.ActiveCfg = Debug|Win32
		{08506E9C-E7C4-30C7-A146-664B00888A12}.Debug|Win32.Build.0 = Debug|Win32
		{08506E9C-E7C4-30C7-A146-664B00888A12}.Debug|x64.ActiveCfg = Debug|x64
		{08506E9C-E7C4-30C7-A146-664B00888A12}.Debug|x64.Build.0 = Debug|x64
		{08506E9C-E7C4-30C7-A146-664B00888A12}.Release|Win32.ActiveCfg = Release|Win32
		{08506E9C-E7C4-30C7-A146-664B00888A12}.Release|Win32.Build.0 = Release|Win32
		{08506E9C-E7C4-30C7-A146-664B00888A12}.Release|x64.ActiveCfg = Release|x64
		{08506E9C-E7C4-30C7-A146-664B00888A12}.Release|x64.Build.0 = Release|x64
		{2DC58CFB-3137-3BD3-85F8-C420F3A1E05B}.Debug|Win32.ActiveCfg = Debug|Win32
		{2DC58CFB-3137-3BD3-85F8-C420F3A1E05B}.Debug|Win32.Build.0 = Debug|Win32
		{2DC58CFB-3137-3BD3-85F8-C420F3A1E05B}.Debug|x64.ActiveCfg = Debug|x64
		{2DC58CFB-3137-3BD3-85F8-C420F3A1E05B}.Debug|x64.Build.0 = Debug|x64
		{2DC58CFB-3137-3BD3-85F8-C420F3A1E05B}.Release|Win32.ActiveCfg = Release|Win32
		{2DC58CFB-3137-3BD3-85F8-C420F3A1E05B}.Release|Win32.Build.0 = Release|Win32
		{2DC58CFB-3137-3BD3-85F8-C420F3A1E05B}.Release|x64.ActiveCfg = Release|x64
		{2DC58CFB-3137-3BD3-85F8-C420F3A1E05B}.Release|x64.Build.0 = Release|x64
		{F6838738-3A49-3E88-9236-00C53227BCA4}.Debug|Win32.ActiveCfg = Debug|Win32
		{F6838738-3A49-3E88-9236-00C53227BCA4}.Debug|Win32.Build.0 = Debug|Win32
		{F6838738-3A49-3E88-9236-00C53227BCA4}.Debug|x64.ActiveCfg = Debug|x64
		{F6838738-3A49-3E88-9236-00C53227BCA4}.Debug|x64.Build.0 = Debug|x64
		{F6838738-3A49-3E88-9236-00C53227BCA4}.Release|Win32.ActiveCfg = Release|Win32
		{F6838738-3A49-3E88-9236-00C53227BCA4}.Release|Win32.Build.0 = Release|Win32
		{F6838738-3A49-3E88-9236-00C53227BCA4}.Release|x64.ActiveCfg = Release|x64
		{F6838738-3A49-3E88-9236-00C53227BCA4}.Release|x64.Build.0 = Release|x64
		{E8B277BA-3F9D-3321-B3AF-688B415C36F7}.Debug|Win32.ActiveCfg = Debug|Win32
		{E8B277BA-3F9D-3321-B3AF-688B415C36F7}.Debug|Win32.Build.0 = Debug|Win32
		{E8B277BA-3F9D-3321-B3AF-688B415C36F7}.Debug|x64.ActiveCfg = Debug|x64
		{E8B277BA-3F9D-3321-B3AF-688B415C36F7}.Debug|x64.Build.0 = Debug|x64
		{E8B277BA-3F9D-3321-B3AF-688B415C36F7}.Release|Win32.ActiveCfg = Release|Win32
		{E8B277BA-3F9D-3321-B3AF-688B415C36F7}.Release|Win32.Build.0 = Release|Win32
		{E8B277BA-3F9D-3321-B3AF-688B415C36F7}.Release|x64.ActiveCfg = Release|x64
		{E8B277BA-3F9D-3321-B3AF-688B415C36F7}.Release|x64.Build.0 = Release|x64
		{78B91762-706B-36BE-96BD-0342F573CF10}.Debug|Win32.ActiveCfg = Debug|Win32
		{78B91762-706B-36BE-96BD-0342F573CF10}.Debug|Win32.Build.0 = Debug|Win32
		{78B91762-706B-36BE-96BD-0342F573CF10}.Debug|x64.ActiveCfg = Debug|x64
		{78B91762-706B-36BE-96BD-0342F573CF10}.Debug|x64.Build.0 = Debug|x64
		{78B91762-706B-36BE-96BD-0342F573CF10}.Release|Win32.ActiveCfg = Release|Win32
		{78B91762-706B-36BE-96BD-0342F573CF10}.Release|Win32.Build.0 = Release|Win32
		{78B91762-706B-36BE-96BD-0342F573CF10}.Release|x64.ActiveCfg = Release|x64
		{78B91762-706B-36BE-96BD-0342F573CF10}.Release|x64.Build.0 = Release|x64
		{985344C4-92A4-38DA-970A-7AEDABB8FB46}.Debug|Win32.ActiveCfg = Debug|Win32
		{985344C4-92A4-38DA-970A-7AEDABB8FB46}.Debug|Win32.Build.0 = Debug|Win32
		{985344C4-92A4-38DA-970A-7AEDABB8FB46}.Debug|x64.ActiveCfg = Debug|x64
		{985344C4-92A4-38DA-970A-7AEDABB8FB46}.Debug|x64.Build.0 = Debug|x64
		{985344C4-92A4-38DA-970A-7AEDABB8FB46}.Release|Win32.ActiveCfg = Release|Win32
		{985344C4-92A4-38DA-970A-7AEDABB8FB46}.Release|Win32.Build.0 = Release|Win32
		{985344C4-92A4-38DA-970A-7AEDABB8FB46}.Release|x64.ActiveCfg = Release|x64
		{985344C4-92A4-38DA-970A-7AEDABB8FB46}.Release|x64.Build.0 = Release|x64
		{17C9B12E-B3F2-3A65-BD2C-11143228C071}.Debug|Win32.ActiveCfg = Debug|Win32
		{17C9B12E-B3F2-3A65-BD2C-11143228C071}.Debug|Win32.Build.0 = Debug|Win32
		{17C9B12E-B3F2-3A65-BD2C-11143228C071}.Debug|x64.ActiveCfg = Debug|x64
		{17C9B12E-B3F2-3A65-BD2C-11143228C071}.Debug|x64.Build.0 = Debug|x64
		{17C9B12E-B3F2-3A65-BD2C-11143228C071}.Release|Win32.ActiveCfg = Release|Win32
		{17C9B12E-B3F2-3A65-BD2C-11143228C071}.Release|Win32.Build.0 = Release|Win32
		{17C9B12E-B3F2-3A65-BD2C-11143228C071}.Release|x64.ActiveCfg = Release|x64
		{17C9B12E-B3F2-3A65-BD2C-11143228C071}.Release|x64.Build.0 = Release|x64
		{93A2F0C4-C964-32F7-B725-C19A58B853AC}.Debug|Win32.ActiveCfg = Debug|Win32
		{93A2F0C4-C964-32F7-B725-C19A58B853AC}.Debug|Win32.Build.0 = Debug|Win32
		{93A2F0C4-C964-32F7-B725-C19A58B853AC}.Debug|x64.ActiveCfg = Debug|x64
		{93A2F0C4-C964-32F7-B725-C19A58B853AC}.Debug|x64.Build.0 = Debug|x64
		{93A2F0C4-C964-32F7-B725-C19A58B853AC}.Release|Win32.ActiveCfg = Release|Win32
		{93A2F0C4-C964-32F7-B725-C19A58B853AC}.Release|Win32.Build.0 = Release|Win32
		{93A2F0C4-C964-32F7-B725-C19A58B853AC}.Release|x64.ActiveCfg = Release|x64
		{93A2F0C4-C964-32F7-B725-C19A58B853AC}.Release|x64.Build.0 = Release|x64
		{8078B071-0623-3B41-B8F8-2227B62AFA16}.Debug|Win32.ActiveCfg = Debug|Win32
		{8078B071-0623-3B41-B8F8-2227B62AFA16}.Debug|Win32.Build.0 = Debug|Win32
		{8078B071-0623-3B41-B8F8-2227B62AFA16}.Debug|x64.ActiveCfg = Debug|x64
		{8078B071-0623-3B41-B8F8-2227B62AFA16}.Debug|x64.Build.0 = Debug|x64
		{8078B071-0623-3B41-B8F8-2227B62AFA16}.Release|Win32.ActiveCfg = Release|Win32
		{8078B071-0623-3B41-B8F8-2227B62AFA16}.Release|Win32.Build.0 = Release|Win32
		{8078B071-0623-3B41-B8F8-2227B62AFA16}.Release|x64.ActiveCfg = Release|x64
		{8078B071-0623-3B41-B8F8-2227B62AFA16}.Release|x64.Build.0 = Release|x64
		{A8D5FAB5-1DF3-3CDC-8D3B-367E3022A4B7}.Debug|Win32.ActiveCfg = Debug|Win32
		{A8D5FAB5-1DF3-3CDC-8D3B-367E3022A4B7}.Debug|Win32.Build.0 = Debug|Win32
		{A8D5FAB5-1DF3-3CDC-8D3B-367E3022A4B7}.Debug|x64.ActiveCfg = Debug|x64
		{A8D5FAB5-1DF3-3CDC-8D3B-367E3022A4B7}.Debug|x64.Build.0 = Debug|x64
		{A8D5FAB5-1DF3-3CDC-8D3B-367E3022A4B7}.Release|Win32.ActiveCfg = Release|Win32
		{A8D5FAB5-1DF3-3CDC-8D3B-367E3022A4B7}.Release|Win32.Build.0 = Release|Win32
		{A8D5FAB5-1DF3-3CDC-8D3B-367E3022A4B7}.Release|x64.ActiveCfg = Release|x64
		{A8D5FAB5-1DF3-3CDC-8D3B-367E3022A4B7}.Release|x64.Build.0 = Release|x64
		{E7EFA775-F013-372A-8520-D223E32DF335}.Debug|Win32.ActiveCfg = Debug|Win32
		{E7EFA775-F013-372A-8520-D223E32DF335}.Debug|Win32.Build.0 = Debug|Win32
		{E7EFA775-F013-372A-8520-D223E32DF335}.Debug|x64.ActiveCfg = Debug|x64
		{E7EFA775-F013-372A-8520-D223E32DF335}.Debug|x64.Build.0 = Debug|x64
		{E7EFA775-F013-372A-8520-D223E32DF335}.Release|Win32.ActiveCfg = Release|Win32
		{E7EFA775-F013-372A-8520-D223E32DF335}.Release|Win32.Build.0 = Release|Win32
		{E7EFA775-F013-372A-8520-D223E32DF335}.Release|x64.ActiveCfg = Release|x64
		{E7EFA775-F013-372A-8520-D223E32DF335}.Release|x64.Build.0 = Release|x64
		{DCD18225-F1F7-33AF-B640-558CDC6F155F}.Debug|Win32.ActiveCfg = Debug|Win32
		{DCD18225-F1F7-33AF-B640-558CDC6F155F}.Debug|Win32.Build.0 = Debug|Win32
		{DCD18225-F1F7-33AF-B640-558CDC6F155F}.Debug|x64.ActiveCfg = Debug|x64
		{DCD18225-F1F7-33AF-B640-558CDC6F155F}.Debug|x64.Build.0 = Debug|x64
		{DCD18225-F1F7-33AF-B640-558CDC6F155F}.Release|Win32.ActiveCfg = Release|Win32
		{DCD18225-F1F7-33AF-B640-558CDC6F155F}.Release|Win32.Build.0 = Release|Win32
		{DCD18225-F1F7-33AF-B640-558CDC6F155F}.Release|x64.ActiveCfg = Release|x64
		{DCD18225-F1F7-33AF-B640-558CDC6F155F}.Release|x64.Build.0 = Release|x64
		{C22EFC01-F834-37C1-AA87-7541C3DE9C8A}.Debug|Win32.ActiveCfg = Debug|Win32
		{C22EFC01-F834-37C1-AA87-7541C3DE9C8A}.Debug|Win32.Build.0 = Debug|Win32
		{C22EFC01-F834-37C1-AA87-7541C3DE9C8A}.Debug|x64.ActiveCfg = Debug|x64
		{C22EFC01-F834-37C1-AA87-7541C3DE9C8A}.Debug|x64.Build.0 = Debug|x64
		{C22EFC01-F834-37C1-AA87-7541C3DE9C8A}.Release|Win32.ActiveCfg = Release|Win32
		{C22EFC01-F834-37C1-AA87-7541C3DE9C8A}.Release|Win32.Build.0 = Release|Win32
		{C22EFC01-F834-37C1-AA87-7541C3DE9C8A}.Release|x64.ActiveCfg = Release|x64
		{C22EFC01-F834-37C1-AA87-7541C3DE9C8A}.Release|x64.Build.0 = Release|x64
		{FCD400BB-184D-35BE-8B47-1BEE72E38BFE}.Debug|Win32.ActiveCfg = Debug|Win32
		{FCD400BB-184D-35BE-8B47-1BEE72E38BFE}.Debug|Win32.Build.0 = Debug|Win32
		{FCD400BB-184D-35BE-8B47-1BEE72E38BFE}.Debug|x64.ActiveCfg = Debug|x64
		{FCD400BB-184D-35BE-8B47-1BEE72E38BFE}.Debug|x64.Build.0 = Debug|x64
		{FCD400BB-184D-35BE-8B47-1BEE72E38BFE}.Release|Win32.ActiveCfg = Release|Win32
		{FCD400BB-184D-35BE-8B47-1BEE72E38BFE}.Release|Win32.Build.0 = Release|Win32
		{FCD400BB-184D-35BE-8B47-1BEE72E38BFE}.Release|x64.ActiveCfg = Release|x64
		{FCD400BB-184D-35BE-8B47-1BEE72E38BFE}.Release|x64.Build.0 = Release|x64
		{3EB8D8A1-2ED9-3655-8208-F1DDDFBDF8CA}.Debug|Win32.ActiveCfg = Debug|Win32
		{3EB8D8A1-2ED9-3655-8208-F1DDDFBDF8CA}.Debug|Win32.Build.0 = Debug|Win32
		{3EB8D8A1-2ED9-3655-8208-F1DDDFBDF8CA}.Debug|x64.ActiveCfg = Debug|x64
		{3EB8D8A1-2ED9-3655-8208-F1DDDFBDF8CA}.Debug|x64.Build.0 = Debug|x64
		{3EB8D8A1-2ED9-3655-8208-F1DDDFBDF8CA}.Release|Win32.ActiveCfg = Release|Win32
		{3EB8D8A1-2ED9-3655-8208-F1DDDFBDF8CA}.Release|Win32.Build.0 = Release|Win32
		{3EB8D8A1-2ED9-3655-8208-F1DDDFBDF8CA}.Release|x64.ActiveCfg = Release|x64
		{3EB8D8A1-2ED9-3655-8208-F1DDDFBDF8CA}.Release|x64.Build.0 = Release|x64
		{94F36B84-C576-35F2-BE7C-1D675EBC8430}.Debug|Win32.ActiveCfg = Debug|Win32
		{94F36B84-C576-35F2-BE7C-1D675EBC8430}.Debug|Win32.Build.0 = Debug|Win32
		{94F36B84-C576-35F2-BE7C-1D675EBC8430}.Debug|x64.ActiveCfg = Debug|x64
		{94F36B84-C576-35F2-BE7C-1D675EBC8430}.Debug|x64.Build.0 = Debug|x64
		{94F36B84-C576-35F2-BE7C-1D675EBC8430}.Release|Win32.ActiveCfg = Release|Win32
		{94F36B84-C576-35F2-BE7C-1D675EBC8430}.Release|Win32.Build.0 = Release|Win32
		{94F36B84-C576-35F2-BE7C-1D675EBC8430}.Release|x64.ActiveCfg = Release|x64
		{94F36B84-C576-35F2-BE7C-1D675EBC8430}.Release|x64.Build.0 = Release|x64
		{B7A9EF12-518E-3143-BE3B-9894E9547764}.Debug|Win32.ActiveCfg = Debug|Win32
		{B7A9EF12-518E-3143-BE3B-9894E9547764}.Debug|Win32.Build.0 = Debug|Win32
		{B7A9EF12-518E-3143-BE3B-9894E9547764}.Debug|x64.ActiveCfg = Debug|x64
		{B7A9EF12-518E-3143-BE3B-9894E9547764}.Debug|x64.Build.0 = Debug|x64
		{B7A9EF12-518E-3143-BE3B-9894E9547764}.Release|Win32.ActiveCfg = Release|Win32
		{B7A9EF12-518E-3143-BE3B-9894E9547764}.Release|Win32.Build.0 = Release|Win32
		{B7A9EF12-518E-3143-BE3B-9894E9547764}.Release|x64.ActiveCfg = Release|x64
		{B7A9EF12-518E-3143-BE3B-9894E9547764}.Release|x64.Build.0 = Release|x64
		{F454D86F-B114-3695-95BC-E0269EF78238}.Debug|Win32.ActiveCfg = Debug|Win32
		{F454D86F-B114-3695-95BC-E0269EF78238}.Debug|Win32.Build.0 = Debug|Win32
		{F454D86F-B114-3695-95BC-E0269EF78238}.Debug|x64.ActiveCfg = Debug|x64
		{F454D86F-B114-3695-95BC-E0269EF78238}.Debug|x64.Build.0 = Debug|x64
		{F454D86F-B114-3695-95BC-E0269EF78238}.Release|Win32.ActiveCfg = Release|Win32
		{F454D86F-B114-3695-95BC-E0269EF78238}.Release|Win32.Build.0 = Release|Win32
		{F454D86F-B114-3695-95BC-E0269EF78238}.Release|x64.ActiveCfg = Release|x64
		{F454D86F-B114-3695-95BC-E0269EF78238}.Release|x64.Build.0 = Release|x64
		{AC50E253-45B8-333A-8948-9E7B6C45E430}.Debug|Win32.ActiveCfg = Debug|Win32
		{AC50E253-45B8-333A-8948-9E7B6C45E430}.Debug|Win32.Build.0 = Debug|Win32
		{AC50E253-45B8-333A-8948-9E7B6C45E430}.Debug|x64.ActiveCfg = Debug|x64
		{AC50E253-45B8-333A-8948-9E7B6C45E430}.Debug|x64.Build.0 = Debug|x64
		{AC50E253-45B8-333A-8948-9E7B6C45E430}.Release|Win32.ActiveCfg = Release|Win32
		{AC50E253-45B8-333A-8948-9E7B6C45E430}.Release|Win32.Build.0 = Release|Win32
		{AC50E253-45B8-333A-8948-9E7B6C45E430}.Release|x64.ActiveCfg = Release|x64
		{AC50E253-45B8-333A-8948-9E7B6C45E430}.Release|x64.Build.0 = Release|x64
		{BE670540-4F2D-3081-8D08-8F47C9D90A59}.Debug|Win32.ActiveCfg = Debug|Win32
		{BE670540-4F2D-3081-8D08-8F47C9D90A59}.Debug|Win32.Build.0 = Debug|Win32
		{BE670540-4F2D-3081-8D08-8F47C9D90A59}.Debug|x64.ActiveCfg = Debug|x64
		{BE670540-4F2D-3081-8D08-8F47C9D90A59}.Debug|x64.Build.0 = Debug|x64
		{BE670540-4F2D-3081-8D08-8F47C9D90A59}.Release|Win32.ActiveCfg = Release|Win32
		{BE670540-4F2D-3081-8D08-8F47C9D90A59}.Release|Win32.Build.0 = Release|Win32
		{BE670540-4F2D-3081-8D08-8F47C9D90A59}.Release|x64.ActiveCfg = Release|x64
		{BE670540-4F2D-3081-8D08-8F47C9D90A59}.Release|x64.Build.0 = Release|x64
		{4C583A1B-B5F8-3073-AA73-AC548C214975}.Debug|Win32.ActiveCfg = Debug|Win32
		{4C583A1B-B5F8-3073-AA73-AC548C214975}.Debug|Win32.Build.0 = Debug|Win32
		{4C583A1B-B5F8-3073-AA73-AC548C214975}.Debug|x64.ActiveCfg = Debug|x64
		{4C583A1B-B5F8-3073-AA73-AC548C214975}.Debug|x64.Build.0 = Debug|x64
		{4C583A1B-B5F8-3073-AA73-AC548C214975}.Release|Win32.ActiveCfg = Release|Win32
		{4C583A1B-B5F8-3073-AA73-AC548C214975}.Release|Win32.Build.0 = Release|Win32
		{4C583A1B-B5F8-3073-AA73-AC548C214975}.Release|x64.ActiveCfg = Release|x64
		{4C583A1B-B5F8-3073-AA73-AC548C214975}.Release|x64.Build.0 = Release|x64
		{FC76BF7F-AD3E-37EE-8ED2-2186AE2FF302}.Debug|Win32.ActiveCfg = Debug|Win32
		{FC76BF7F-AD3E-37EE-8ED2-2186AE2FF302}.Debug|Win32.Build.0 = Debug|Win32
		{FC76BF7F-AD3E-37EE-8ED2-2186AE2FF302}.Debug|x64.ActiveCfg = Debug|x64
		{FC76BF7F-AD3E-37EE-8ED2-2186AE2FF302}.Debug|x64.Build.0 = Debug|x64
		{FC76BF7F-AD3E-37EE-8ED2-2186AE2FF302}.Release|Win32.ActiveCfg = Release|Win32
		{FC76BF7F-AD3E-37EE-8ED2-2186AE2FF302}.Release|Win32.Build.0 = Release|Win32
		{FC76BF7F-AD3E-37EE-8ED2-2186AE2FF302}.Release|x64.ActiveCfg = Release|x64
		{FC76BF7F-AD3E-37EE-8ED2-2186AE2FF302}.Release|x64.Build.0 = Release|x64
		{8A78026C-B48B-3364-9EE1-C68C6D0168BD}.Debug|Win32.ActiveCfg = Debug|Win32
		{8A78026C-B48B-3364-9EE1-C68C6D0168BD}.Debug|Win32.Build.0 = Debug|Win32
		{8A78026C-B48B-3364-9EE1-C68C6D0168BD}.Debug|x64.ActiveCfg = Debug|x64
		{8A78026C-B48B-3364-9EE1-C68C6D0168BD}.Debug|x64.Build.0 = Debug|x64
		{8A78026C-B48B-3364-9EE1-C68C6D0168BD}.Release|Win32.ActiveCfg = Release|Win32
		{8A78026C-B48B-3364-9EE1-C68C6D0168BD}.Release|Win32.Build.0 = Release|Win32
		{8A78026C-B48B-3364-9EE1-C68C6D0168BD}.Release|x64.ActiveCfg = Release|x64
		{8A78026C-B48B-3364-9EE1-C68C6D0168BD}.Release|x64.Build.0 = Release|x64
		{2422802D-9B94-39FB-A17A-AADB7657DC24}.Debug|Win32.ActiveCfg = Debug|Win32
		{2422802D-9B94-39FB-A17A-AADB7657DC24}.Debug|Win32.Build.0 = Debug|Win32
		{2422802D-9B94-39FB-A17A-AADB7657DC24}.Debug|x64.ActiveCfg = Debug|x64
		{2422802D-9B94-39FB-A17A-AADB7657DC24}.Debug|x64.Build.0 = Debug|x64
		{2422802D-9B94-39FB-A17A-AADB7657DC24}.Release|Win32.ActiveCfg = Release|Win32
		{2422802D-9B94-39FB-A17A-AADB7657DC24}.Release|Win32.Build.0 = Release|Win32
		{2422802D-9B94-39FB-A17A-AADB7657DC24}.Release|x64.ActiveCfg = Release|x64
		{2422802D-9B94-39FB-A17A-AADB7657DC24}.Release|x64.Build.0 = Release|x64
		{3C7E2362-C1B2-3599-BD54-8B9ACBF6EC49}.Debug|Win32.ActiveCfg = Debug|Win32
		{3C7E2362-C1B2-3599-BD54-8B9ACBF6EC49}.Debug|Win32.Build.0 = Debug|Win32
		{3C7E2362-C1B2-3599-BD54-8B9ACBF6EC49}.Debug|x64.ActiveCfg = Debug|x64
		{3C7E2362-C1B2-3599-BD54-8B9ACBF6EC49}.Debug|x64.Build.0 = Debug|x64
		{3C7E2362-C1B2-3599-BD54-8B9ACBF6EC49}.Release|Win32.ActiveCfg = Release|Win32
		{3C7E2362-C1B2-3599-BD54-8B9ACBF6EC49}.Release|Win32.Build.0 = Release|Win32
		{3C7E2362-C1B2-3599-BD54-8B9ACBF6EC49}.Release|x64.ActiveCfg = Release|x64
		{3C7E2362-C1B2-3599-BD54-8B9ACBF6EC49}.Release|x64.Build.0 = Release|x64
		{F21F51AC-5FA9-3E43-AF31-EE0DFCF7A412}.Debug|Win32.ActiveCfg = Debug|Win32
		{F21F51AC-5FA9-3E43-AF31-EE0DFCF7A412}.Debug|Win32.Build.0 = Debug|Win32
		{F21F51AC-5FA9-3E43-AF31-EE0DFCF7A412}.Debug|x64.ActiveCfg = Debug|x64
		{F21F51AC-5FA9-3E43-AF31-EE0DFCF7A412}.Debug|x64.Build.0 = Debug|x64
		{F21F51AC-5FA9-3E43-AF31-EE0DFCF7A412}.Release|Win32.ActiveCfg = Release|Win32
		{F21F51AC-5FA9-3E43-AF31-EE0DFCF7A412}.Release|Win32.Build.0 = Release|Win32
		{F21F51AC-5FA9-3E43-AF31-EE0DFCF7A412}.Release|x64.ActiveCfg = Release|x64
		{F21F51AC-5FA9-3E43-AF31-EE0DFCF7A412}.Release|x64.Build.0 = Release|x64
		{3EF17813-82C7-3C39-A971-B1674890C720}.Debug|Win32.ActiveCfg = Debug|Win32
		{3EF17813-82C7-3C39-A971-B1674890C720}.Debug|Win32.Build.0 = Debug|Win32
		{3EF17813-82C7-3C39-A971-B1674890C720}.Debug|x64.ActiveCfg = Debug|x64
		{3EF17813-82C7-3C39-A971-B1674890C720}.Debug|x64.Build.0 = Debug|x64
		{3EF17813-82C7-3C39-A971-B1674890C720}.Release|Win32.ActiveCfg = Release|Win32
		{3EF17813-82C7-3C39-A971-B1674890C720}.Release|Win32.Build.0 = Release|Win32
		{3EF17813-82C7-3C39-A971-B1674890C720}.Release|x64.ActiveCfg = Release|x64
		{3EF17813-82C7-3C39-A971-B1674890C720}.Release|x64.Build.0 = Release|x64
		{B9EB57D1-AD4C-3FFF-BA16-52D83C8E6960}.Debug|Win32.ActiveCfg = Debug|Win32
		{B9EB57D1-AD4C-3FFF-BA16-52D83C8E6960}.Debug|Win32.Build.0 = Debug|Win32
		{B9EB57D1-AD4C-3FFF-BA16-52D83C8E6960}.Debug|x64.ActiveCfg = Debug|x64
		{B9EB57D1-AD4C-3FFF-BA16-52D83C8E6960}.Debug|x64.Build.0 = Debug|x64
		{B9EB57D1-AD4C-3FFF-BA16-52D83C8E6960}.Release|Win32.ActiveCfg = Release|Win32
		{B9EB57D1-AD4C-3FFF-BA16-52D83C8E6960}.Release|Win32.Build.0 = Release|Win32
		{B9EB57D1-AD4C-3FFF-BA16-52D83C8E6960}.Release|x64.ActiveCfg = Release|x64
		{B9EB57D1-AD4C-3FFF-BA16-52D83C8E6960}.Release|x64.Build.0 = Release|x64
		{8671357D-2301-3920-B2F2-564AF01B6E94}.Debug|Win32.ActiveCfg = Debug|Win32
		{8671357D-2301-3920-B2F2-564AF01B6E94}.Debug|Win32.Build.0 = Debug|Win32
		{8671357D-2301-3920-B2F2-564AF01B6E94}.Debug|x64.ActiveCfg = Debug|x64
		{8671357D-2301-3920-B2F2-564AF01B6E94}.Debug|x64.Build.0 = Debug|x64
		{8671357D-2301-3920-B2F2-564AF01B6E94}.Release|Win32.ActiveCfg = Release|Win32
		{8671357D-2301-3920-B2F2-564AF01B6E94}.Release|Win32.Build.0 = Release|Win32
		{8671357D-2301-3920-B2F2-564AF01B6E94}.Release|x64.ActiveCfg = Release|x64
		{8671357D-2301-3920-B2F2-564AF01B6E94}.Release|x64.Build.0 = Release|x64
		{3EBFBC64-8957-3196-A6D6-0D0818CAE416}.Debug|Win32.ActiveCfg = Debug|Win32
		{3EBFBC64-8957-3196-A6D6-0D0818CAE416}.Debug|Win32.Build.0 = Debug|Win32
		{3EBFBC64-8957-3196-A6D6-0D0818CAE416}.Debug|x64.ActiveCfg = Debug|x64
		{3EBFBC64-8957-3196-A6D6-0D0818CAE416}.Debug|x64.Build.0 = Debug|x64
		{3EBFBC64-8957-3196-A6D6-0D0818CAE416}.Release|Win32.ActiveCfg = Release|Win32
		{3EBFBC64-8957-3196-A6D6-0D0818CAE416}.Release|Win32.Build.0 = Release|Win32
		{3EBFBC64-8957-3196-A6D6-0D0818CAE416}.Release|x64.ActiveCfg = Release|x64
		{3EBFBC64-8957-3196-A6D6-0D0818CAE416}.Release|x64.Build.0 = Release|x64
	EndGlobalSection
	GlobalSection(SolutionProperties) = preSolution
		HideSolutionNode = FALSE
	EndGlobalSection
	GlobalSection(NestedProjects) = preSolution
		{B54A022D-6D08-311A-8D60-28F33D66937C} = {CD9FD989-70C4-4898-BA76-CC321358FB93}
		{08506E9C-E7C4-30C7-A146-664B00888A12} = {C19B3BFE-5077-449C-95C2-55D2287D8ED3}
		{2DC58CFB-3137-3BD3-85F8-C420F3A1E05B} = {7BA1AF73-F36B-477A-88A8-309CDD19CE0C}
		{F6838738-3A49-3E88-9236-00C53227BCA4} = {18687874-134F-47A2-9940-5B974AEB6059}
		{E8B277BA-3F9D-3321-B3AF-688B415C36F7} = {CD9FD989-70C4-4898-BA76-CC321358FB93}
		{78B91762-706B-36BE-96BD-0342F573CF10} = {CD9FD989-70C4-4898-BA76-CC321358FB93}
		{985344C4-92A4-38DA-970A-7AEDABB8FB46} = {CD9FD989-70C4-4898-BA76-CC321358FB93}
		{17C9B12E-B3F2-3A65-BD2C-11143228C071} = {CD9FD989-70C4-4898-BA76-CC321358FB93}
		{93A2F0C4-C964-32F7-B725-C19A58B853AC} = {CD9FD989-70C4-4898-BA76-CC321358FB93}
		{8078B071-0623-3B41-B8F8-2227B62AFA16} = {CD9FD989-70C4-4898-BA76-CC321358FB93}
		{A8D5FAB5-1DF3-3CDC-8D3B-367E3022A4B7} = {CD9FD989-70C4-4898-BA76-CC321358FB93}
		{E7EFA775-F013-372A-8520-D223E32DF335} = {CD9FD989-70C4-4898-BA76-CC321358FB93}
		{DCD18225-F1F7-33AF-B640-558CDC6F155F} = {CD9FD989-70C4-4898-BA76-CC321358FB93}
		{C22EFC01-F834-37C1-AA87-7541C3DE9C8A} = {CD9FD989-70C4-4898-BA76-CC321358FB93}
		{FCD400BB-184D-35BE-8B47-1BEE72E38BFE} = {CD9FD989-70C4-4898-BA76-CC321358FB93}
		{3EB8D8A1-2ED9-3655-8208-F1DDDFBDF8CA} = {CD9FD989-70C4-4898-BA76-CC321358FB93}
		{94F36B84-C576-35F2-BE7C-1D675EBC8430} = {CD9FD989-70C4-4898-BA76-CC321358FB93}
		{B7A9EF12-518E-3143-BE3B-9894E9547764} = {CD9FD989-70C4-4898-BA76-CC321358FB93}
		{F454D86F-B114-3695-95BC-E0269EF78238} = {CD9FD989-70C4-4898-BA76-CC321358FB93}
		{AC50E253-45B8-333A-8948-9E7B6C45E430} = {CD9FD989-70C4-4898-BA76-CC321358FB93}
		{BE670540-4F2D-3081-8D08-8F47C9D90A59} = {CD9FD989-70C4-4898-BA76-CC321358FB93}
		{2422802D-9B94-39FB-A17A-AADB7657DC24} = {CD9FD989-70C4-4898-BA76-CC321358FB93}
		{3C7E2362-C1B2-3599-BD54-8B9ACBF6EC49} = {CD9FD989-70C4-4898-BA76-CC321358FB93}
		{F21F51AC-5FA9-3E43-AF31-EE0DFCF7A412} = {CD9FD989-70C4-4898-BA76-CC321358FB93}
		{3EF17813-82C7-3C39-A971-B1674890C720} = {CD9FD989-70C4-4898-BA76-CC321358FB93}
		{B9EB57D1-AD4C-3FFF-BA16-52D83C8E6960} = {CD9FD989-70C4-4898-BA76-CC321358FB93}
		{8671357D-2301-3920-B2F2-564AF01B6E94} = {CD9FD989-70C4-4898-BA76-CC321358FB93}
		{3EBFBC64-8957-3196-A6D6-0D0818CAE416} = {CD9FD989-70C4-4898-BA76-CC321358FB93}
	EndGlobalSection
	GlobalSection(ExtensibilityGlobals) = postSolution
		SolutionGuid = {772B5872-4074-3F7D-8BEE-55C7F0A83F6E}
	EndGlobalSection
EndGlobal
